// !$*UTF8*$!
{
	archiveVersion = 1;
	classes = {
	};
	objectVersion = 55;
	objects = {

/* Begin PBXBuildFile section */
		300FC9F42762237900A7A0EF /* NetworkClient.swift in Sources */ = {isa = PBXBuildFile; fileRef = 300FC9F32762237900A7A0EF /* NetworkClient.swift */; };
		300FC9F627622FA500A7A0EF /* HTTPRequest.swift in Sources */ = {isa = PBXBuildFile; fileRef = 300FC9F527622FA500A7A0EF /* HTTPRequest.swift */; };
		300FC9F82762304300A7A0EF /* HTTPMethod.swift in Sources */ = {isa = PBXBuildFile; fileRef = 300FC9F72762304300A7A0EF /* HTTPMethod.swift */; };
		300FC9FA2762334900A7A0EF /* HTTPError.swift in Sources */ = {isa = PBXBuildFile; fileRef = 300FC9F92762334900A7A0EF /* HTTPError.swift */; };
		300FCA0127623F0A00A7A0EF /* HTTPNetworkResponse.swift in Sources */ = {isa = PBXBuildFile; fileRef = 300FCA0027623F0A00A7A0EF /* HTTPNetworkResponse.swift */; };
		300FCA0B27625B8500A7A0EF /* DotaStatsTests.swift in Sources */ = {isa = PBXBuildFile; fileRef = 300FCA0A27625B8500A7A0EF /* DotaStatsTests.swift */; };
		300FCA132762618000A7A0EF /* NetworkClientReceivingDataTest.swift in Sources */ = {isa = PBXBuildFile; fileRef = 300FCA122762618000A7A0EF /* NetworkClientReceivingDataTest.swift */; };
		303AC4D0276370F400A8C462 /* MatchesDecodingTest.swift in Sources */ = {isa = PBXBuildFile; fileRef = 303AC4CF276370F400A8C462 /* MatchesDecodingTest.swift */; };
		303AC4D2276371A600A8C462 /* MockMatches.json in Resources */ = {isa = PBXBuildFile; fileRef = 303AC4D1276371A600A8C462 /* MockMatches.json */; };
		303AC4D82764EFBA00A8C462 /* MatchDetail.swift in Sources */ = {isa = PBXBuildFile; fileRef = EA852BF972642EE930F2680C /* MatchDetail.swift */; };
		303AC4D92764EFBC00A8C462 /* Players.swift in Sources */ = {isa = PBXBuildFile; fileRef = EA85264F7CF441C52C30E6D7 /* Players.swift */; };
		303AC4DB2767418A00A8C462 /* Match.swift in Sources */ = {isa = PBXBuildFile; fileRef = EA85276324310C6574CACFC6 /* Match.swift */; };
		303AC4DD27674C4000A8C462 /* NetworkServiceReceivingDataByPassingQueriesTest.swift in Sources */ = {isa = PBXBuildFile; fileRef = 303AC4DC27674C4000A8C462 /* NetworkServiceReceivingDataByPassingQueriesTest.swift */; };
		303AC4E22767873E00A8C462 /* PlayerSearchService.swift in Sources */ = {isa = PBXBuildFile; fileRef = 303AC4E12767873E00A8C462 /* PlayerSearchService.swift */; };
		303AC4E32767873E00A8C462 /* PlayerSearchService.swift in Sources */ = {isa = PBXBuildFile; fileRef = 303AC4E12767873E00A8C462 /* PlayerSearchService.swift */; };
		303AC4E52767888500A8C462 /* PlayerSearchServiceReceivingDataTest.swift in Sources */ = {isa = PBXBuildFile; fileRef = 303AC4E42767888500A8C462 /* PlayerSearchServiceReceivingDataTest.swift */; };
		303AC4E72767933700A8C462 /* DateFormatterExtension.swift in Sources */ = {isa = PBXBuildFile; fileRef = 303AC4E62767933700A8C462 /* DateFormatterExtension.swift */; };
		303AC4E82767933700A8C462 /* DateFormatterExtension.swift in Sources */ = {isa = PBXBuildFile; fileRef = 303AC4E62767933700A8C462 /* DateFormatterExtension.swift */; };
		30B40F1B2769E39100B22DCC /* SearchPlayerResult.swift in Sources */ = {isa = PBXBuildFile; fileRef = F01B49062768C37200103100 /* SearchPlayerResult.swift */; };
		3CF8F5212763C55900AC0DD4 /* MatchDetailDecodingTest.swift in Sources */ = {isa = PBXBuildFile; fileRef = 3CF8F5202763C55900AC0DD4 /* MatchDetailDecodingTest.swift */; };
		3CF8F5252763C75700AC0DD4 /* PlayerDecodingTest.swift in Sources */ = {isa = PBXBuildFile; fileRef = 3CF8F5242763C75700AC0DD4 /* PlayerDecodingTest.swift */; };
		3CF8F5262763C87C00AC0DD4 /* MockMatchDetail.json in Resources */ = {isa = PBXBuildFile; fileRef = 3CF8F5222763C5C000AC0DD4 /* MockMatchDetail.json */; };
		3CF8F5272763C87F00AC0DD4 /* MockPlayer.json in Resources */ = {isa = PBXBuildFile; fileRef = 3CF8F5232763C72600AC0DD4 /* MockPlayer.json */; };
		5D2518612768BE7F0005374B /* MatchesModuleBuilder.swift in Sources */ = {isa = PBXBuildFile; fileRef = 5D2518602768BE7F0005374B /* MatchesModuleBuilder.swift */; };
		5D2518652768BE8F0005374B /* MatchesModuleViewController.swift in Sources */ = {isa = PBXBuildFile; fileRef = 5D2518622768BE8F0005374B /* MatchesModuleViewController.swift */; };
		5D2518662768BE8F0005374B /* ListTournamentsCell.swift in Sources */ = {isa = PBXBuildFile; fileRef = 5D2518632768BE8F0005374B /* ListTournamentsCell.swift */; };
		5D2518672768BE8F0005374B /* ListMatchesCell.swift in Sources */ = {isa = PBXBuildFile; fileRef = 5D2518642768BE8F0005374B /* ListMatchesCell.swift */; };
		5D2518692768BE980005374B /* MatchesModulePresenter.swift in Sources */ = {isa = PBXBuildFile; fileRef = 5D2518682768BE980005374B /* MatchesModulePresenter.swift */; };
		5D25186D2768BEA70005374B /* MatchesModulePresenterState.swift in Sources */ = {isa = PBXBuildFile; fileRef = 5D25186A2768BEA70005374B /* MatchesModulePresenterState.swift */; };
		5D25186E2768BEA70005374B /* MatchCollectionPresenterData.swift in Sources */ = {isa = PBXBuildFile; fileRef = 5D25186B2768BEA70005374B /* MatchCollectionPresenterData.swift */; };
		5D25186F2768BEA70005374B /* MatchesModuleViewState.swift in Sources */ = {isa = PBXBuildFile; fileRef = 5D25186C2768BEA70005374B /* MatchesModuleViewState.swift */; };
		5D25187D2769029E0005374B /* AppCoordinator.swift in Sources */ = {isa = PBXBuildFile; fileRef = 5D25187C2769029E0005374B /* AppCoordinator.swift */; };
		5ED64A922764D57500E4CF5B /* MainTabBarController.swift in Sources */ = {isa = PBXBuildFile; fileRef = 5ED64A912764D57500E4CF5B /* MainTabBarController.swift */; };
		5EE31DC327678EE200A3667B /* TournamentViewState.swift in Sources */ = {isa = PBXBuildFile; fileRef = 5EE31DC227678EE200A3667B /* TournamentViewState.swift */; };
		6035383B2766619800CC32AD /* SearchPlayerTableViewCell.swift in Sources */ = {isa = PBXBuildFile; fileRef = 603538392766619800CC32AD /* SearchPlayerTableViewCell.swift */; };
		6035383F2767459500CC32AD /* ErrorView.swift in Sources */ = {isa = PBXBuildFile; fileRef = 6035383E2767459500CC32AD /* ErrorView.swift */; };
		837AED9D27690ADB0009589E /* SearchPlayerModuleViewState.swift in Sources */ = {isa = PBXBuildFile; fileRef = 837AED9B27690ADB0009589E /* SearchPlayerModuleViewState.swift */; };
		837AED9E27690ADB0009589E /* SearchPlayerModulePresenterState.swift in Sources */ = {isa = PBXBuildFile; fileRef = 837AED9C27690ADB0009589E /* SearchPlayerModulePresenterState.swift */; };
		837AED9F27690C530009589E /* SearchPlayerModuleBuilder.swift in Sources */ = {isa = PBXBuildFile; fileRef = F0DF329B27674C2E004670C0 /* SearchPlayerModuleBuilder.swift */; };
		B61F59492760A4FB00D08CEA /* AppDelegate.swift in Sources */ = {isa = PBXBuildFile; fileRef = B61F59482760A4FB00D08CEA /* AppDelegate.swift */; };
		B61F594D2760A4FB00D08CEA /* CostilViewController.swift in Sources */ = {isa = PBXBuildFile; fileRef = B61F594C2760A4FB00D08CEA /* CostilViewController.swift */; };
		B61F59522760A4FD00D08CEA /* Assets.xcassets in Resources */ = {isa = PBXBuildFile; fileRef = B61F59512760A4FD00D08CEA /* Assets.xcassets */; };
		B61F59552760A4FD00D08CEA /* LaunchScreen.storyboard in Resources */ = {isa = PBXBuildFile; fileRef = B61F59532760A4FD00D08CEA /* LaunchScreen.storyboard */; };
		CEFEF64A2769E83F00CAE93B /* MatchInfoConverter.swift in Sources */ = {isa = PBXBuildFile; fileRef = CEFEF6352769E83F00CAE93B /* MatchInfoConverter.swift */; };
		CEFEF64B2769E83F00CAE93B /* MatchInfoModulePresenter.swift in Sources */ = {isa = PBXBuildFile; fileRef = CEFEF6362769E83F00CAE93B /* MatchInfoModulePresenter.swift */; };
		CEFEF64C2769E83F00CAE93B /* PlayerList.swift in Sources */ = {isa = PBXBuildFile; fileRef = CEFEF6382769E83F00CAE93B /* PlayerList.swift */; };
		CEFEF64D2769E83F00CAE93B /* AdditionalMatchInfo.swift in Sources */ = {isa = PBXBuildFile; fileRef = CEFEF6392769E83F00CAE93B /* AdditionalMatchInfo.swift */; };
		CEFEF64E2769E83F00CAE93B /* MatchTableViewData.swift in Sources */ = {isa = PBXBuildFile; fileRef = CEFEF63A2769E83F00CAE93B /* MatchTableViewData.swift */; };
		CEFEF64F2769E83F00CAE93B /* MatchesInfoModuleState.swift in Sources */ = {isa = PBXBuildFile; fileRef = CEFEF63B2769E83F00CAE93B /* MatchesInfoModuleState.swift */; };
		CEFEF6502769E83F00CAE93B /* MatchTableViewCellData.swift in Sources */ = {isa = PBXBuildFile; fileRef = CEFEF63C2769E83F00CAE93B /* MatchTableViewCellData.swift */; };
		CEFEF6512769E83F00CAE93B /* MainMatchInfo.swift in Sources */ = {isa = PBXBuildFile; fileRef = CEFEF63D2769E83F00CAE93B /* MainMatchInfo.swift */; };
		CEFEF6522769E83F00CAE93B /* TeamMatchInfo.swift in Sources */ = {isa = PBXBuildFile; fileRef = CEFEF63E2769E83F00CAE93B /* TeamMatchInfo.swift */; };
		CEFEF6532769E83F00CAE93B /* MatchTableViewCellType.swift in Sources */ = {isa = PBXBuildFile; fileRef = CEFEF63F2769E83F00CAE93B /* MatchTableViewCellType.swift */; };
		CEFEF6542769E83F00CAE93B /* MatchInfoModuleBuilder.swift in Sources */ = {isa = PBXBuildFile; fileRef = CEFEF6402769E83F00CAE93B /* MatchInfoModuleBuilder.swift */; };
		CEFEF666276A0DE900CAE93B /* MatchInfoViewController.swift in Sources */ = {isa = PBXBuildFile; fileRef = CEFEF65E276A0DE900CAE93B /* MatchInfoViewController.swift */; };
		CEFEF667276A0DE900CAE93B /* DetailedMatchInfoCellConfigurable.swift in Sources */ = {isa = PBXBuildFile; fileRef = CEFEF65F276A0DE900CAE93B /* DetailedMatchInfoCellConfigurable.swift */; };
		CEFEF668276A0DE900CAE93B /* TeamMatchInfoTableViewCell.swift in Sources */ = {isa = PBXBuildFile; fileRef = CEFEF660276A0DE900CAE93B /* TeamMatchInfoTableViewCell.swift */; };
		CEFEF669276A0DE900CAE93B /* MatchPlayerCell.swift in Sources */ = {isa = PBXBuildFile; fileRef = CEFEF661276A0DE900CAE93B /* MatchPlayerCell.swift */; };
		CEFEF66A276A0DE900CAE93B /* PlayersTableHeaderCell.swift in Sources */ = {isa = PBXBuildFile; fileRef = CEFEF662276A0DE900CAE93B /* PlayersTableHeaderCell.swift */; };
		CEFEF66B276A0DE900CAE93B /* CopyIdButton.swift in Sources */ = {isa = PBXBuildFile; fileRef = CEFEF663276A0DE900CAE93B /* CopyIdButton.swift */; };
		CEFEF66C276A0DE900CAE93B /* MainMatchInfoTableViewCell.swift in Sources */ = {isa = PBXBuildFile; fileRef = CEFEF664276A0DE900CAE93B /* MainMatchInfoTableViewCell.swift */; };
		CEFEF66D276A0DE900CAE93B /* AdditionalMatchInfoTableViewCell.swift in Sources */ = {isa = PBXBuildFile; fileRef = CEFEF665276A0DE900CAE93B /* AdditionalMatchInfoTableViewCell.swift */; };
		EA852117FB5669A545C9F8B4 /* MatchDetail.swift in Sources */ = {isa = PBXBuildFile; fileRef = EA852BF972642EE930F2680C /* MatchDetail.swift */; };
		EA8522C781197B1ACBBE601B /* Players.swift in Sources */ = {isa = PBXBuildFile; fileRef = EA85264F7CF441C52C30E6D7 /* Players.swift */; };
		EA8525C10313780ABFC01843 /* Match.swift in Sources */ = {isa = PBXBuildFile; fileRef = EA85276324310C6574CACFC6 /* Match.swift */; };
		EC1415E6276728E200715D00 /* NetworkClient.swift in Sources */ = {isa = PBXBuildFile; fileRef = 300FC9F32762237900A7A0EF /* NetworkClient.swift */; };
		EC1415E7276728EA00715D00 /* HTTPRequest.swift in Sources */ = {isa = PBXBuildFile; fileRef = 300FC9F527622FA500A7A0EF /* HTTPRequest.swift */; };
		EC1415E8276728F200715D00 /* HTTPMethod.swift in Sources */ = {isa = PBXBuildFile; fileRef = 300FC9F72762304300A7A0EF /* HTTPMethod.swift */; };
		EC1415E9276728FE00715D00 /* HTTPError.swift in Sources */ = {isa = PBXBuildFile; fileRef = 300FC9F92762334900A7A0EF /* HTTPError.swift */; };
		EC1415EA2767290800715D00 /* HTTPNetworkResponse.swift in Sources */ = {isa = PBXBuildFile; fileRef = 300FCA0027623F0A00A7A0EF /* HTTPNetworkResponse.swift */; };
		EC1415EB2767290F00715D00 /* (null) in Sources */ = {isa = PBXBuildFile; };
		EC1415F4276749A200715D00 /* MatchDetailService.swift in Sources */ = {isa = PBXBuildFile; fileRef = EC1415F3276749A200715D00 /* MatchDetailService.swift */; };
		EC1415F5276749A200715D00 /* MatchDetailService.swift in Sources */ = {isa = PBXBuildFile; fileRef = EC1415F3276749A200715D00 /* MatchDetailService.swift */; };
		EC1415F827674C2000715D00 /* MatchDetailServiceReceivingDataTest.swift in Sources */ = {isa = PBXBuildFile; fileRef = EC1415F627674C2000715D00 /* MatchDetailServiceReceivingDataTest.swift */; };
		EC1415FC2767797400715D00 /* CachedImageView.swift in Sources */ = {isa = PBXBuildFile; fileRef = EC1415FB2767797400715D00 /* CachedImageView.swift */; };
		EC14160027677E3600715D00 /* ImageService.swift in Sources */ = {isa = PBXBuildFile; fileRef = EC1415FF27677E3600715D00 /* ImageService.swift */; };
		EC4E6F8D2764C8250085B61D /* ColorPalette.swift in Sources */ = {isa = PBXBuildFile; fileRef = EC4E6F8C2764C8250085B61D /* ColorPalette.swift */; };
		EC4E6FA12764C8550085B61D /* PlayersModulePresenter.swift in Sources */ = {isa = PBXBuildFile; fileRef = EC4E6F942764C8550085B61D /* PlayersModulePresenter.swift */; };
		EC4E6FA22764C8550085B61D /* PlayersModuleBuilder.swift in Sources */ = {isa = PBXBuildFile; fileRef = EC4E6F952764C8550085B61D /* PlayersModuleBuilder.swift */; };
		EC4E6FA32764C8550085B61D /* Player.swift in Sources */ = {isa = PBXBuildFile; fileRef = EC4E6F972764C8550085B61D /* Player.swift */; };
		EC4E6FA42764C8550085B61D /* PlayersModuleViewController.swift in Sources */ = {isa = PBXBuildFile; fileRef = EC4E6F992764C8550085B61D /* PlayersModuleViewController.swift */; };
		EC4E6FA52764C8550085B61D /* PlayerInfo.swift in Sources */ = {isa = PBXBuildFile; fileRef = EC4E6F9C2764C8550085B61D /* PlayerInfo.swift */; };
		EC4E6FA92764C85E0085B61D /* NetworkService.swift in Sources */ = {isa = PBXBuildFile; fileRef = EC4E6FA82764C85E0085B61D /* NetworkService.swift */; };
		EC4E6FAB2764CCE10085B61D /* NetworkClientImp.swift in Sources */ = {isa = PBXBuildFile; fileRef = EC4E6FAA2764CCE10085B61D /* NetworkClientImp.swift */; };
		EC4E6FAC2764CCE10085B61D /* NetworkClientImp.swift in Sources */ = {isa = PBXBuildFile; fileRef = EC4E6FAA2764CCE10085B61D /* NetworkClientImp.swift */; };
		ECAA0D052764ED8B00DF81ED /* MatchesService.swift in Sources */ = {isa = PBXBuildFile; fileRef = ECAA0D042764ED8B00DF81ED /* MatchesService.swift */; };
		ECAA0D062764ED8B00DF81ED /* MatchesService.swift in Sources */ = {isa = PBXBuildFile; fileRef = ECAA0D042764ED8B00DF81ED /* MatchesService.swift */; };
		ECAA0D0A2764F6BF00DF81ED /* MatchesServiceReceivingDataTest.swift in Sources */ = {isa = PBXBuildFile; fileRef = ECAA0D082764F6BF00DF81ED /* MatchesServiceReceivingDataTest.swift */; };
		F01B49072768C37200103100 /* SearchPlayerResult.swift in Sources */ = {isa = PBXBuildFile; fileRef = F01B49062768C37200103100 /* SearchPlayerResult.swift */; };
		F01B49092768C3A700103100 /* ImageNetworkService.swift in Sources */ = {isa = PBXBuildFile; fileRef = F01B49082768C3A700103100 /* ImageNetworkService.swift */; };
		F0DF32A32767850C004670C0 /* PlayerInfoFromSearch.swift in Sources */ = {isa = PBXBuildFile; fileRef = F0DF32A22767850C004670C0 /* PlayerInfoFromSearch.swift */; };
		F0F2EE4A2764D06200EAB7E5 /* SearchPlayerModulePresenter.swift in Sources */ = {isa = PBXBuildFile; fileRef = F0F2EE492764D06200EAB7E5 /* SearchPlayerModulePresenter.swift */; };
		F0F2EE4C2764D0CE00EAB7E5 /* SearchPlayerModuleViewController.swift in Sources */ = {isa = PBXBuildFile; fileRef = F0F2EE4B2764D0CE00EAB7E5 /* SearchPlayerModuleViewController.swift */; };
/* End PBXBuildFile section */

/* Begin PBXContainerItemProxy section */
		300FCA0C27625B8500A7A0EF /* PBXContainerItemProxy */ = {
			isa = PBXContainerItemProxy;
			containerPortal = B61F593D2760A4FB00D08CEA /* Project object */;
			proxyType = 1;
			remoteGlobalIDString = B61F59442760A4FB00D08CEA;
			remoteInfo = DotaStats;
		};
/* End PBXContainerItemProxy section */

/* Begin PBXFileReference section */
		300FC9F32762237900A7A0EF /* NetworkClient.swift */ = {isa = PBXFileReference; lastKnownFileType = sourcecode.swift; path = NetworkClient.swift; sourceTree = "<group>"; };
		300FC9F527622FA500A7A0EF /* HTTPRequest.swift */ = {isa = PBXFileReference; lastKnownFileType = sourcecode.swift; path = HTTPRequest.swift; sourceTree = "<group>"; };
		300FC9F72762304300A7A0EF /* HTTPMethod.swift */ = {isa = PBXFileReference; lastKnownFileType = sourcecode.swift; path = HTTPMethod.swift; sourceTree = "<group>"; };
		300FC9F92762334900A7A0EF /* HTTPError.swift */ = {isa = PBXFileReference; lastKnownFileType = sourcecode.swift; path = HTTPError.swift; sourceTree = "<group>"; };
		300FCA0027623F0A00A7A0EF /* HTTPNetworkResponse.swift */ = {isa = PBXFileReference; lastKnownFileType = sourcecode.swift; path = HTTPNetworkResponse.swift; sourceTree = "<group>"; };
		300FCA0827625B8500A7A0EF /* DotaStatsTests.xctest */ = {isa = PBXFileReference; explicitFileType = wrapper.cfbundle; includeInIndex = 0; path = DotaStatsTests.xctest; sourceTree = BUILT_PRODUCTS_DIR; };
		300FCA0A27625B8500A7A0EF /* DotaStatsTests.swift */ = {isa = PBXFileReference; lastKnownFileType = sourcecode.swift; path = DotaStatsTests.swift; sourceTree = "<group>"; };
		300FCA122762618000A7A0EF /* NetworkClientReceivingDataTest.swift */ = {isa = PBXFileReference; lastKnownFileType = sourcecode.swift; path = NetworkClientReceivingDataTest.swift; sourceTree = "<group>"; };
		303AC4CF276370F400A8C462 /* MatchesDecodingTest.swift */ = {isa = PBXFileReference; lastKnownFileType = sourcecode.swift; path = MatchesDecodingTest.swift; sourceTree = "<group>"; };
		303AC4D1276371A600A8C462 /* MockMatches.json */ = {isa = PBXFileReference; lastKnownFileType = text.json; path = MockMatches.json; sourceTree = "<group>"; };
		303AC4DC27674C4000A8C462 /* NetworkServiceReceivingDataByPassingQueriesTest.swift */ = {isa = PBXFileReference; lastKnownFileType = sourcecode.swift; path = NetworkServiceReceivingDataByPassingQueriesTest.swift; sourceTree = "<group>"; };
		303AC4E12767873E00A8C462 /* PlayerSearchService.swift */ = {isa = PBXFileReference; lastKnownFileType = sourcecode.swift; path = PlayerSearchService.swift; sourceTree = "<group>"; };
		303AC4E42767888500A8C462 /* PlayerSearchServiceReceivingDataTest.swift */ = {isa = PBXFileReference; lastKnownFileType = sourcecode.swift; path = PlayerSearchServiceReceivingDataTest.swift; sourceTree = "<group>"; };
		303AC4E62767933700A8C462 /* DateFormatterExtension.swift */ = {isa = PBXFileReference; lastKnownFileType = sourcecode.swift; path = DateFormatterExtension.swift; sourceTree = "<group>"; };
		3CF8F5202763C55900AC0DD4 /* MatchDetailDecodingTest.swift */ = {isa = PBXFileReference; lastKnownFileType = sourcecode.swift; path = MatchDetailDecodingTest.swift; sourceTree = "<group>"; };
		3CF8F5222763C5C000AC0DD4 /* MockMatchDetail.json */ = {isa = PBXFileReference; lastKnownFileType = text.json; path = MockMatchDetail.json; sourceTree = "<group>"; };
		3CF8F5232763C72600AC0DD4 /* MockPlayer.json */ = {isa = PBXFileReference; lastKnownFileType = text.json; path = MockPlayer.json; sourceTree = "<group>"; };
		3CF8F5242763C75700AC0DD4 /* PlayerDecodingTest.swift */ = {isa = PBXFileReference; lastKnownFileType = sourcecode.swift; path = PlayerDecodingTest.swift; sourceTree = "<group>"; };
		5D2518602768BE7F0005374B /* MatchesModuleBuilder.swift */ = {isa = PBXFileReference; fileEncoding = 4; lastKnownFileType = sourcecode.swift; path = MatchesModuleBuilder.swift; sourceTree = "<group>"; };
		5D2518622768BE8F0005374B /* MatchesModuleViewController.swift */ = {isa = PBXFileReference; fileEncoding = 4; lastKnownFileType = sourcecode.swift; path = MatchesModuleViewController.swift; sourceTree = "<group>"; };
		5D2518632768BE8F0005374B /* ListTournamentsCell.swift */ = {isa = PBXFileReference; fileEncoding = 4; lastKnownFileType = sourcecode.swift; path = ListTournamentsCell.swift; sourceTree = "<group>"; };
		5D2518642768BE8F0005374B /* ListMatchesCell.swift */ = {isa = PBXFileReference; fileEncoding = 4; lastKnownFileType = sourcecode.swift; path = ListMatchesCell.swift; sourceTree = "<group>"; };
		5D2518682768BE980005374B /* MatchesModulePresenter.swift */ = {isa = PBXFileReference; fileEncoding = 4; lastKnownFileType = sourcecode.swift; path = MatchesModulePresenter.swift; sourceTree = "<group>"; };
		5D25186A2768BEA70005374B /* MatchesModulePresenterState.swift */ = {isa = PBXFileReference; fileEncoding = 4; lastKnownFileType = sourcecode.swift; path = MatchesModulePresenterState.swift; sourceTree = "<group>"; };
		5D25186B2768BEA70005374B /* MatchCollectionPresenterData.swift */ = {isa = PBXFileReference; fileEncoding = 4; lastKnownFileType = sourcecode.swift; path = MatchCollectionPresenterData.swift; sourceTree = "<group>"; };
		5D25186C2768BEA70005374B /* MatchesModuleViewState.swift */ = {isa = PBXFileReference; fileEncoding = 4; lastKnownFileType = sourcecode.swift; path = MatchesModuleViewState.swift; sourceTree = "<group>"; };
		5D25187C2769029E0005374B /* AppCoordinator.swift */ = {isa = PBXFileReference; fileEncoding = 4; lastKnownFileType = sourcecode.swift; path = AppCoordinator.swift; sourceTree = "<group>"; };
		5ED64A912764D57500E4CF5B /* MainTabBarController.swift */ = {isa = PBXFileReference; fileEncoding = 4; lastKnownFileType = sourcecode.swift; path = MainTabBarController.swift; sourceTree = "<group>"; };
		5EE31DC227678EE200A3667B /* TournamentViewState.swift */ = {isa = PBXFileReference; lastKnownFileType = sourcecode.swift; path = TournamentViewState.swift; sourceTree = "<group>"; };
		603538392766619800CC32AD /* SearchPlayerTableViewCell.swift */ = {isa = PBXFileReference; fileEncoding = 4; lastKnownFileType = sourcecode.swift; path = SearchPlayerTableViewCell.swift; sourceTree = "<group>"; };
		6035383E2767459500CC32AD /* ErrorView.swift */ = {isa = PBXFileReference; lastKnownFileType = sourcecode.swift; path = ErrorView.swift; sourceTree = "<group>"; };
		837AED9B27690ADB0009589E /* SearchPlayerModuleViewState.swift */ = {isa = PBXFileReference; fileEncoding = 4; lastKnownFileType = sourcecode.swift; path = SearchPlayerModuleViewState.swift; sourceTree = "<group>"; };
		837AED9C27690ADB0009589E /* SearchPlayerModulePresenterState.swift */ = {isa = PBXFileReference; fileEncoding = 4; lastKnownFileType = sourcecode.swift; path = SearchPlayerModulePresenterState.swift; sourceTree = "<group>"; };
		B61F59452760A4FB00D08CEA /* DotaStats.app */ = {isa = PBXFileReference; explicitFileType = wrapper.application; includeInIndex = 0; path = DotaStats.app; sourceTree = BUILT_PRODUCTS_DIR; };
		B61F59482760A4FB00D08CEA /* AppDelegate.swift */ = {isa = PBXFileReference; lastKnownFileType = sourcecode.swift; path = AppDelegate.swift; sourceTree = "<group>"; };
		B61F594C2760A4FB00D08CEA /* CostilViewController.swift */ = {isa = PBXFileReference; lastKnownFileType = sourcecode.swift; path = CostilViewController.swift; sourceTree = "<group>"; };
		B61F59512760A4FD00D08CEA /* Assets.xcassets */ = {isa = PBXFileReference; lastKnownFileType = folder.assetcatalog; path = Assets.xcassets; sourceTree = "<group>"; };
		B61F59542760A4FD00D08CEA /* Base */ = {isa = PBXFileReference; lastKnownFileType = file.storyboard; name = Base; path = Base.lproj/LaunchScreen.storyboard; sourceTree = "<group>"; };
		CEFEF6352769E83F00CAE93B /* MatchInfoConverter.swift */ = {isa = PBXFileReference; fileEncoding = 4; lastKnownFileType = sourcecode.swift; path = MatchInfoConverter.swift; sourceTree = "<group>"; };
		CEFEF6362769E83F00CAE93B /* MatchInfoModulePresenter.swift */ = {isa = PBXFileReference; fileEncoding = 4; lastKnownFileType = sourcecode.swift; path = MatchInfoModulePresenter.swift; sourceTree = "<group>"; };
		CEFEF6382769E83F00CAE93B /* PlayerList.swift */ = {isa = PBXFileReference; fileEncoding = 4; lastKnownFileType = sourcecode.swift; path = PlayerList.swift; sourceTree = "<group>"; };
		CEFEF6392769E83F00CAE93B /* AdditionalMatchInfo.swift */ = {isa = PBXFileReference; fileEncoding = 4; lastKnownFileType = sourcecode.swift; path = AdditionalMatchInfo.swift; sourceTree = "<group>"; };
		CEFEF63A2769E83F00CAE93B /* MatchTableViewData.swift */ = {isa = PBXFileReference; fileEncoding = 4; lastKnownFileType = sourcecode.swift; path = MatchTableViewData.swift; sourceTree = "<group>"; };
		CEFEF63B2769E83F00CAE93B /* MatchesInfoModuleState.swift */ = {isa = PBXFileReference; fileEncoding = 4; lastKnownFileType = sourcecode.swift; path = MatchesInfoModuleState.swift; sourceTree = "<group>"; };
		CEFEF63C2769E83F00CAE93B /* MatchTableViewCellData.swift */ = {isa = PBXFileReference; fileEncoding = 4; lastKnownFileType = sourcecode.swift; path = MatchTableViewCellData.swift; sourceTree = "<group>"; };
		CEFEF63D2769E83F00CAE93B /* MainMatchInfo.swift */ = {isa = PBXFileReference; fileEncoding = 4; lastKnownFileType = sourcecode.swift; path = MainMatchInfo.swift; sourceTree = "<group>"; };
		CEFEF63E2769E83F00CAE93B /* TeamMatchInfo.swift */ = {isa = PBXFileReference; fileEncoding = 4; lastKnownFileType = sourcecode.swift; path = TeamMatchInfo.swift; sourceTree = "<group>"; };
		CEFEF63F2769E83F00CAE93B /* MatchTableViewCellType.swift */ = {isa = PBXFileReference; fileEncoding = 4; lastKnownFileType = sourcecode.swift; path = MatchTableViewCellType.swift; sourceTree = "<group>"; };
		CEFEF6402769E83F00CAE93B /* MatchInfoModuleBuilder.swift */ = {isa = PBXFileReference; fileEncoding = 4; lastKnownFileType = sourcecode.swift; path = MatchInfoModuleBuilder.swift; sourceTree = "<group>"; };
		CEFEF65E276A0DE900CAE93B /* MatchInfoViewController.swift */ = {isa = PBXFileReference; fileEncoding = 4; lastKnownFileType = sourcecode.swift; path = MatchInfoViewController.swift; sourceTree = "<group>"; };
		CEFEF65F276A0DE900CAE93B /* DetailedMatchInfoCellConfigurable.swift */ = {isa = PBXFileReference; fileEncoding = 4; lastKnownFileType = sourcecode.swift; path = DetailedMatchInfoCellConfigurable.swift; sourceTree = "<group>"; };
		CEFEF660276A0DE900CAE93B /* TeamMatchInfoTableViewCell.swift */ = {isa = PBXFileReference; fileEncoding = 4; lastKnownFileType = sourcecode.swift; path = TeamMatchInfoTableViewCell.swift; sourceTree = "<group>"; };
		CEFEF661276A0DE900CAE93B /* MatchPlayerCell.swift */ = {isa = PBXFileReference; fileEncoding = 4; lastKnownFileType = sourcecode.swift; path = MatchPlayerCell.swift; sourceTree = "<group>"; };
		CEFEF662276A0DE900CAE93B /* PlayersTableHeaderCell.swift */ = {isa = PBXFileReference; fileEncoding = 4; lastKnownFileType = sourcecode.swift; path = PlayersTableHeaderCell.swift; sourceTree = "<group>"; };
		CEFEF663276A0DE900CAE93B /* CopyIdButton.swift */ = {isa = PBXFileReference; fileEncoding = 4; lastKnownFileType = sourcecode.swift; path = CopyIdButton.swift; sourceTree = "<group>"; };
		CEFEF664276A0DE900CAE93B /* MainMatchInfoTableViewCell.swift */ = {isa = PBXFileReference; fileEncoding = 4; lastKnownFileType = sourcecode.swift; path = MainMatchInfoTableViewCell.swift; sourceTree = "<group>"; };
		CEFEF665276A0DE900CAE93B /* AdditionalMatchInfoTableViewCell.swift */ = {isa = PBXFileReference; fileEncoding = 4; lastKnownFileType = sourcecode.swift; path = AdditionalMatchInfoTableViewCell.swift; sourceTree = "<group>"; };
		EA85264F7CF441C52C30E6D7 /* Players.swift */ = {isa = PBXFileReference; fileEncoding = 4; lastKnownFileType = sourcecode.swift; path = Players.swift; sourceTree = "<group>"; };
		EA85276324310C6574CACFC6 /* Match.swift */ = {isa = PBXFileReference; fileEncoding = 4; lastKnownFileType = sourcecode.swift; path = Match.swift; sourceTree = "<group>"; };
		EA852BF972642EE930F2680C /* MatchDetail.swift */ = {isa = PBXFileReference; fileEncoding = 4; lastKnownFileType = sourcecode.swift; path = MatchDetail.swift; sourceTree = "<group>"; };
		EC1415F3276749A200715D00 /* MatchDetailService.swift */ = {isa = PBXFileReference; lastKnownFileType = sourcecode.swift; path = MatchDetailService.swift; sourceTree = "<group>"; };
		EC1415F627674C2000715D00 /* MatchDetailServiceReceivingDataTest.swift */ = {isa = PBXFileReference; lastKnownFileType = sourcecode.swift; path = MatchDetailServiceReceivingDataTest.swift; sourceTree = "<group>"; };
		EC1415FB2767797400715D00 /* CachedImageView.swift */ = {isa = PBXFileReference; lastKnownFileType = sourcecode.swift; path = CachedImageView.swift; sourceTree = "<group>"; };
		EC1415FF27677E3600715D00 /* ImageService.swift */ = {isa = PBXFileReference; lastKnownFileType = sourcecode.swift; path = ImageService.swift; sourceTree = "<group>"; };
		EC4E6F8C2764C8250085B61D /* ColorPalette.swift */ = {isa = PBXFileReference; fileEncoding = 4; lastKnownFileType = sourcecode.swift; path = ColorPalette.swift; sourceTree = "<group>"; };
		EC4E6F942764C8550085B61D /* PlayersModulePresenter.swift */ = {isa = PBXFileReference; fileEncoding = 4; lastKnownFileType = sourcecode.swift; path = PlayersModulePresenter.swift; sourceTree = "<group>"; };
		EC4E6F952764C8550085B61D /* PlayersModuleBuilder.swift */ = {isa = PBXFileReference; fileEncoding = 4; lastKnownFileType = sourcecode.swift; path = PlayersModuleBuilder.swift; sourceTree = "<group>"; };
		EC4E6F972764C8550085B61D /* Player.swift */ = {isa = PBXFileReference; fileEncoding = 4; lastKnownFileType = sourcecode.swift; path = Player.swift; sourceTree = "<group>"; };
		EC4E6F992764C8550085B61D /* PlayersModuleViewController.swift */ = {isa = PBXFileReference; fileEncoding = 4; lastKnownFileType = sourcecode.swift; path = PlayersModuleViewController.swift; sourceTree = "<group>"; };
		EC4E6F9C2764C8550085B61D /* PlayerInfo.swift */ = {isa = PBXFileReference; fileEncoding = 4; lastKnownFileType = sourcecode.swift; path = PlayerInfo.swift; sourceTree = "<group>"; };
		EC4E6FA82764C85E0085B61D /* NetworkService.swift */ = {isa = PBXFileReference; fileEncoding = 4; lastKnownFileType = sourcecode.swift; path = NetworkService.swift; sourceTree = "<group>"; };
		EC4E6FAA2764CCE10085B61D /* NetworkClientImp.swift */ = {isa = PBXFileReference; lastKnownFileType = sourcecode.swift; path = NetworkClientImp.swift; sourceTree = "<group>"; };
		ECAA0D042764ED8B00DF81ED /* MatchesService.swift */ = {isa = PBXFileReference; lastKnownFileType = sourcecode.swift; path = MatchesService.swift; sourceTree = "<group>"; };
		ECAA0D082764F6BF00DF81ED /* MatchesServiceReceivingDataTest.swift */ = {isa = PBXFileReference; lastKnownFileType = sourcecode.swift; path = MatchesServiceReceivingDataTest.swift; sourceTree = "<group>"; };
		F01B49062768C37200103100 /* SearchPlayerResult.swift */ = {isa = PBXFileReference; fileEncoding = 4; lastKnownFileType = sourcecode.swift; path = SearchPlayerResult.swift; sourceTree = "<group>"; };
		F01B49082768C3A700103100 /* ImageNetworkService.swift */ = {isa = PBXFileReference; fileEncoding = 4; lastKnownFileType = sourcecode.swift; path = ImageNetworkService.swift; sourceTree = "<group>"; };
		F0DF329B27674C2E004670C0 /* SearchPlayerModuleBuilder.swift */ = {isa = PBXFileReference; lastKnownFileType = sourcecode.swift; path = SearchPlayerModuleBuilder.swift; sourceTree = "<group>"; };
		F0DF32A22767850C004670C0 /* PlayerInfoFromSearch.swift */ = {isa = PBXFileReference; lastKnownFileType = sourcecode.swift; path = PlayerInfoFromSearch.swift; sourceTree = "<group>"; };
		F0F2EE492764D06200EAB7E5 /* SearchPlayerModulePresenter.swift */ = {isa = PBXFileReference; lastKnownFileType = sourcecode.swift; path = SearchPlayerModulePresenter.swift; sourceTree = "<group>"; };
		F0F2EE4B2764D0CE00EAB7E5 /* SearchPlayerModuleViewController.swift */ = {isa = PBXFileReference; lastKnownFileType = sourcecode.swift; path = SearchPlayerModuleViewController.swift; sourceTree = "<group>"; };
/* End PBXFileReference section */

/* Begin PBXFrameworksBuildPhase section */
		300FCA0527625B8500A7A0EF /* Frameworks */ = {
			isa = PBXFrameworksBuildPhase;
			buildActionMask = 2147483647;
			files = (
			);
			runOnlyForDeploymentPostprocessing = 0;
		};
		B61F59422760A4FB00D08CEA /* Frameworks */ = {
			isa = PBXFrameworksBuildPhase;
			buildActionMask = 2147483647;
			files = (
			);
			runOnlyForDeploymentPostprocessing = 0;
		};
/* End PBXFrameworksBuildPhase section */

/* Begin PBXGroup section */
		300FC9EC27621E4200A7A0EF /* Data */ = {
			isa = PBXGroup;
			children = (
				300FC9EE27621E8800A7A0EF /* Networking */,
			);
			path = Data;
			sourceTree = "<group>";
		};
		300FC9EE27621E8800A7A0EF /* Networking */ = {
			isa = PBXGroup;
			children = (
				EC4E6FAD2764CEA80085B61D /* Implementations */,
				300FC9F22762236A00A7A0EF /* Interfaces */,
				300FC9EF2762225600A7A0EF /* Service */,
				EA852AD8CE2823342620362B /* NetworkingModels */,
				303AC4E62767933700A8C462 /* DateFormatterExtension.swift */,
			);
			path = Networking;
			sourceTree = "<group>";
		};
		300FC9EF2762225600A7A0EF /* Service */ = {
			isa = PBXGroup;
			children = (
				300FC9F527622FA500A7A0EF /* HTTPRequest.swift */,
				300FC9F72762304300A7A0EF /* HTTPMethod.swift */,
				300FC9F92762334900A7A0EF /* HTTPError.swift */,
				300FCA0027623F0A00A7A0EF /* HTTPNetworkResponse.swift */,
			);
			path = Service;
			sourceTree = "<group>";
		};
		300FC9F22762236A00A7A0EF /* Interfaces */ = {
			isa = PBXGroup;
			children = (
				300FC9F32762237900A7A0EF /* NetworkClient.swift */,
			);
			path = Interfaces;
			sourceTree = "<group>";
		};
		300FCA0927625B8500A7A0EF /* DotaStatsTests */ = {
			isa = PBXGroup;
			children = (
				ECAA0D072764F6A700DF81ED /* Services */,
				300FCA112762614700A7A0EF /* Networking */,
				300FCA0A27625B8500A7A0EF /* DotaStatsTests.swift */,
			);
			path = DotaStatsTests;
			sourceTree = "<group>";
		};
		300FCA112762614700A7A0EF /* Networking */ = {
			isa = PBXGroup;
			children = (
				303AC4CD276370CA00A8C462 /* Models */,
				303AC4DC27674C4000A8C462 /* NetworkServiceReceivingDataByPassingQueriesTest.swift */,
				300FCA122762618000A7A0EF /* NetworkClientReceivingDataTest.swift */,
			);
			path = Networking;
			sourceTree = "<group>";
		};
		303AC4CD276370CA00A8C462 /* Models */ = {
			isa = PBXGroup;
			children = (
				303AC4CE276370D400A8C462 /* Data */,
				303AC4CF276370F400A8C462 /* MatchesDecodingTest.swift */,
				3CF8F5242763C75700AC0DD4 /* PlayerDecodingTest.swift */,
				3CF8F5202763C55900AC0DD4 /* MatchDetailDecodingTest.swift */,
			);
			path = Models;
			sourceTree = "<group>";
		};
		303AC4CE276370D400A8C462 /* Data */ = {
			isa = PBXGroup;
			children = (
				303AC4D1276371A600A8C462 /* MockMatches.json */,
				3CF8F5222763C5C000AC0DD4 /* MockMatchDetail.json */,
				3CF8F5232763C72600AC0DD4 /* MockPlayer.json */,
			);
			path = Data;
			sourceTree = "<group>";
		};
		5D4C51622764DB8800BC6B30 /* View */ = {
			isa = PBXGroup;
			children = (
				5D2518642768BE8F0005374B /* ListMatchesCell.swift */,
				5D2518632768BE8F0005374B /* ListTournamentsCell.swift */,
				5D2518622768BE8F0005374B /* MatchesModuleViewController.swift */,
			);
			path = View;
			sourceTree = "<group>";
		};
		5D4C51632764DB9000BC6B30 /* Presenter */ = {
			isa = PBXGroup;
			children = (
				5D2518682768BE980005374B /* MatchesModulePresenter.swift */,
			);
			path = Presenter;
			sourceTree = "<group>";
		};
		B61F593C2760A4FB00D08CEA = {
			isa = PBXGroup;
			children = (
				B61F59472760A4FB00D08CEA /* DotaStats */,
				300FCA0927625B8500A7A0EF /* DotaStatsTests */,
				B61F59462760A4FB00D08CEA /* Products */,
			);
			sourceTree = "<group>";
		};
		B61F59462760A4FB00D08CEA /* Products */ = {
			isa = PBXGroup;
			children = (
				B61F59452760A4FB00D08CEA /* DotaStats.app */,
				300FCA0827625B8500A7A0EF /* DotaStatsTests.xctest */,
			);
			name = Products;
			sourceTree = "<group>";
		};
		B61F59472760A4FB00D08CEA /* DotaStats */ = {
			isa = PBXGroup;
			children = (
				5D25187C2769029E0005374B /* AppCoordinator.swift */,
				5ED64A912764D57500E4CF5B /* MainTabBarController.swift */,
				300FC9EC27621E4200A7A0EF /* Data */,
				B61F59482760A4FB00D08CEA /* AppDelegate.swift */,
				EC4E6F8C2764C8250085B61D /* ColorPalette.swift */,
				B61F594C2760A4FB00D08CEA /* CostilViewController.swift */,
				EC1415F92767790F00715D00 /* Common */,
				EC4E6FA72764C85E0085B61D /* Services */,
				EC4E6F8E2764C8550085B61D /* Modules */,
				B61F595C2760A5B800D08CEA /* Resources */,
			);
			path = DotaStats;
			sourceTree = "<group>";
		};
		B61F595C2760A5B800D08CEA /* Resources */ = {
			isa = PBXGroup;
			children = (
				B61F59532760A4FD00D08CEA /* LaunchScreen.storyboard */,
				B61F59512760A4FD00D08CEA /* Assets.xcassets */,
			);
			path = Resources;
			sourceTree = "<group>";
		};
		CEFEF6332769E83F00CAE93B /* MatchInfoModule */ = {
			isa = PBXGroup;
			children = (
				CEFEF65D276A0DE900CAE93B /* View */,
				CEFEF6342769E83F00CAE93B /* Presenter */,
				CEFEF6372769E83F00CAE93B /* Model */,
				CEFEF6402769E83F00CAE93B /* MatchInfoModuleBuilder.swift */,
			);
			name = MatchInfoModule;
			path = ../../../../Desktop/MatchInfoModule;
			sourceTree = "<group>";
		};
		CEFEF6342769E83F00CAE93B /* Presenter */ = {
			isa = PBXGroup;
			children = (
				CEFEF6352769E83F00CAE93B /* MatchInfoConverter.swift */,
				CEFEF6362769E83F00CAE93B /* MatchInfoModulePresenter.swift */,
			);
			path = Presenter;
			sourceTree = "<group>";
		};
		CEFEF6372769E83F00CAE93B /* Model */ = {
			isa = PBXGroup;
			children = (
				CEFEF6382769E83F00CAE93B /* PlayerList.swift */,
				CEFEF6392769E83F00CAE93B /* AdditionalMatchInfo.swift */,
				CEFEF63A2769E83F00CAE93B /* MatchTableViewData.swift */,
				CEFEF63B2769E83F00CAE93B /* MatchesInfoModuleState.swift */,
				CEFEF63C2769E83F00CAE93B /* MatchTableViewCellData.swift */,
				CEFEF63D2769E83F00CAE93B /* MainMatchInfo.swift */,
				CEFEF63E2769E83F00CAE93B /* TeamMatchInfo.swift */,
				CEFEF63F2769E83F00CAE93B /* MatchTableViewCellType.swift */,
			);
			path = Model;
			sourceTree = "<group>";
		};
		CEFEF65D276A0DE900CAE93B /* View */ = {
			isa = PBXGroup;
			children = (
				CEFEF65E276A0DE900CAE93B /* MatchInfoViewController.swift */,
				CEFEF65F276A0DE900CAE93B /* DetailedMatchInfoCellConfigurable.swift */,
				CEFEF660276A0DE900CAE93B /* TeamMatchInfoTableViewCell.swift */,
				CEFEF661276A0DE900CAE93B /* MatchPlayerCell.swift */,
				CEFEF662276A0DE900CAE93B /* PlayersTableHeaderCell.swift */,
				CEFEF663276A0DE900CAE93B /* CopyIdButton.swift */,
				CEFEF664276A0DE900CAE93B /* MainMatchInfoTableViewCell.swift */,
				CEFEF665276A0DE900CAE93B /* AdditionalMatchInfoTableViewCell.swift */,
			);
			name = View;
			path = ../View;
			sourceTree = "<group>";
		};
		EA852AD8CE2823342620362B /* NetworkingModels */ = {
			isa = PBXGroup;
			children = (
				F01B49062768C37200103100 /* SearchPlayerResult.swift */,
				EA852BF972642EE930F2680C /* MatchDetail.swift */,
				EA85264F7CF441C52C30E6D7 /* Players.swift */,
				EA85276324310C6574CACFC6 /* Match.swift */,
			);
			path = NetworkingModels;
			sourceTree = "<group>";
		};
		EC1415F92767790F00715D00 /* Common */ = {
			isa = PBXGroup;
			children = (
				EC1415FA2767793F00715D00 /* CachedImageView */,
			);
			path = Common;
			sourceTree = "<group>";
		};
		EC1415FA2767793F00715D00 /* CachedImageView */ = {
			isa = PBXGroup;
			children = (
				EC1415FB2767797400715D00 /* CachedImageView.swift */,
			);
			path = CachedImageView;
			sourceTree = "<group>";
		};
		EC4E6F8E2764C8550085B61D /* Modules */ = {
			isa = PBXGroup;
			children = (
				CEFEF6332769E83F00CAE93B /* MatchInfoModule */,
				F0F2EE4D2764D0D400EAB7E5 /* SearchPlayerModule */,
				EC4E6F922764C8550085B61D /* PlayersModule */,
				EC4E6F9A2764C8550085B61D /* PlayerInfoModule */,
				EC4E6F9D2764C8550085B61D /* MatchesModule */,
			);
			path = Modules;
			sourceTree = "<group>";
		};
		EC4E6F922764C8550085B61D /* PlayersModule */ = {
			isa = PBXGroup;
			children = (
				EC4E6F932764C8550085B61D /* Presenter */,
				EC4E6F952764C8550085B61D /* PlayersModuleBuilder.swift */,
				EC4E6F962764C8550085B61D /* Model */,
				EC4E6F982764C8550085B61D /* View */,
			);
			path = PlayersModule;
			sourceTree = "<group>";
		};
		EC4E6F932764C8550085B61D /* Presenter */ = {
			isa = PBXGroup;
			children = (
				EC4E6F942764C8550085B61D /* PlayersModulePresenter.swift */,
			);
			path = Presenter;
			sourceTree = "<group>";
		};
		EC4E6F962764C8550085B61D /* Model */ = {
			isa = PBXGroup;
			children = (
				EC4E6F972764C8550085B61D /* Player.swift */,
			);
			path = Model;
			sourceTree = "<group>";
		};
		EC4E6F982764C8550085B61D /* View */ = {
			isa = PBXGroup;
			children = (
				EC4E6F992764C8550085B61D /* PlayersModuleViewController.swift */,
			);
			path = View;
			sourceTree = "<group>";
		};
		EC4E6F9A2764C8550085B61D /* PlayerInfoModule */ = {
			isa = PBXGroup;
			children = (
				EC4E6F9B2764C8550085B61D /* Model */,
			);
			path = PlayerInfoModule;
			sourceTree = "<group>";
		};
		EC4E6F9B2764C8550085B61D /* Model */ = {
			isa = PBXGroup;
			children = (
				EC4E6F9C2764C8550085B61D /* PlayerInfo.swift */,
			);
			path = Model;
			sourceTree = "<group>";
		};
		EC4E6F9D2764C8550085B61D /* MatchesModule */ = {
			isa = PBXGroup;
			children = (
				5D2518602768BE7F0005374B /* MatchesModuleBuilder.swift */,
				5D4C51622764DB8800BC6B30 /* View */,
				5D4C51632764DB9000BC6B30 /* Presenter */,
				EC4E6F9E2764C8550085B61D /* Model */,
			);
			path = MatchesModule;
			sourceTree = "<group>";
		};
		EC4E6F9E2764C8550085B61D /* Model */ = {
			isa = PBXGroup;
			children = (
				5D25186B2768BEA70005374B /* MatchCollectionPresenterData.swift */,
				5D25186A2768BEA70005374B /* MatchesModulePresenterState.swift */,
				5D25186C2768BEA70005374B /* MatchesModuleViewState.swift */,
				5EE31DC227678EE200A3667B /* TournamentViewState.swift */,
			);
			path = Model;
			sourceTree = "<group>";
		};
		EC4E6FA72764C85E0085B61D /* Services */ = {
			isa = PBXGroup;
			children = (
				F01B49082768C3A700103100 /* ImageNetworkService.swift */,
				EC4E6FA82764C85E0085B61D /* NetworkService.swift */,
				ECAA0D042764ED8B00DF81ED /* MatchesService.swift */,
				EC1415FF27677E3600715D00 /* ImageService.swift */,
				303AC4E12767873E00A8C462 /* PlayerSearchService.swift */,
				EC1415F3276749A200715D00 /* MatchDetailService.swift */,
			);
			path = Services;
			sourceTree = "<group>";
		};
		EC4E6FAD2764CEA80085B61D /* Implementations */ = {
			isa = PBXGroup;
			children = (
				EC4E6FAA2764CCE10085B61D /* NetworkClientImp.swift */,
			);
			path = Implementations;
			sourceTree = "<group>";
		};
		ECAA0D072764F6A700DF81ED /* Services */ = {
			isa = PBXGroup;
			children = (
				ECAA0D082764F6BF00DF81ED /* MatchesServiceReceivingDataTest.swift */,
				303AC4E42767888500A8C462 /* PlayerSearchServiceReceivingDataTest.swift */,
				EC1415F627674C2000715D00 /* MatchDetailServiceReceivingDataTest.swift */,
			);
			path = Services;
			sourceTree = "<group>";
		};
		F0DF329D27676492004670C0 /* Model */ = {
			isa = PBXGroup;
			children = (
				837AED9C27690ADB0009589E /* SearchPlayerModulePresenterState.swift */,
				837AED9B27690ADB0009589E /* SearchPlayerModuleViewState.swift */,
				F0DF32A22767850C004670C0 /* PlayerInfoFromSearch.swift */,
			);
			path = Model;
			sourceTree = "<group>";
		};
		F0F2EE4D2764D0D400EAB7E5 /* SearchPlayerModule */ = {
			isa = PBXGroup;
			children = (
				F0F2EE502764DFC800EAB7E5 /* View */,
				F0F2EE492764D06200EAB7E5 /* SearchPlayerModulePresenter.swift */,
				F0DF329D27676492004670C0 /* Model */,
				F0DF329B27674C2E004670C0 /* SearchPlayerModuleBuilder.swift */,
			);
			path = SearchPlayerModule;
			sourceTree = "<group>";
		};
		F0F2EE502764DFC800EAB7E5 /* View */ = {
			isa = PBXGroup;
			children = (
				603538392766619800CC32AD /* SearchPlayerTableViewCell.swift */,
				F0F2EE4B2764D0CE00EAB7E5 /* SearchPlayerModuleViewController.swift */,
				6035383E2767459500CC32AD /* ErrorView.swift */,
			);
			path = View;
			sourceTree = "<group>";
		};
/* End PBXGroup section */

/* Begin PBXNativeTarget section */
		300FCA0727625B8500A7A0EF /* DotaStatsTests */ = {
			isa = PBXNativeTarget;
			buildConfigurationList = 300FCA1027625B8500A7A0EF /* Build configuration list for PBXNativeTarget "DotaStatsTests" */;
			buildPhases = (
				300FCA0427625B8500A7A0EF /* Sources */,
				300FCA0527625B8500A7A0EF /* Frameworks */,
				300FCA0627625B8500A7A0EF /* Resources */,
			);
			buildRules = (
			);
			dependencies = (
				300FCA0D27625B8500A7A0EF /* PBXTargetDependency */,
			);
			name = DotaStatsTests;
			productName = DotaStatsTests;
			productReference = 300FCA0827625B8500A7A0EF /* DotaStatsTests.xctest */;
			productType = "com.apple.product-type.bundle.unit-test";
		};
		B61F59442760A4FB00D08CEA /* DotaStats */ = {
			isa = PBXNativeTarget;
			buildConfigurationList = B61F59592760A4FD00D08CEA /* Build configuration list for PBXNativeTarget "DotaStats" */;
			buildPhases = (
				B61F59412760A4FB00D08CEA /* Sources */,
				B61F59422760A4FB00D08CEA /* Frameworks */,
				B61F59432760A4FB00D08CEA /* Resources */,
				EC4978D42769D496005D2653 /* ShellScript */,
			);
			buildRules = (
			);
			dependencies = (
			);
			name = DotaStats;
			productName = DotaStats;
			productReference = B61F59452760A4FB00D08CEA /* DotaStats.app */;
			productType = "com.apple.product-type.application";
		};
/* End PBXNativeTarget section */

/* Begin PBXProject section */
		B61F593D2760A4FB00D08CEA /* Project object */ = {
			isa = PBXProject;
			attributes = {
				BuildIndependentTargetsInParallel = 1;
				LastSwiftUpdateCheck = 1310;
				LastUpgradeCheck = 1310;
				TargetAttributes = {
					300FCA0727625B8500A7A0EF = {
						CreatedOnToolsVersion = 13.1;
						TestTargetID = B61F59442760A4FB00D08CEA;
					};
					B61F59442760A4FB00D08CEA = {
						CreatedOnToolsVersion = 13.1;
					};
				};
			};
			buildConfigurationList = B61F59402760A4FB00D08CEA /* Build configuration list for PBXProject "DotaStats" */;
			compatibilityVersion = "Xcode 13.0";
			developmentRegion = en;
			hasScannedForEncodings = 0;
			knownRegions = (
				en,
				Base,
			);
			mainGroup = B61F593C2760A4FB00D08CEA;
			productRefGroup = B61F59462760A4FB00D08CEA /* Products */;
			projectDirPath = "";
			projectRoot = "";
			targets = (
				B61F59442760A4FB00D08CEA /* DotaStats */,
				300FCA0727625B8500A7A0EF /* DotaStatsTests */,
			);
		};
/* End PBXProject section */

/* Begin PBXResourcesBuildPhase section */
		300FCA0627625B8500A7A0EF /* Resources */ = {
			isa = PBXResourcesBuildPhase;
			buildActionMask = 2147483647;
			files = (
				303AC4D2276371A600A8C462 /* MockMatches.json in Resources */,
				3CF8F5262763C87C00AC0DD4 /* MockMatchDetail.json in Resources */,
				3CF8F5272763C87F00AC0DD4 /* MockPlayer.json in Resources */,
			);
			runOnlyForDeploymentPostprocessing = 0;
		};
		B61F59432760A4FB00D08CEA /* Resources */ = {
			isa = PBXResourcesBuildPhase;
			buildActionMask = 2147483647;
			files = (
				B61F59552760A4FD00D08CEA /* LaunchScreen.storyboard in Resources */,
				B61F59522760A4FD00D08CEA /* Assets.xcassets in Resources */,
			);
			runOnlyForDeploymentPostprocessing = 0;
		};
/* End PBXResourcesBuildPhase section */

/* Begin PBXShellScriptBuildPhase section */
		EC4978D42769D496005D2653 /* ShellScript */ = {
			isa = PBXShellScriptBuildPhase;
			buildActionMask = 2147483647;
			files = (
			);
			inputFileListPaths = (
			);
			inputPaths = (
			);
			outputFileListPaths = (
			);
			outputPaths = (
			);
			runOnlyForDeploymentPostprocessing = 0;
			shellPath = /bin/sh;
			shellScript = "if which swiftlint >/dev/null; then\n  swiftlint\nelse\n  echo \"warning: SwiftLint not installed, download from https://github.com/realm/SwiftLint\"\nfi\n";
		};
/* End PBXShellScriptBuildPhase section */

/* Begin PBXSourcesBuildPhase section */
		300FCA0427625B8500A7A0EF /* Sources */ = {
			isa = PBXSourcesBuildPhase;
			buildActionMask = 2147483647;
			files = (
				EC1415F827674C2000715D00 /* MatchDetailServiceReceivingDataTest.swift in Sources */,
				EC1415EB2767290F00715D00 /* (null) in Sources */,
				3CF8F5212763C55900AC0DD4 /* MatchDetailDecodingTest.swift in Sources */,
				ECAA0D0A2764F6BF00DF81ED /* MatchesServiceReceivingDataTest.swift in Sources */,
				303AC4D82764EFBA00A8C462 /* MatchDetail.swift in Sources */,
				30B40F1B2769E39100B22DCC /* SearchPlayerResult.swift in Sources */,
				EC1415F5276749A200715D00 /* MatchDetailService.swift in Sources */,
				303AC4D92764EFBC00A8C462 /* Players.swift in Sources */,
				303AC4E82767933700A8C462 /* DateFormatterExtension.swift in Sources */,
				300FCA0B27625B8500A7A0EF /* DotaStatsTests.swift in Sources */,
				3CF8F5252763C75700AC0DD4 /* PlayerDecodingTest.swift in Sources */,
				ECAA0D062764ED8B00DF81ED /* MatchesService.swift in Sources */,
				303AC4E32767873E00A8C462 /* PlayerSearchService.swift in Sources */,
				303AC4D0276370F400A8C462 /* MatchesDecodingTest.swift in Sources */,
				303AC4E52767888500A8C462 /* PlayerSearchServiceReceivingDataTest.swift in Sources */,
				EC1415E6276728E200715D00 /* NetworkClient.swift in Sources */,
				EC1415E8276728F200715D00 /* HTTPMethod.swift in Sources */,
				EC1415E7276728EA00715D00 /* HTTPRequest.swift in Sources */,
				EC4E6FAC2764CCE10085B61D /* NetworkClientImp.swift in Sources */,
				EC1415E9276728FE00715D00 /* HTTPError.swift in Sources */,
				300FCA132762618000A7A0EF /* NetworkClientReceivingDataTest.swift in Sources */,
				303AC4DD27674C4000A8C462 /* NetworkServiceReceivingDataByPassingQueriesTest.swift in Sources */,
				EC1415EA2767290800715D00 /* HTTPNetworkResponse.swift in Sources */,
				303AC4DB2767418A00A8C462 /* Match.swift in Sources */,
			);
			runOnlyForDeploymentPostprocessing = 0;
		};
		B61F59412760A4FB00D08CEA /* Sources */ = {
			isa = PBXSourcesBuildPhase;
			buildActionMask = 2147483647;
			files = (
				CEFEF64B2769E83F00CAE93B /* MatchInfoModulePresenter.swift in Sources */,
				5D2518652768BE8F0005374B /* MatchesModuleViewController.swift in Sources */,
				CEFEF6522769E83F00CAE93B /* TeamMatchInfo.swift in Sources */,
				5D2518672768BE8F0005374B /* ListMatchesCell.swift in Sources */,
				B61F594D2760A4FB00D08CEA /* CostilViewController.swift in Sources */,
				EC4E6FA42764C8550085B61D /* PlayersModuleViewController.swift in Sources */,
				5D2518692768BE980005374B /* MatchesModulePresenter.swift in Sources */,
				EC1415F4276749A200715D00 /* MatchDetailService.swift in Sources */,
				CEFEF667276A0DE900CAE93B /* DetailedMatchInfoCellConfigurable.swift in Sources */,
				F0F2EE4C2764D0CE00EAB7E5 /* SearchPlayerModuleViewController.swift in Sources */,
				EC14160027677E3600715D00 /* ImageService.swift in Sources */,
				CEFEF6542769E83F00CAE93B /* MatchInfoModuleBuilder.swift in Sources */,
				300FC9F627622FA500A7A0EF /* HTTPRequest.swift in Sources */,
				CEFEF64A2769E83F00CAE93B /* MatchInfoConverter.swift in Sources */,
				CEFEF6532769E83F00CAE93B /* MatchTableViewCellType.swift in Sources */,
				5D2518612768BE7F0005374B /* MatchesModuleBuilder.swift in Sources */,
				5EE31DC327678EE200A3667B /* TournamentViewState.swift in Sources */,
				F0F2EE4A2764D06200EAB7E5 /* SearchPlayerModulePresenter.swift in Sources */,
				CEFEF64E2769E83F00CAE93B /* MatchTableViewData.swift in Sources */,
				F01B49092768C3A700103100 /* ImageNetworkService.swift in Sources */,
				300FC9F42762237900A7A0EF /* NetworkClient.swift in Sources */,
				5D25187D2769029E0005374B /* AppCoordinator.swift in Sources */,
				CEFEF64F2769E83F00CAE93B /* MatchesInfoModuleState.swift in Sources */,
				5D25186F2768BEA70005374B /* MatchesModuleViewState.swift in Sources */,
				EC4E6FA32764C8550085B61D /* Player.swift in Sources */,
				300FC9F82762304300A7A0EF /* HTTPMethod.swift in Sources */,
				6035383B2766619800CC32AD /* SearchPlayerTableViewCell.swift in Sources */,
				300FCA0127623F0A00A7A0EF /* HTTPNetworkResponse.swift in Sources */,
				5D2518662768BE8F0005374B /* ListTournamentsCell.swift in Sources */,
				5D25186D2768BEA70005374B /* MatchesModulePresenterState.swift in Sources */,
				EC4E6FA92764C85E0085B61D /* NetworkService.swift in Sources */,
				300FC9FA2762334900A7A0EF /* HTTPError.swift in Sources */,
				EC4E6FA22764C8550085B61D /* PlayersModuleBuilder.swift in Sources */,
				CEFEF64D2769E83F00CAE93B /* AdditionalMatchInfo.swift in Sources */,
				CEFEF6502769E83F00CAE93B /* MatchTableViewCellData.swift in Sources */,
				CEFEF66A276A0DE900CAE93B /* PlayersTableHeaderCell.swift in Sources */,
				837AED9D27690ADB0009589E /* SearchPlayerModuleViewState.swift in Sources */,
				B61F59492760A4FB00D08CEA /* AppDelegate.swift in Sources */,
				EC1415FC2767797400715D00 /* CachedImageView.swift in Sources */,
				CEFEF669276A0DE900CAE93B /* MatchPlayerCell.swift in Sources */,
				EA852117FB5669A545C9F8B4 /* MatchDetail.swift in Sources */,
				EA8522C781197B1ACBBE601B /* Players.swift in Sources */,
				EC4E6FAB2764CCE10085B61D /* NetworkClientImp.swift in Sources */,
				303AC4E22767873E00A8C462 /* PlayerSearchService.swift in Sources */,
				5D25186E2768BEA70005374B /* MatchCollectionPresenterData.swift in Sources */,
				ECAA0D052764ED8B00DF81ED /* MatchesService.swift in Sources */,
				CEFEF66C276A0DE900CAE93B /* MainMatchInfoTableViewCell.swift in Sources */,
				CEFEF64C2769E83F00CAE93B /* PlayerList.swift in Sources */,
				EC4E6FA52764C8550085B61D /* PlayerInfo.swift in Sources */,
				6035383F2767459500CC32AD /* ErrorView.swift in Sources */,
				CEFEF66B276A0DE900CAE93B /* CopyIdButton.swift in Sources */,
				CEFEF666276A0DE900CAE93B /* MatchInfoViewController.swift in Sources */,
				5ED64A922764D57500E4CF5B /* MainTabBarController.swift in Sources */,
				F0DF32A32767850C004670C0 /* PlayerInfoFromSearch.swift in Sources */,
				CEFEF66D276A0DE900CAE93B /* AdditionalMatchInfoTableViewCell.swift in Sources */,
				EC4E6FA12764C8550085B61D /* PlayersModulePresenter.swift in Sources */,
				837AED9E27690ADB0009589E /* SearchPlayerModulePresenterState.swift in Sources */,
				F01B49072768C37200103100 /* SearchPlayerResult.swift in Sources */,
				CEFEF668276A0DE900CAE93B /* TeamMatchInfoTableViewCell.swift in Sources */,
				303AC4E72767933700A8C462 /* DateFormatterExtension.swift in Sources */,
				EA8525C10313780ABFC01843 /* Match.swift in Sources */,
				837AED9F27690C530009589E /* SearchPlayerModuleBuilder.swift in Sources */,
				CEFEF6512769E83F00CAE93B /* MainMatchInfo.swift in Sources */,
				EC4E6F8D2764C8250085B61D /* ColorPalette.swift in Sources */,
			);
			runOnlyForDeploymentPostprocessing = 0;
		};
/* End PBXSourcesBuildPhase section */

/* Begin PBXTargetDependency section */
		300FCA0D27625B8500A7A0EF /* PBXTargetDependency */ = {
			isa = PBXTargetDependency;
			target = B61F59442760A4FB00D08CEA /* DotaStats */;
			targetProxy = 300FCA0C27625B8500A7A0EF /* PBXContainerItemProxy */;
		};
/* End PBXTargetDependency section */

/* Begin PBXVariantGroup section */
		B61F59532760A4FD00D08CEA /* LaunchScreen.storyboard */ = {
			isa = PBXVariantGroup;
			children = (
				B61F59542760A4FD00D08CEA /* Base */,
			);
			name = LaunchScreen.storyboard;
			sourceTree = "<group>";
		};
/* End PBXVariantGroup section */

/* Begin XCBuildConfiguration section */
		300FCA0E27625B8500A7A0EF /* Debug */ = {
			isa = XCBuildConfiguration;
			buildSettings = {
				BUNDLE_LOADER = "$(TEST_HOST)";
				CODE_SIGN_STYLE = Automatic;
				CURRENT_PROJECT_VERSION = 1;
				GENERATE_INFOPLIST_FILE = YES;
				LD_RUNPATH_SEARCH_PATHS = (
					"$(inherited)",
					"@executable_path/Frameworks",
					"@loader_path/Frameworks",
				);
				MARKETING_VERSION = 1.0;
				PRODUCT_BUNDLE_IDENTIFIER = "com.delet-dis.DotaStatsTests";
				PRODUCT_NAME = "$(TARGET_NAME)";
				SWIFT_EMIT_LOC_STRINGS = NO;
				SWIFT_VERSION = 5.0;
				TARGETED_DEVICE_FAMILY = "1,2";
				TEST_HOST = "$(BUILT_PRODUCTS_DIR)/DotaStats.app/DotaStats";
			};
			name = Debug;
		};
		300FCA0F27625B8500A7A0EF /* Release */ = {
			isa = XCBuildConfiguration;
			buildSettings = {
				BUNDLE_LOADER = "$(TEST_HOST)";
				CODE_SIGN_STYLE = Automatic;
				CURRENT_PROJECT_VERSION = 1;
				GENERATE_INFOPLIST_FILE = YES;
				LD_RUNPATH_SEARCH_PATHS = (
					"$(inherited)",
					"@executable_path/Frameworks",
					"@loader_path/Frameworks",
				);
				MARKETING_VERSION = 1.0;
				PRODUCT_BUNDLE_IDENTIFIER = "com.delet-dis.DotaStatsTests";
				PRODUCT_NAME = "$(TARGET_NAME)";
				SWIFT_EMIT_LOC_STRINGS = NO;
				SWIFT_VERSION = 5.0;
				TARGETED_DEVICE_FAMILY = "1,2";
				TEST_HOST = "$(BUILT_PRODUCTS_DIR)/DotaStats.app/DotaStats";
			};
			name = Release;
		};
		B61F59572760A4FD00D08CEA /* Debug */ = {
			isa = XCBuildConfiguration;
			buildSettings = {
				ALWAYS_SEARCH_USER_PATHS = NO;
				CLANG_ANALYZER_NONNULL = YES;
				CLANG_ANALYZER_NUMBER_OBJECT_CONVERSION = YES_AGGRESSIVE;
				CLANG_CXX_LANGUAGE_STANDARD = "gnu++17";
				CLANG_CXX_LIBRARY = "libc++";
				CLANG_ENABLE_MODULES = YES;
				CLANG_ENABLE_OBJC_ARC = YES;
				CLANG_ENABLE_OBJC_WEAK = YES;
				CLANG_WARN_BLOCK_CAPTURE_AUTORELEASING = YES;
				CLANG_WARN_BOOL_CONVERSION = YES;
				CLANG_WARN_COMMA = YES;
				CLANG_WARN_CONSTANT_CONVERSION = YES;
				CLANG_WARN_DEPRECATED_OBJC_IMPLEMENTATIONS = YES;
				CLANG_WARN_DIRECT_OBJC_ISA_USAGE = YES_ERROR;
				CLANG_WARN_DOCUMENTATION_COMMENTS = YES;
				CLANG_WARN_EMPTY_BODY = YES;
				CLANG_WARN_ENUM_CONVERSION = YES;
				CLANG_WARN_INFINITE_RECURSION = YES;
				CLANG_WARN_INT_CONVERSION = YES;
				CLANG_WARN_NON_LITERAL_NULL_CONVERSION = YES;
				CLANG_WARN_OBJC_IMPLICIT_RETAIN_SELF = YES;
				CLANG_WARN_OBJC_LITERAL_CONVERSION = YES;
				CLANG_WARN_OBJC_ROOT_CLASS = YES_ERROR;
				CLANG_WARN_QUOTED_INCLUDE_IN_FRAMEWORK_HEADER = YES;
				CLANG_WARN_RANGE_LOOP_ANALYSIS = YES;
				CLANG_WARN_STRICT_PROTOTYPES = YES;
				CLANG_WARN_SUSPICIOUS_MOVE = YES;
				CLANG_WARN_UNGUARDED_AVAILABILITY = YES_AGGRESSIVE;
				CLANG_WARN_UNREACHABLE_CODE = YES;
				CLANG_WARN__DUPLICATE_METHOD_MATCH = YES;
				COPY_PHASE_STRIP = NO;
				DEBUG_INFORMATION_FORMAT = dwarf;
				ENABLE_STRICT_OBJC_MSGSEND = YES;
				ENABLE_TESTABILITY = YES;
				GCC_C_LANGUAGE_STANDARD = gnu11;
				GCC_DYNAMIC_NO_PIC = NO;
				GCC_NO_COMMON_BLOCKS = YES;
				GCC_OPTIMIZATION_LEVEL = 0;
				GCC_PREPROCESSOR_DEFINITIONS = (
					"DEBUG=1",
					"$(inherited)",
				);
				GCC_WARN_64_TO_32_BIT_CONVERSION = YES;
				GCC_WARN_ABOUT_RETURN_TYPE = YES_ERROR;
				GCC_WARN_UNDECLARED_SELECTOR = YES;
				GCC_WARN_UNINITIALIZED_AUTOS = YES_AGGRESSIVE;
				GCC_WARN_UNUSED_FUNCTION = YES;
				GCC_WARN_UNUSED_VARIABLE = YES;
				IPHONEOS_DEPLOYMENT_TARGET = 15.0;
				MTL_ENABLE_DEBUG_INFO = INCLUDE_SOURCE;
				MTL_FAST_MATH = YES;
				ONLY_ACTIVE_ARCH = YES;
				SDKROOT = iphoneos;
				SWIFT_ACTIVE_COMPILATION_CONDITIONS = DEBUG;
				SWIFT_OPTIMIZATION_LEVEL = "-Onone";
			};
			name = Debug;
		};
		B61F59582760A4FD00D08CEA /* Release */ = {
			isa = XCBuildConfiguration;
			buildSettings = {
				ALWAYS_SEARCH_USER_PATHS = NO;
				CLANG_ANALYZER_NONNULL = YES;
				CLANG_ANALYZER_NUMBER_OBJECT_CONVERSION = YES_AGGRESSIVE;
				CLANG_CXX_LANGUAGE_STANDARD = "gnu++17";
				CLANG_CXX_LIBRARY = "libc++";
				CLANG_ENABLE_MODULES = YES;
				CLANG_ENABLE_OBJC_ARC = YES;
				CLANG_ENABLE_OBJC_WEAK = YES;
				CLANG_WARN_BLOCK_CAPTURE_AUTORELEASING = YES;
				CLANG_WARN_BOOL_CONVERSION = YES;
				CLANG_WARN_COMMA = YES;
				CLANG_WARN_CONSTANT_CONVERSION = YES;
				CLANG_WARN_DEPRECATED_OBJC_IMPLEMENTATIONS = YES;
				CLANG_WARN_DIRECT_OBJC_ISA_USAGE = YES_ERROR;
				CLANG_WARN_DOCUMENTATION_COMMENTS = YES;
				CLANG_WARN_EMPTY_BODY = YES;
				CLANG_WARN_ENUM_CONVERSION = YES;
				CLANG_WARN_INFINITE_RECURSION = YES;
				CLANG_WARN_INT_CONVERSION = YES;
				CLANG_WARN_NON_LITERAL_NULL_CONVERSION = YES;
				CLANG_WARN_OBJC_IMPLICIT_RETAIN_SELF = YES;
				CLANG_WARN_OBJC_LITERAL_CONVERSION = YES;
				CLANG_WARN_OBJC_ROOT_CLASS = YES_ERROR;
				CLANG_WARN_QUOTED_INCLUDE_IN_FRAMEWORK_HEADER = YES;
				CLANG_WARN_RANGE_LOOP_ANALYSIS = YES;
				CLANG_WARN_STRICT_PROTOTYPES = YES;
				CLANG_WARN_SUSPICIOUS_MOVE = YES;
				CLANG_WARN_UNGUARDED_AVAILABILITY = YES_AGGRESSIVE;
				CLANG_WARN_UNREACHABLE_CODE = YES;
				CLANG_WARN__DUPLICATE_METHOD_MATCH = YES;
				COPY_PHASE_STRIP = NO;
				DEBUG_INFORMATION_FORMAT = "dwarf-with-dsym";
				ENABLE_NS_ASSERTIONS = NO;
				ENABLE_STRICT_OBJC_MSGSEND = YES;
				GCC_C_LANGUAGE_STANDARD = gnu11;
				GCC_NO_COMMON_BLOCKS = YES;
				GCC_WARN_64_TO_32_BIT_CONVERSION = YES;
				GCC_WARN_ABOUT_RETURN_TYPE = YES_ERROR;
				GCC_WARN_UNDECLARED_SELECTOR = YES;
				GCC_WARN_UNINITIALIZED_AUTOS = YES_AGGRESSIVE;
				GCC_WARN_UNUSED_FUNCTION = YES;
				GCC_WARN_UNUSED_VARIABLE = YES;
				IPHONEOS_DEPLOYMENT_TARGET = 15.0;
				MTL_ENABLE_DEBUG_INFO = NO;
				MTL_FAST_MATH = YES;
				SDKROOT = iphoneos;
				SWIFT_COMPILATION_MODE = wholemodule;
				SWIFT_OPTIMIZATION_LEVEL = "-O";
				VALIDATE_PRODUCT = YES;
			};
			name = Release;
		};
		B61F595A2760A4FD00D08CEA /* Debug */ = {
			isa = XCBuildConfiguration;
			buildSettings = {
				ASSETCATALOG_COMPILER_APPICON_NAME = AppIcon;
				ASSETCATALOG_COMPILER_GLOBAL_ACCENT_COLOR_NAME = AccentColor;
				CODE_SIGN_STYLE = Automatic;
				CURRENT_PROJECT_VERSION = 1;
				DEVELOPMENT_TEAM = NY38MY3TDQ;
				GENERATE_INFOPLIST_FILE = YES;
				INFOPLIST_FILE = DotaStats/Info.plist;
				INFOPLIST_KEY_UIApplicationSupportsIndirectInputEvents = YES;
				INFOPLIST_KEY_UILaunchStoryboardName = LaunchScreen;
				INFOPLIST_KEY_UISupportedInterfaceOrientations_iPad = "UIInterfaceOrientationPortrait UIInterfaceOrientationPortraitUpsideDown UIInterfaceOrientationLandscapeLeft UIInterfaceOrientationLandscapeRight";
				INFOPLIST_KEY_UISupportedInterfaceOrientations_iPhone = "UIInterfaceOrientationPortrait UIInterfaceOrientationLandscapeLeft UIInterfaceOrientationLandscapeRight";
				IPHONEOS_DEPLOYMENT_TARGET = 15.0;
				LD_RUNPATH_SEARCH_PATHS = (
					"$(inherited)",
					"@executable_path/Frameworks",
				);
				MARKETING_VERSION = 1.0;
				PRODUCT_BUNDLE_IDENTIFIER = "just-evseev.DotaStats";
				PRODUCT_NAME = "$(TARGET_NAME)";
				SWIFT_EMIT_LOC_STRINGS = YES;
				SWIFT_VERSION = 5.0;
				TARGETED_DEVICE_FAMILY = "1,2";
			};
			name = Debug;
		};
		B61F595B2760A4FD00D08CEA /* Release */ = {
			isa = XCBuildConfiguration;
			buildSettings = {
				ASSETCATALOG_COMPILER_APPICON_NAME = AppIcon;
				ASSETCATALOG_COMPILER_GLOBAL_ACCENT_COLOR_NAME = AccentColor;
				CODE_SIGN_STYLE = Automatic;
				CURRENT_PROJECT_VERSION = 1;
				DEVELOPMENT_TEAM = NY38MY3TDQ;
				GENERATE_INFOPLIST_FILE = YES;
				INFOPLIST_FILE = DotaStats/Info.plist;
				INFOPLIST_KEY_UIApplicationSupportsIndirectInputEvents = YES;
				INFOPLIST_KEY_UILaunchStoryboardName = LaunchScreen;
				INFOPLIST_KEY_UISupportedInterfaceOrientations_iPad = "UIInterfaceOrientationPortrait UIInterfaceOrientationPortraitUpsideDown UIInterfaceOrientationLandscapeLeft UIInterfaceOrientationLandscapeRight";
				INFOPLIST_KEY_UISupportedInterfaceOrientations_iPhone = "UIInterfaceOrientationPortrait UIInterfaceOrientationLandscapeLeft UIInterfaceOrientationLandscapeRight";
				IPHONEOS_DEPLOYMENT_TARGET = 15.0;
				LD_RUNPATH_SEARCH_PATHS = (
					"$(inherited)",
					"@executable_path/Frameworks",
				);
				MARKETING_VERSION = 1.0;
				PRODUCT_BUNDLE_IDENTIFIER = "just-evseev.DotaStats";
				PRODUCT_NAME = "$(TARGET_NAME)";
				SWIFT_EMIT_LOC_STRINGS = YES;
				SWIFT_VERSION = 5.0;
				TARGETED_DEVICE_FAMILY = "1,2";
			};
			name = Release;
		};
/* End XCBuildConfiguration section */

/* Begin XCConfigurationList section */
		300FCA1027625B8500A7A0EF /* Build configuration list for PBXNativeTarget "DotaStatsTests" */ = {
			isa = XCConfigurationList;
			buildConfigurations = (
				300FCA0E27625B8500A7A0EF /* Debug */,
				300FCA0F27625B8500A7A0EF /* Release */,
			);
			defaultConfigurationIsVisible = 0;
			defaultConfigurationName = Release;
		};
		B61F59402760A4FB00D08CEA /* Build configuration list for PBXProject "DotaStats" */ = {
			isa = XCConfigurationList;
			buildConfigurations = (
				B61F59572760A4FD00D08CEA /* Debug */,
				B61F59582760A4FD00D08CEA /* Release */,
			);
			defaultConfigurationIsVisible = 0;
			defaultConfigurationName = Release;
		};
		B61F59592760A4FD00D08CEA /* Build configuration list for PBXNativeTarget "DotaStats" */ = {
			isa = XCConfigurationList;
			buildConfigurations = (
				B61F595A2760A4FD00D08CEA /* Debug */,
				B61F595B2760A4FD00D08CEA /* Release */,
			);
			defaultConfigurationIsVisible = 0;
			defaultConfigurationName = Release;
		};
/* End XCConfigurationList section */
	};
	rootObject = B61F593D2760A4FB00D08CEA /* Project object */;
}
