// !$*UTF8*$!
{
	archiveVersion = 1;
	classes = {
	};
	objectVersion = 55;
	objects = {

/* Begin PBXBuildFile section */
		300FC9F42762237900A7A0EF /* NetworkClient.swift in Sources */ = {isa = PBXBuildFile; fileRef = 300FC9F32762237900A7A0EF /* NetworkClient.swift */; };
		300FC9F627622FA500A7A0EF /* HTTPRequest.swift in Sources */ = {isa = PBXBuildFile; fileRef = 300FC9F527622FA500A7A0EF /* HTTPRequest.swift */; };
		300FC9F82762304300A7A0EF /* HTTPMethod.swift in Sources */ = {isa = PBXBuildFile; fileRef = 300FC9F72762304300A7A0EF /* HTTPMethod.swift */; };
		300FC9FA2762334900A7A0EF /* HTTPError.swift in Sources */ = {isa = PBXBuildFile; fileRef = 300FC9F92762334900A7A0EF /* HTTPError.swift */; };
		300FCA0127623F0A00A7A0EF /* HTTPNetworkResponse.swift in Sources */ = {isa = PBXBuildFile; fileRef = 300FCA0027623F0A00A7A0EF /* HTTPNetworkResponse.swift */; };
		300FCA0B27625B8500A7A0EF /* DotaStatsTests.swift in Sources */ = {isa = PBXBuildFile; fileRef = 300FCA0A27625B8500A7A0EF /* DotaStatsTests.swift */; };
		300FCA132762618000A7A0EF /* NetworkClientReceivingDataTest.swift in Sources */ = {isa = PBXBuildFile; fileRef = 300FCA122762618000A7A0EF /* NetworkClientReceivingDataTest.swift */; };
		303AC4D0276370F400A8C462 /* MatchesDecodingTest.swift in Sources */ = {isa = PBXBuildFile; fileRef = 303AC4CF276370F400A8C462 /* MatchesDecodingTest.swift */; };
		303AC4D2276371A600A8C462 /* MockMatches.json in Resources */ = {isa = PBXBuildFile; fileRef = 303AC4D1276371A600A8C462 /* MockMatches.json */; };
		303AC4D82764EFBA00A8C462 /* MatchDetail.swift in Sources */ = {isa = PBXBuildFile; fileRef = EA852BF972642EE930F2680C /* MatchDetail.swift */; };
		303AC4D92764EFBC00A8C462 /* Players.swift in Sources */ = {isa = PBXBuildFile; fileRef = EA85264F7CF441C52C30E6D7 /* Players.swift */; };
		303AC4DB2767418A00A8C462 /* Match.swift in Sources */ = {isa = PBXBuildFile; fileRef = EA85276324310C6574CACFC6 /* Match.swift */; };
		303AC4DD27674C4000A8C462 /* NetworkServiceReceivingDataByPassingQueriesTest.swift in Sources */ = {isa = PBXBuildFile; fileRef = 303AC4DC27674C4000A8C462 /* NetworkServiceReceivingDataByPassingQueriesTest.swift */; };
		303AC4E22767873E00A8C462 /* PlayerSearchService.swift in Sources */ = {isa = PBXBuildFile; fileRef = 303AC4E12767873E00A8C462 /* PlayerSearchService.swift */; };
		303AC4E32767873E00A8C462 /* PlayerSearchService.swift in Sources */ = {isa = PBXBuildFile; fileRef = 303AC4E12767873E00A8C462 /* PlayerSearchService.swift */; };
		303AC4E52767888500A8C462 /* PlayerSearchServiceReceivingDataTest.swift in Sources */ = {isa = PBXBuildFile; fileRef = 303AC4E42767888500A8C462 /* PlayerSearchServiceReceivingDataTest.swift */; };
		303AC4E72767933700A8C462 /* DateFormatterExtension.swift in Sources */ = {isa = PBXBuildFile; fileRef = 303AC4E62767933700A8C462 /* DateFormatterExtension.swift */; };
		303AC4E82767933700A8C462 /* DateFormatterExtension.swift in Sources */ = {isa = PBXBuildFile; fileRef = 303AC4E62767933700A8C462 /* DateFormatterExtension.swift */; };
		307F5CA7276C9080000B6548 /* RegionsService.swift in Sources */ = {isa = PBXBuildFile; fileRef = 307F5CA6276C9080000B6548 /* RegionsService.swift */; };
		307F5CAB276CB61B000B6548 /* PreferredDataViewModePickerCell.swift in Sources */ = {isa = PBXBuildFile; fileRef = 307F5CAA276CB61B000B6548 /* PreferredDataViewModePickerCell.swift */; };
		307F5CAD276D03F0000B6548 /* PickedDisplayingMode.swift in Sources */ = {isa = PBXBuildFile; fileRef = 307F5CAC276D03F0000B6548 /* PickedDisplayingMode.swift */; };
		30B40F1B2769E39100B22DCC /* SearchPlayerResult.swift in Sources */ = {isa = PBXBuildFile; fileRef = F01B49062768C37200103100 /* SearchPlayerResult.swift */; };
		30B40F24276A2C8C00B22DCC /* MatchEvent.swift in Sources */ = {isa = PBXBuildFile; fileRef = 30B40F23276A2C8C00B22DCC /* MatchEvent.swift */; };
		30B40F27276A2FC700B22DCC /* MatchDetailToEventsConverter.swift in Sources */ = {isa = PBXBuildFile; fileRef = 30B40F26276A2FC700B22DCC /* MatchDetailToEventsConverter.swift */; };
		30B40F2A276B2D9F00B22DCC /* MatchEventType.swift in Sources */ = {isa = PBXBuildFile; fileRef = 30B40F29276B2D9F00B22DCC /* MatchEventType.swift */; };
		3C40C18B276D8E5500BE430F /* Heroes.swift in Sources */ = {isa = PBXBuildFile; fileRef = 3C40C18A276D8E5400BE430F /* Heroes.swift */; };
		3C40C18D276D8ECF00BE430F /* HeroesService.swift in Sources */ = {isa = PBXBuildFile; fileRef = 3C40C18C276D8ECF00BE430F /* HeroesService.swift */; };
		3CF8F5212763C55900AC0DD4 /* MatchDetailDecodingTest.swift in Sources */ = {isa = PBXBuildFile; fileRef = 3CF8F5202763C55900AC0DD4 /* MatchDetailDecodingTest.swift */; };
		3CF8F5252763C75700AC0DD4 /* PlayerDecodingTest.swift in Sources */ = {isa = PBXBuildFile; fileRef = 3CF8F5242763C75700AC0DD4 /* PlayerDecodingTest.swift */; };
		3CF8F5262763C87C00AC0DD4 /* MockMatchDetail.json in Resources */ = {isa = PBXBuildFile; fileRef = 3CF8F5222763C5C000AC0DD4 /* MockMatchDetail.json */; };
		3CF8F5272763C87F00AC0DD4 /* MockPlayer.json in Resources */ = {isa = PBXBuildFile; fileRef = 3CF8F5232763C72600AC0DD4 /* MockPlayer.json */; };
		3CFB2996276D1FAE002AAA54 /* PlotGpmTableViewCell.swift in Sources */ = {isa = PBXBuildFile; fileRef = 3CFB2995276D1FAE002AAA54 /* PlotGpmTableViewCell.swift */; };
		3CFB2998276D26DA002AAA54 /* PlotGpmInfo.swift in Sources */ = {isa = PBXBuildFile; fileRef = 3CFB2997276D26D9002AAA54 /* PlotGpmInfo.swift */; };
		5D2518612768BE7F0005374B /* MatchesModuleBuilder.swift in Sources */ = {isa = PBXBuildFile; fileRef = 5D2518602768BE7F0005374B /* MatchesModuleBuilder.swift */; };
		5D2518652768BE8F0005374B /* MatchesModuleViewController.swift in Sources */ = {isa = PBXBuildFile; fileRef = 5D2518622768BE8F0005374B /* MatchesModuleViewController.swift */; };
		5D2518662768BE8F0005374B /* ListTournamentsCell.swift in Sources */ = {isa = PBXBuildFile; fileRef = 5D2518632768BE8F0005374B /* ListTournamentsCell.swift */; };
		5D2518672768BE8F0005374B /* ListMatchesCell.swift in Sources */ = {isa = PBXBuildFile; fileRef = 5D2518642768BE8F0005374B /* ListMatchesCell.swift */; };
		5D2518692768BE980005374B /* MatchesModulePresenter.swift in Sources */ = {isa = PBXBuildFile; fileRef = 5D2518682768BE980005374B /* MatchesModulePresenter.swift */; };
		5D25186D2768BEA70005374B /* MatchesModulePresenterState.swift in Sources */ = {isa = PBXBuildFile; fileRef = 5D25186A2768BEA70005374B /* MatchesModulePresenterState.swift */; };
		5D25186E2768BEA70005374B /* MatchCollectionPresenterData.swift in Sources */ = {isa = PBXBuildFile; fileRef = 5D25186B2768BEA70005374B /* MatchCollectionPresenterData.swift */; };
		5D25186F2768BEA70005374B /* MatchesModuleViewState.swift in Sources */ = {isa = PBXBuildFile; fileRef = 5D25186C2768BEA70005374B /* MatchesModuleViewState.swift */; };
		5D25187D2769029E0005374B /* AppCoordinator.swift in Sources */ = {isa = PBXBuildFile; fileRef = 5D25187C2769029E0005374B /* AppCoordinator.swift */; };
		5D9C6B8B276CBF4000BAAEA6 /* GithubConstantsService.swift in Sources */ = {isa = PBXBuildFile; fileRef = 5D9C6B8A276CBF4000BAAEA6 /* GithubConstantsService.swift */; };
		5D9C6B8D276CBF6200BAAEA6 /* HeroImage.swift in Sources */ = {isa = PBXBuildFile; fileRef = 5D9C6B8C276CBF6200BAAEA6 /* HeroImage.swift */; };
		5D9C6B8F276CBF7500BAAEA6 /* GameMode.swift in Sources */ = {isa = PBXBuildFile; fileRef = 5D9C6B8E276CBF7500BAAEA6 /* GameMode.swift */; };
		5D9C6BB8276CC81400BAAEA6 /* PlayerInfoModuleBuilder.swift in Sources */ = {isa = PBXBuildFile; fileRef = 5D9C6BB7276CC81400BAAEA6 /* PlayerInfoModuleBuilder.swift */; };
		5D9C6BBE276CC82700BAAEA6 /* PlayerMainInfoViewState.swift in Sources */ = {isa = PBXBuildFile; fileRef = 5D9C6BB9276CC82600BAAEA6 /* PlayerMainInfoViewState.swift */; };
		5D9C6BBF276CC82700BAAEA6 /* PlayerInfoModulePresenterState.swift in Sources */ = {isa = PBXBuildFile; fileRef = 5D9C6BBA276CC82600BAAEA6 /* PlayerInfoModulePresenterState.swift */; };
		5D9C6BC0276CC82700BAAEA6 /* PlayerMatchViewState.swift in Sources */ = {isa = PBXBuildFile; fileRef = 5D9C6BBB276CC82700BAAEA6 /* PlayerMatchViewState.swift */; };
		5D9C6BC1276CC82700BAAEA6 /* PlayerWLViewState.swift in Sources */ = {isa = PBXBuildFile; fileRef = 5D9C6BBC276CC82700BAAEA6 /* PlayerWLViewState.swift */; };
		5D9C6BC2276CC82700BAAEA6 /* PlayerInfoModuleViewState.swift in Sources */ = {isa = PBXBuildFile; fileRef = 5D9C6BBD276CC82700BAAEA6 /* PlayerInfoModuleViewState.swift */; };
		5D9C6BC4276CC82F00BAAEA6 /* PlayerInfoModulePresenter.swift in Sources */ = {isa = PBXBuildFile; fileRef = 5D9C6BC3276CC82F00BAAEA6 /* PlayerInfoModulePresenter.swift */; };
		5D9C6BCD276CC83900BAAEA6 /* PlayerInfoModuleViewController.swift in Sources */ = {isa = PBXBuildFile; fileRef = 5D9C6BC5276CC83900BAAEA6 /* PlayerInfoModuleViewController.swift */; };
		5D9C6BCE276CC83900BAAEA6 /* PlayerMainInfoCell.swift in Sources */ = {isa = PBXBuildFile; fileRef = 5D9C6BC6276CC83900BAAEA6 /* PlayerMainInfoCell.swift */; };
		5D9C6BCF276CC83900BAAEA6 /* PlayerWLCell.swift in Sources */ = {isa = PBXBuildFile; fileRef = 5D9C6BC7276CC83900BAAEA6 /* PlayerWLCell.swift */; };
		5D9C6BD0276CC83900BAAEA6 /* RecentMatchesHeader.swift in Sources */ = {isa = PBXBuildFile; fileRef = 5D9C6BC8276CC83900BAAEA6 /* RecentMatchesHeader.swift */; };
		5D9C6BD1276CC83900BAAEA6 /* RecentMatchesTitle.swift in Sources */ = {isa = PBXBuildFile; fileRef = 5D9C6BC9276CC83900BAAEA6 /* RecentMatchesTitle.swift */; };
		5D9C6BD2276CC83900BAAEA6 /* PlayerMatchCell.swift in Sources */ = {isa = PBXBuildFile; fileRef = 5D9C6BCA276CC83900BAAEA6 /* PlayerMatchCell.swift */; };
		5D9C6BD3276CC83900BAAEA6 /* PlayerTableViewCellData.swift in Sources */ = {isa = PBXBuildFile; fileRef = 5D9C6BCB276CC83900BAAEA6 /* PlayerTableViewCellData.swift */; };
		5D9C6BD4276CC83900BAAEA6 /* PlayerInfoCellConfigurable.swift in Sources */ = {isa = PBXBuildFile; fileRef = 5D9C6BCC276CC83900BAAEA6 /* PlayerInfoCellConfigurable.swift */; };
		5D9C6BD9276CC8CF00BAAEA6 /* PlayerInfoService.swift in Sources */ = {isa = PBXBuildFile; fileRef = 5D9C6BD8276CC8CF00BAAEA6 /* PlayerInfoService.swift */; };
		5D9C6BDD276CC8DE00BAAEA6 /* PlayerMainInfo.swift in Sources */ = {isa = PBXBuildFile; fileRef = 5D9C6BDA276CC8DE00BAAEA6 /* PlayerMainInfo.swift */; };
		5D9C6BDE276CC8DE00BAAEA6 /* PlayerMatch.swift in Sources */ = {isa = PBXBuildFile; fileRef = 5D9C6BDB276CC8DE00BAAEA6 /* PlayerMatch.swift */; };
		5D9C6BDF276CC8DE00BAAEA6 /* PlayerWL.swift in Sources */ = {isa = PBXBuildFile; fileRef = 5D9C6BDC276CC8DE00BAAEA6 /* PlayerWL.swift */; };
		5E3988E4276B619B00A3E54C /* TeamPlayers.swift in Sources */ = {isa = PBXBuildFile; fileRef = 5E3988E3276B619B00A3E54C /* TeamPlayers.swift */; };
		5ED64A922764D57500E4CF5B /* MainTabBarController.swift in Sources */ = {isa = PBXBuildFile; fileRef = 5ED64A912764D57500E4CF5B /* MainTabBarController.swift */; };
		5EE31DC327678EE200A3667B /* TournamentViewState.swift in Sources */ = {isa = PBXBuildFile; fileRef = 5EE31DC227678EE200A3667B /* TournamentViewState.swift */; };
		6035383B2766619800CC32AD /* SearchPlayerTableViewCell.swift in Sources */ = {isa = PBXBuildFile; fileRef = 603538392766619800CC32AD /* SearchPlayerTableViewCell.swift */; };
		6035383F2767459500CC32AD /* ErrorView.swift in Sources */ = {isa = PBXBuildFile; fileRef = 6035383E2767459500CC32AD /* ErrorView.swift */; };
		837AED9D27690ADB0009589E /* SearchPlayerModuleViewState.swift in Sources */ = {isa = PBXBuildFile; fileRef = 837AED9B27690ADB0009589E /* SearchPlayerModuleViewState.swift */; };
		837AED9E27690ADB0009589E /* SearchPlayerModulePresenterState.swift in Sources */ = {isa = PBXBuildFile; fileRef = 837AED9C27690ADB0009589E /* SearchPlayerModulePresenterState.swift */; };
		837AED9F27690C530009589E /* SearchPlayerModuleBuilder.swift in Sources */ = {isa = PBXBuildFile; fileRef = F0DF329B27674C2E004670C0 /* SearchPlayerModuleBuilder.swift */; };
		98FFE34E276B3F4F00C3839D /* TeamInfoService.swift in Sources */ = {isa = PBXBuildFile; fileRef = 98FFE34D276B3F4F00C3839D /* TeamInfoService.swift */; };
		98FFE350276B409800C3839D /* TeamMatches.swift in Sources */ = {isa = PBXBuildFile; fileRef = 98FFE34F276B409800C3839D /* TeamMatches.swift */; };
		98FFE354276B6F1D00C3839D /* TeamHeroes.swift in Sources */ = {isa = PBXBuildFile; fileRef = 98FFE353276B6F1D00C3839D /* TeamHeroes.swift */; };
		98FFE359276B787700C3839D /* TeamInfoModulePresenter.swift in Sources */ = {isa = PBXBuildFile; fileRef = 98FFE358276B787700C3839D /* TeamInfoModulePresenter.swift */; };
		98FFE35B276B7A8D00C3839D /* TeamInfoModuleBuilder.swift in Sources */ = {isa = PBXBuildFile; fileRef = 98FFE35A276B7A8D00C3839D /* TeamInfoModuleBuilder.swift */; };
		98FFE35E276B7AD900C3839D /* TeamInfoViewController.swift in Sources */ = {isa = PBXBuildFile; fileRef = 98FFE35D276B7AD900C3839D /* TeamInfoViewController.swift */; };
		98FFE362276BB1CE00C3839D /* TeamInfoModuleViewState.swift in Sources */ = {isa = PBXBuildFile; fileRef = 98FFE361276BB1CE00C3839D /* TeamInfoModuleViewState.swift */; };
		98FFE364276BB49C00C3839D /* TeamInfoTableViewCellType.swift in Sources */ = {isa = PBXBuildFile; fileRef = 98FFE363276BB49C00C3839D /* TeamInfoTableViewCellType.swift */; };
		98FFE366276BB50200C3839D /* TeamInfoTableViewCellData.swift in Sources */ = {isa = PBXBuildFile; fileRef = 98FFE365276BB50200C3839D /* TeamInfoTableViewCellData.swift */; };
		98FFE368276BB5D100C3839D /* TeamMainInfo.swift in Sources */ = {isa = PBXBuildFile; fileRef = 98FFE367276BB5D100C3839D /* TeamMainInfo.swift */; };
		98FFE36A276BB66D00C3839D /* MainTeamInfoTableViewCell.swift in Sources */ = {isa = PBXBuildFile; fileRef = 98FFE369276BB66D00C3839D /* MainTeamInfoTableViewCell.swift */; };
		98FFE36C276BB6E200C3839D /* TeamButtonsInfoTableViewCell.swift in Sources */ = {isa = PBXBuildFile; fileRef = 98FFE36B276BB6E200C3839D /* TeamButtonsInfoTableViewCell.swift */; };
		98FFE36E276BB9F200C3839D /* TeamInfo.swift in Sources */ = {isa = PBXBuildFile; fileRef = 98FFE36D276BB9F200C3839D /* TeamInfo.swift */; };
		98FFE370276BBB5700C3839D /* TeamInfoModuleConverter.swift in Sources */ = {isa = PBXBuildFile; fileRef = 98FFE36F276BBB5700C3839D /* TeamInfoModuleConverter.swift */; };
		98FFE372276BC6A800C3839D /* DetailedTeamInfoCellConfigurable.swift in Sources */ = {isa = PBXBuildFile; fileRef = 98FFE371276BC6A800C3839D /* DetailedTeamInfoCellConfigurable.swift */; };
		98FFE374276C8D5900C3839D /* CurrentPlayersTableViewCell.swift in Sources */ = {isa = PBXBuildFile; fileRef = 98FFE373276C8D5800C3839D /* CurrentPlayersTableViewCell.swift */; };
		98FFE376276C902300C3839D /* TeamsInfoMatchesHeader.swift in Sources */ = {isa = PBXBuildFile; fileRef = 98FFE375276C902300C3839D /* TeamsInfoMatchesHeader.swift */; };
		98FFE37A276CA96200C3839D /* CurrentPlayersInfo.swift in Sources */ = {isa = PBXBuildFile; fileRef = 98FFE379276CA96200C3839D /* CurrentPlayersInfo.swift */; };
		98FFE37C276CD57300C3839D /* CurrentHerousInfo.swift in Sources */ = {isa = PBXBuildFile; fileRef = 98FFE37B276CD57200C3839D /* CurrentHerousInfo.swift */; };
		98FFE37E276D000900C3839D /* TeamMatchesInfo.swift in Sources */ = {isa = PBXBuildFile; fileRef = 98FFE37D276D000900C3839D /* TeamMatchesInfo.swift */; };
		98FFE380276D007300C3839D /* TeamsInfoMatches.swift in Sources */ = {isa = PBXBuildFile; fileRef = 98FFE37F276D007300C3839D /* TeamsInfoMatches.swift */; };
		98FFE382276D3C9000C3839D /* GamesInfoHeader.swift in Sources */ = {isa = PBXBuildFile; fileRef = 98FFE381276D3C8F00C3839D /* GamesInfoHeader.swift */; };
		98FFE383276DD42000C3839D /* TeamsModuleViewController.swift in Sources */ = {isa = PBXBuildFile; fileRef = EC4E6F992764C8550085B61D /* TeamsModuleViewController.swift */; };
		B61F59492760A4FB00D08CEA /* AppDelegate.swift in Sources */ = {isa = PBXBuildFile; fileRef = B61F59482760A4FB00D08CEA /* AppDelegate.swift */; };
		B61F59522760A4FD00D08CEA /* Assets.xcassets in Resources */ = {isa = PBXBuildFile; fileRef = B61F59512760A4FD00D08CEA /* Assets.xcassets */; };
		B61F59552760A4FD00D08CEA /* LaunchScreen.storyboard in Resources */ = {isa = PBXBuildFile; fileRef = B61F59532760A4FD00D08CEA /* LaunchScreen.storyboard */; };
		CE72264D276CC21000ED1F95 /* ConstanceStorage.swift in Sources */ = {isa = PBXBuildFile; fileRef = CE72264C276CC21000ED1F95 /* ConstanceStorage.swift */; };
		CEFEF697276A28E800CAE93B /* MatchInfoConverter.swift in Sources */ = {isa = PBXBuildFile; fileRef = CEFEF68A276A28E800CAE93B /* MatchInfoConverter.swift */; };
		CEFEF698276A28E800CAE93B /* MatchInfoModulePresenter.swift in Sources */ = {isa = PBXBuildFile; fileRef = CEFEF68B276A28E800CAE93B /* MatchInfoModulePresenter.swift */; };
		CEFEF699276A28E800CAE93B /* PlayerList.swift in Sources */ = {isa = PBXBuildFile; fileRef = CEFEF68D276A28E800CAE93B /* PlayerList.swift */; };
		CEFEF69A276A28E800CAE93B /* AdditionalMatchInfo.swift in Sources */ = {isa = PBXBuildFile; fileRef = CEFEF68E276A28E800CAE93B /* AdditionalMatchInfo.swift */; };
		CEFEF69B276A28E800CAE93B /* MatchTableViewData.swift in Sources */ = {isa = PBXBuildFile; fileRef = CEFEF68F276A28E800CAE93B /* MatchTableViewData.swift */; };
		CEFEF69C276A28E800CAE93B /* MatchesInfoModuleState.swift in Sources */ = {isa = PBXBuildFile; fileRef = CEFEF690276A28E800CAE93B /* MatchesInfoModuleState.swift */; };
		CEFEF69D276A28E800CAE93B /* MatchTableViewCellData.swift in Sources */ = {isa = PBXBuildFile; fileRef = CEFEF691276A28E800CAE93B /* MatchTableViewCellData.swift */; };
		CEFEF69E276A28E800CAE93B /* MainMatchInfo.swift in Sources */ = {isa = PBXBuildFile; fileRef = CEFEF692276A28E800CAE93B /* MainMatchInfo.swift */; };
		CEFEF69F276A28E800CAE93B /* TeamMatchInfo.swift in Sources */ = {isa = PBXBuildFile; fileRef = CEFEF693276A28E800CAE93B /* TeamMatchInfo.swift */; };
		CEFEF6A0276A28E800CAE93B /* MatchTableViewCellType.swift in Sources */ = {isa = PBXBuildFile; fileRef = CEFEF694276A28E800CAE93B /* MatchTableViewCellType.swift */; };
		CEFEF6A1276A28E800CAE93B /* MatchInfoModuleBuilder.swift in Sources */ = {isa = PBXBuildFile; fileRef = CEFEF695276A28E800CAE93B /* MatchInfoModuleBuilder.swift */; };
		CEFEF6AB276A2B7B00CAE93B /* MatchInfoViewController.swift in Sources */ = {isa = PBXBuildFile; fileRef = CEFEF6A3276A2B7B00CAE93B /* MatchInfoViewController.swift */; };
		CEFEF6AC276A2B7B00CAE93B /* DetailedMatchInfoCellConfigurable.swift in Sources */ = {isa = PBXBuildFile; fileRef = CEFEF6A4276A2B7B00CAE93B /* DetailedMatchInfoCellConfigurable.swift */; };
		CEFEF6AD276A2B7B00CAE93B /* TeamMatchInfoTableViewCell.swift in Sources */ = {isa = PBXBuildFile; fileRef = CEFEF6A5276A2B7B00CAE93B /* TeamMatchInfoTableViewCell.swift */; };
		CEFEF6AE276A2B7B00CAE93B /* PlayersTableHeaderCell.swift in Sources */ = {isa = PBXBuildFile; fileRef = CEFEF6A6276A2B7B00CAE93B /* PlayersTableHeaderCell.swift */; };
		CEFEF6AF276A2B7B00CAE93B /* MatchPlayerCell.swift in Sources */ = {isa = PBXBuildFile; fileRef = CEFEF6A7276A2B7B00CAE93B /* MatchPlayerCell.swift */; };
		CEFEF6B0276A2B7B00CAE93B /* CopyIdButton.swift in Sources */ = {isa = PBXBuildFile; fileRef = CEFEF6A8276A2B7B00CAE93B /* CopyIdButton.swift */; };
		CEFEF6B1276A2B7B00CAE93B /* MainMatchInfoTableViewCell.swift in Sources */ = {isa = PBXBuildFile; fileRef = CEFEF6A9276A2B7B00CAE93B /* MainMatchInfoTableViewCell.swift */; };
		CEFEF6B2276A2B7B00CAE93B /* AdditionalMatchInfoTableViewCell.swift in Sources */ = {isa = PBXBuildFile; fileRef = CEFEF6AA276A2B7B00CAE93B /* AdditionalMatchInfoTableViewCell.swift */; };
		EA852117FB5669A545C9F8B4 /* MatchDetail.swift in Sources */ = {isa = PBXBuildFile; fileRef = EA852BF972642EE930F2680C /* MatchDetail.swift */; };
		EA8522C781197B1ACBBE601B /* Players.swift in Sources */ = {isa = PBXBuildFile; fileRef = EA85264F7CF441C52C30E6D7 /* Players.swift */; };
		EA8525C10313780ABFC01843 /* Match.swift in Sources */ = {isa = PBXBuildFile; fileRef = EA85276324310C6574CACFC6 /* Match.swift */; };
		EC1415E6276728E200715D00 /* NetworkClient.swift in Sources */ = {isa = PBXBuildFile; fileRef = 300FC9F32762237900A7A0EF /* NetworkClient.swift */; };
		EC1415E7276728EA00715D00 /* HTTPRequest.swift in Sources */ = {isa = PBXBuildFile; fileRef = 300FC9F527622FA500A7A0EF /* HTTPRequest.swift */; };
		EC1415E8276728F200715D00 /* HTTPMethod.swift in Sources */ = {isa = PBXBuildFile; fileRef = 300FC9F72762304300A7A0EF /* HTTPMethod.swift */; };
		EC1415E9276728FE00715D00 /* HTTPError.swift in Sources */ = {isa = PBXBuildFile; fileRef = 300FC9F92762334900A7A0EF /* HTTPError.swift */; };
		EC1415EA2767290800715D00 /* HTTPNetworkResponse.swift in Sources */ = {isa = PBXBuildFile; fileRef = 300FCA0027623F0A00A7A0EF /* HTTPNetworkResponse.swift */; };
		EC1415F4276749A200715D00 /* MatchDetailService.swift in Sources */ = {isa = PBXBuildFile; fileRef = EC1415F3276749A200715D00 /* MatchDetailService.swift */; };
		EC1415F5276749A200715D00 /* MatchDetailService.swift in Sources */ = {isa = PBXBuildFile; fileRef = EC1415F3276749A200715D00 /* MatchDetailService.swift */; };
		EC1415F827674C2000715D00 /* MatchDetailServiceReceivingDataTest.swift in Sources */ = {isa = PBXBuildFile; fileRef = EC1415F627674C2000715D00 /* MatchDetailServiceReceivingDataTest.swift */; };
		EC1415FC2767797400715D00 /* CachedImageView.swift in Sources */ = {isa = PBXBuildFile; fileRef = EC1415FB2767797400715D00 /* CachedImageView.swift */; };
		EC14160027677E3600715D00 /* ImageService.swift in Sources */ = {isa = PBXBuildFile; fileRef = EC1415FF27677E3600715D00 /* ImageService.swift */; };
		EC4B5CAA276C8104008037CB /* WardsMapTableViewCell.swift in Sources */ = {isa = PBXBuildFile; fileRef = EC4B5CA9276C8104008037CB /* WardsMapTableViewCell.swift */; };
		EC4E6F8D2764C8250085B61D /* ColorPalette.swift in Sources */ = {isa = PBXBuildFile; fileRef = EC4E6F8C2764C8250085B61D /* ColorPalette.swift */; };
		EC4E6FA12764C8550085B61D /* TeamsModulePresenter.swift in Sources */ = {isa = PBXBuildFile; fileRef = EC4E6F942764C8550085B61D /* TeamsModulePresenter.swift */; };
		EC4E6FA92764C85E0085B61D /* NetworkService.swift in Sources */ = {isa = PBXBuildFile; fileRef = EC4E6FA82764C85E0085B61D /* NetworkService.swift */; };
		EC4E6FAB2764CCE10085B61D /* NetworkClientImp.swift in Sources */ = {isa = PBXBuildFile; fileRef = EC4E6FAA2764CCE10085B61D /* NetworkClientImp.swift */; };
		EC4E6FAC2764CCE10085B61D /* NetworkClientImp.swift in Sources */ = {isa = PBXBuildFile; fileRef = EC4E6FAA2764CCE10085B61D /* NetworkClientImp.swift */; };
		ECAA0D052764ED8B00DF81ED /* MatchesService.swift in Sources */ = {isa = PBXBuildFile; fileRef = ECAA0D042764ED8B00DF81ED /* MatchesService.swift */; };
		ECAA0D062764ED8B00DF81ED /* MatchesService.swift in Sources */ = {isa = PBXBuildFile; fileRef = ECAA0D042764ED8B00DF81ED /* MatchesService.swift */; };
		ECAA0D0A2764F6BF00DF81ED /* MatchesServiceReceivingDataTest.swift in Sources */ = {isa = PBXBuildFile; fileRef = ECAA0D082764F6BF00DF81ED /* MatchesServiceReceivingDataTest.swift */; };
		F0153D8D276D206A00D26E12 /* Extensions.swift in Sources */ = {isa = PBXBuildFile; fileRef = F0153D8C276D206900D26E12 /* Extensions.swift */; };
		F01B49072768C37200103100 /* SearchPlayerResult.swift in Sources */ = {isa = PBXBuildFile; fileRef = F01B49062768C37200103100 /* SearchPlayerResult.swift */; };
		F01B49092768C3A700103100 /* ImageNetworkService.swift in Sources */ = {isa = PBXBuildFile; fileRef = F01B49082768C3A700103100 /* ImageNetworkService.swift */; };
		F01B49102769390800103100 /* TeamsCell.swift in Sources */ = {isa = PBXBuildFile; fileRef = F01B490F2769390800103100 /* TeamsCell.swift */; };
		F09C5B41276A2ED100413011 /* TeamsHeaderView.swift in Sources */ = {isa = PBXBuildFile; fileRef = F09C5B40276A2ED000413011 /* TeamsHeaderView.swift */; };
		F09C5B45276B29CD00413011 /* TeamShortInfo.swift in Sources */ = {isa = PBXBuildFile; fileRef = F09C5B44276B29CD00413011 /* TeamShortInfo.swift */; };
		F09C5B4B276B3DC100413011 /* TeamsService.swift in Sources */ = {isa = PBXBuildFile; fileRef = F09C5B4A276B3DC100413011 /* TeamsService.swift */; };
		F09C5B4D276B3E5500413011 /* TeamResult.swift in Sources */ = {isa = PBXBuildFile; fileRef = F09C5B4C276B3E5500413011 /* TeamResult.swift */; };
		F09C5B4E276BB85B00413011 /* TeamsModuleViewState.swift in Sources */ = {isa = PBXBuildFile; fileRef = EC4E6F972764C8550085B61D /* TeamsModuleViewState.swift */; };
		F09C5B4F276BBD5600413011 /* TeamsModuleBuilder.swift in Sources */ = {isa = PBXBuildFile; fileRef = EC4E6F952764C8550085B61D /* TeamsModuleBuilder.swift */; };
		F09C5B74276C820C00413011 /* SquareLoadingView.swift in Sources */ = {isa = PBXBuildFile; fileRef = F09C5B73276C820C00413011 /* SquareLoadingView.swift */; };
		F09C5B76276CB55000413011 /* Converter.swift in Sources */ = {isa = PBXBuildFile; fileRef = F09C5B75276CB55000413011 /* Converter.swift */; };
		F09C5B78276CDA4100413011 /* CustomNavigationController.swift in Sources */ = {isa = PBXBuildFile; fileRef = F09C5B77276CDA4100413011 /* CustomNavigationController.swift */; };
		F0DF32A32767850C004670C0 /* PlayerInfoFromSearch.swift in Sources */ = {isa = PBXBuildFile; fileRef = F0DF32A22767850C004670C0 /* PlayerInfoFromSearch.swift */; };
		F0F2EE4A2764D06200EAB7E5 /* SearchPlayerModulePresenter.swift in Sources */ = {isa = PBXBuildFile; fileRef = F0F2EE492764D06200EAB7E5 /* SearchPlayerModulePresenter.swift */; };
		F0F2EE4C2764D0CE00EAB7E5 /* SearchPlayerModuleViewController.swift in Sources */ = {isa = PBXBuildFile; fileRef = F0F2EE4B2764D0CE00EAB7E5 /* SearchPlayerModuleViewController.swift */; };
/* End PBXBuildFile section */

/* Begin PBXContainerItemProxy section */
		300FCA0C27625B8500A7A0EF /* PBXContainerItemProxy */ = {
			isa = PBXContainerItemProxy;
			containerPortal = B61F593D2760A4FB00D08CEA /* Project object */;
			proxyType = 1;
			remoteGlobalIDString = B61F59442760A4FB00D08CEA;
			remoteInfo = DotaStats;
		};
/* End PBXContainerItemProxy section */

/* Begin PBXFileReference section */
		300FC9F32762237900A7A0EF /* NetworkClient.swift */ = {isa = PBXFileReference; lastKnownFileType = sourcecode.swift; path = NetworkClient.swift; sourceTree = "<group>"; };
		300FC9F527622FA500A7A0EF /* HTTPRequest.swift */ = {isa = PBXFileReference; lastKnownFileType = sourcecode.swift; path = HTTPRequest.swift; sourceTree = "<group>"; };
		300FC9F72762304300A7A0EF /* HTTPMethod.swift */ = {isa = PBXFileReference; lastKnownFileType = sourcecode.swift; path = HTTPMethod.swift; sourceTree = "<group>"; };
		300FC9F92762334900A7A0EF /* HTTPError.swift */ = {isa = PBXFileReference; lastKnownFileType = sourcecode.swift; path = HTTPError.swift; sourceTree = "<group>"; };
		300FCA0027623F0A00A7A0EF /* HTTPNetworkResponse.swift */ = {isa = PBXFileReference; lastKnownFileType = sourcecode.swift; path = HTTPNetworkResponse.swift; sourceTree = "<group>"; };
		300FCA0827625B8500A7A0EF /* DotaStatsTests.xctest */ = {isa = PBXFileReference; explicitFileType = wrapper.cfbundle; includeInIndex = 0; path = DotaStatsTests.xctest; sourceTree = BUILT_PRODUCTS_DIR; };
		300FCA0A27625B8500A7A0EF /* DotaStatsTests.swift */ = {isa = PBXFileReference; lastKnownFileType = sourcecode.swift; path = DotaStatsTests.swift; sourceTree = "<group>"; };
		300FCA122762618000A7A0EF /* NetworkClientReceivingDataTest.swift */ = {isa = PBXFileReference; lastKnownFileType = sourcecode.swift; path = NetworkClientReceivingDataTest.swift; sourceTree = "<group>"; };
		303AC4CF276370F400A8C462 /* MatchesDecodingTest.swift */ = {isa = PBXFileReference; lastKnownFileType = sourcecode.swift; path = MatchesDecodingTest.swift; sourceTree = "<group>"; };
		303AC4D1276371A600A8C462 /* MockMatches.json */ = {isa = PBXFileReference; lastKnownFileType = text.json; path = MockMatches.json; sourceTree = "<group>"; };
		303AC4DC27674C4000A8C462 /* NetworkServiceReceivingDataByPassingQueriesTest.swift */ = {isa = PBXFileReference; lastKnownFileType = sourcecode.swift; path = NetworkServiceReceivingDataByPassingQueriesTest.swift; sourceTree = "<group>"; };
		303AC4E12767873E00A8C462 /* PlayerSearchService.swift */ = {isa = PBXFileReference; lastKnownFileType = sourcecode.swift; path = PlayerSearchService.swift; sourceTree = "<group>"; };
		303AC4E42767888500A8C462 /* PlayerSearchServiceReceivingDataTest.swift */ = {isa = PBXFileReference; lastKnownFileType = sourcecode.swift; path = PlayerSearchServiceReceivingDataTest.swift; sourceTree = "<group>"; };
		303AC4E62767933700A8C462 /* DateFormatterExtension.swift */ = {isa = PBXFileReference; lastKnownFileType = sourcecode.swift; path = DateFormatterExtension.swift; sourceTree = "<group>"; };
		307F5CA6276C9080000B6548 /* RegionsService.swift */ = {isa = PBXFileReference; lastKnownFileType = sourcecode.swift; path = RegionsService.swift; sourceTree = "<group>"; };
		307F5CAA276CB61B000B6548 /* PreferredDataViewModePickerCell.swift */ = {isa = PBXFileReference; lastKnownFileType = sourcecode.swift; path = PreferredDataViewModePickerCell.swift; sourceTree = "<group>"; };
		307F5CAC276D03F0000B6548 /* PickedDisplayingMode.swift */ = {isa = PBXFileReference; lastKnownFileType = sourcecode.swift; path = PickedDisplayingMode.swift; sourceTree = "<group>"; };
		30B40F23276A2C8C00B22DCC /* MatchEvent.swift */ = {isa = PBXFileReference; lastKnownFileType = sourcecode.swift; path = MatchEvent.swift; sourceTree = "<group>"; };
		30B40F26276A2FC700B22DCC /* MatchDetailToEventsConverter.swift */ = {isa = PBXFileReference; lastKnownFileType = sourcecode.swift; path = MatchDetailToEventsConverter.swift; sourceTree = "<group>"; };
		30B40F29276B2D9F00B22DCC /* MatchEventType.swift */ = {isa = PBXFileReference; lastKnownFileType = sourcecode.swift; path = MatchEventType.swift; sourceTree = "<group>"; };
		3C40C18A276D8E5400BE430F /* Heroes.swift */ = {isa = PBXFileReference; lastKnownFileType = sourcecode.swift; path = Heroes.swift; sourceTree = "<group>"; };
		3C40C18C276D8ECF00BE430F /* HeroesService.swift */ = {isa = PBXFileReference; lastKnownFileType = sourcecode.swift; path = HeroesService.swift; sourceTree = "<group>"; };
		3CF8F5202763C55900AC0DD4 /* MatchDetailDecodingTest.swift */ = {isa = PBXFileReference; lastKnownFileType = sourcecode.swift; path = MatchDetailDecodingTest.swift; sourceTree = "<group>"; };
		3CF8F5222763C5C000AC0DD4 /* MockMatchDetail.json */ = {isa = PBXFileReference; lastKnownFileType = text.json; path = MockMatchDetail.json; sourceTree = "<group>"; };
		3CF8F5232763C72600AC0DD4 /* MockPlayer.json */ = {isa = PBXFileReference; lastKnownFileType = text.json; path = MockPlayer.json; sourceTree = "<group>"; };
		3CF8F5242763C75700AC0DD4 /* PlayerDecodingTest.swift */ = {isa = PBXFileReference; lastKnownFileType = sourcecode.swift; path = PlayerDecodingTest.swift; sourceTree = "<group>"; };
		3CFB2995276D1FAE002AAA54 /* PlotGpmTableViewCell.swift */ = {isa = PBXFileReference; lastKnownFileType = sourcecode.swift; path = PlotGpmTableViewCell.swift; sourceTree = "<group>"; };
		3CFB2997276D26D9002AAA54 /* PlotGpmInfo.swift */ = {isa = PBXFileReference; lastKnownFileType = sourcecode.swift; path = PlotGpmInfo.swift; sourceTree = "<group>"; };
		5D2518602768BE7F0005374B /* MatchesModuleBuilder.swift */ = {isa = PBXFileReference; fileEncoding = 4; lastKnownFileType = sourcecode.swift; path = MatchesModuleBuilder.swift; sourceTree = "<group>"; };
		5D2518622768BE8F0005374B /* MatchesModuleViewController.swift */ = {isa = PBXFileReference; fileEncoding = 4; lastKnownFileType = sourcecode.swift; path = MatchesModuleViewController.swift; sourceTree = "<group>"; };
		5D2518632768BE8F0005374B /* ListTournamentsCell.swift */ = {isa = PBXFileReference; fileEncoding = 4; lastKnownFileType = sourcecode.swift; path = ListTournamentsCell.swift; sourceTree = "<group>"; };
		5D2518642768BE8F0005374B /* ListMatchesCell.swift */ = {isa = PBXFileReference; fileEncoding = 4; lastKnownFileType = sourcecode.swift; path = ListMatchesCell.swift; sourceTree = "<group>"; };
		5D2518682768BE980005374B /* MatchesModulePresenter.swift */ = {isa = PBXFileReference; fileEncoding = 4; lastKnownFileType = sourcecode.swift; path = MatchesModulePresenter.swift; sourceTree = "<group>"; };
		5D25186A2768BEA70005374B /* MatchesModulePresenterState.swift */ = {isa = PBXFileReference; fileEncoding = 4; lastKnownFileType = sourcecode.swift; path = MatchesModulePresenterState.swift; sourceTree = "<group>"; };
		5D25186B2768BEA70005374B /* MatchCollectionPresenterData.swift */ = {isa = PBXFileReference; fileEncoding = 4; lastKnownFileType = sourcecode.swift; path = MatchCollectionPresenterData.swift; sourceTree = "<group>"; };
		5D25186C2768BEA70005374B /* MatchesModuleViewState.swift */ = {isa = PBXFileReference; fileEncoding = 4; lastKnownFileType = sourcecode.swift; path = MatchesModuleViewState.swift; sourceTree = "<group>"; };
		5D25187C2769029E0005374B /* AppCoordinator.swift */ = {isa = PBXFileReference; fileEncoding = 4; lastKnownFileType = sourcecode.swift; path = AppCoordinator.swift; sourceTree = "<group>"; };
		5D9C6B8A276CBF4000BAAEA6 /* GithubConstantsService.swift */ = {isa = PBXFileReference; fileEncoding = 4; lastKnownFileType = sourcecode.swift; path = GithubConstantsService.swift; sourceTree = "<group>"; };
		5D9C6B8C276CBF6200BAAEA6 /* HeroImage.swift */ = {isa = PBXFileReference; fileEncoding = 4; lastKnownFileType = sourcecode.swift; path = HeroImage.swift; sourceTree = "<group>"; };
		5D9C6B8E276CBF7500BAAEA6 /* GameMode.swift */ = {isa = PBXFileReference; fileEncoding = 4; lastKnownFileType = sourcecode.swift; path = GameMode.swift; sourceTree = "<group>"; };
		5D9C6BB7276CC81400BAAEA6 /* PlayerInfoModuleBuilder.swift */ = {isa = PBXFileReference; fileEncoding = 4; lastKnownFileType = sourcecode.swift; path = PlayerInfoModuleBuilder.swift; sourceTree = "<group>"; };
		5D9C6BB9276CC82600BAAEA6 /* PlayerMainInfoViewState.swift */ = {isa = PBXFileReference; fileEncoding = 4; lastKnownFileType = sourcecode.swift; path = PlayerMainInfoViewState.swift; sourceTree = "<group>"; };
		5D9C6BBA276CC82600BAAEA6 /* PlayerInfoModulePresenterState.swift */ = {isa = PBXFileReference; fileEncoding = 4; lastKnownFileType = sourcecode.swift; path = PlayerInfoModulePresenterState.swift; sourceTree = "<group>"; };
		5D9C6BBB276CC82700BAAEA6 /* PlayerMatchViewState.swift */ = {isa = PBXFileReference; fileEncoding = 4; lastKnownFileType = sourcecode.swift; path = PlayerMatchViewState.swift; sourceTree = "<group>"; };
		5D9C6BBC276CC82700BAAEA6 /* PlayerWLViewState.swift */ = {isa = PBXFileReference; fileEncoding = 4; lastKnownFileType = sourcecode.swift; path = PlayerWLViewState.swift; sourceTree = "<group>"; };
		5D9C6BBD276CC82700BAAEA6 /* PlayerInfoModuleViewState.swift */ = {isa = PBXFileReference; fileEncoding = 4; lastKnownFileType = sourcecode.swift; path = PlayerInfoModuleViewState.swift; sourceTree = "<group>"; };
		5D9C6BC3276CC82F00BAAEA6 /* PlayerInfoModulePresenter.swift */ = {isa = PBXFileReference; fileEncoding = 4; lastKnownFileType = sourcecode.swift; path = PlayerInfoModulePresenter.swift; sourceTree = "<group>"; };
		5D9C6BC5276CC83900BAAEA6 /* PlayerInfoModuleViewController.swift */ = {isa = PBXFileReference; fileEncoding = 4; lastKnownFileType = sourcecode.swift; path = PlayerInfoModuleViewController.swift; sourceTree = "<group>"; };
		5D9C6BC6276CC83900BAAEA6 /* PlayerMainInfoCell.swift */ = {isa = PBXFileReference; fileEncoding = 4; lastKnownFileType = sourcecode.swift; path = PlayerMainInfoCell.swift; sourceTree = "<group>"; };
		5D9C6BC7276CC83900BAAEA6 /* PlayerWLCell.swift */ = {isa = PBXFileReference; fileEncoding = 4; lastKnownFileType = sourcecode.swift; path = PlayerWLCell.swift; sourceTree = "<group>"; };
		5D9C6BC8276CC83900BAAEA6 /* RecentMatchesHeader.swift */ = {isa = PBXFileReference; fileEncoding = 4; lastKnownFileType = sourcecode.swift; path = RecentMatchesHeader.swift; sourceTree = "<group>"; };
		5D9C6BC9276CC83900BAAEA6 /* RecentMatchesTitle.swift */ = {isa = PBXFileReference; fileEncoding = 4; lastKnownFileType = sourcecode.swift; path = RecentMatchesTitle.swift; sourceTree = "<group>"; };
		5D9C6BCA276CC83900BAAEA6 /* PlayerMatchCell.swift */ = {isa = PBXFileReference; fileEncoding = 4; lastKnownFileType = sourcecode.swift; path = PlayerMatchCell.swift; sourceTree = "<group>"; };
		5D9C6BCB276CC83900BAAEA6 /* PlayerTableViewCellData.swift */ = {isa = PBXFileReference; fileEncoding = 4; lastKnownFileType = sourcecode.swift; path = PlayerTableViewCellData.swift; sourceTree = "<group>"; };
		5D9C6BCC276CC83900BAAEA6 /* PlayerInfoCellConfigurable.swift */ = {isa = PBXFileReference; fileEncoding = 4; lastKnownFileType = sourcecode.swift; path = PlayerInfoCellConfigurable.swift; sourceTree = "<group>"; };
		5D9C6BD8276CC8CF00BAAEA6 /* PlayerInfoService.swift */ = {isa = PBXFileReference; fileEncoding = 4; lastKnownFileType = sourcecode.swift; path = PlayerInfoService.swift; sourceTree = "<group>"; };
		5D9C6BDA276CC8DE00BAAEA6 /* PlayerMainInfo.swift */ = {isa = PBXFileReference; fileEncoding = 4; lastKnownFileType = sourcecode.swift; path = PlayerMainInfo.swift; sourceTree = "<group>"; };
		5D9C6BDB276CC8DE00BAAEA6 /* PlayerMatch.swift */ = {isa = PBXFileReference; fileEncoding = 4; lastKnownFileType = sourcecode.swift; path = PlayerMatch.swift; sourceTree = "<group>"; };
		5D9C6BDC276CC8DE00BAAEA6 /* PlayerWL.swift */ = {isa = PBXFileReference; fileEncoding = 4; lastKnownFileType = sourcecode.swift; path = PlayerWL.swift; sourceTree = "<group>"; };
		5E3988E3276B619B00A3E54C /* TeamPlayers.swift */ = {isa = PBXFileReference; lastKnownFileType = sourcecode.swift; path = TeamPlayers.swift; sourceTree = "<group>"; };
		5ED64A912764D57500E4CF5B /* MainTabBarController.swift */ = {isa = PBXFileReference; fileEncoding = 4; lastKnownFileType = sourcecode.swift; path = MainTabBarController.swift; sourceTree = "<group>"; };
		5EE31DC227678EE200A3667B /* TournamentViewState.swift */ = {isa = PBXFileReference; lastKnownFileType = sourcecode.swift; path = TournamentViewState.swift; sourceTree = "<group>"; };
		603538392766619800CC32AD /* SearchPlayerTableViewCell.swift */ = {isa = PBXFileReference; fileEncoding = 4; lastKnownFileType = sourcecode.swift; path = SearchPlayerTableViewCell.swift; sourceTree = "<group>"; };
		6035383E2767459500CC32AD /* ErrorView.swift */ = {isa = PBXFileReference; lastKnownFileType = sourcecode.swift; path = ErrorView.swift; sourceTree = "<group>"; };
		837AED9B27690ADB0009589E /* SearchPlayerModuleViewState.swift */ = {isa = PBXFileReference; fileEncoding = 4; lastKnownFileType = sourcecode.swift; path = SearchPlayerModuleViewState.swift; sourceTree = "<group>"; };
		837AED9C27690ADB0009589E /* SearchPlayerModulePresenterState.swift */ = {isa = PBXFileReference; fileEncoding = 4; lastKnownFileType = sourcecode.swift; path = SearchPlayerModulePresenterState.swift; sourceTree = "<group>"; };
		98FFE34D276B3F4F00C3839D /* TeamInfoService.swift */ = {isa = PBXFileReference; lastKnownFileType = sourcecode.swift; path = TeamInfoService.swift; sourceTree = "<group>"; };
		98FFE34F276B409800C3839D /* TeamMatches.swift */ = {isa = PBXFileReference; lastKnownFileType = sourcecode.swift; path = TeamMatches.swift; sourceTree = "<group>"; };
		98FFE353276B6F1D00C3839D /* TeamHeroes.swift */ = {isa = PBXFileReference; lastKnownFileType = sourcecode.swift; path = TeamHeroes.swift; sourceTree = "<group>"; };
		98FFE358276B787700C3839D /* TeamInfoModulePresenter.swift */ = {isa = PBXFileReference; lastKnownFileType = sourcecode.swift; path = TeamInfoModulePresenter.swift; sourceTree = "<group>"; };
		98FFE35A276B7A8D00C3839D /* TeamInfoModuleBuilder.swift */ = {isa = PBXFileReference; lastKnownFileType = sourcecode.swift; path = TeamInfoModuleBuilder.swift; sourceTree = "<group>"; };
		98FFE35D276B7AD900C3839D /* TeamInfoViewController.swift */ = {isa = PBXFileReference; lastKnownFileType = sourcecode.swift; path = TeamInfoViewController.swift; sourceTree = "<group>"; };
		98FFE361276BB1CE00C3839D /* TeamInfoModuleViewState.swift */ = {isa = PBXFileReference; lastKnownFileType = sourcecode.swift; path = TeamInfoModuleViewState.swift; sourceTree = "<group>"; };
		98FFE363276BB49C00C3839D /* TeamInfoTableViewCellType.swift */ = {isa = PBXFileReference; lastKnownFileType = sourcecode.swift; path = TeamInfoTableViewCellType.swift; sourceTree = "<group>"; };
		98FFE365276BB50200C3839D /* TeamInfoTableViewCellData.swift */ = {isa = PBXFileReference; lastKnownFileType = sourcecode.swift; path = TeamInfoTableViewCellData.swift; sourceTree = "<group>"; };
		98FFE367276BB5D100C3839D /* TeamMainInfo.swift */ = {isa = PBXFileReference; lastKnownFileType = sourcecode.swift; path = TeamMainInfo.swift; sourceTree = "<group>"; };
		98FFE369276BB66D00C3839D /* MainTeamInfoTableViewCell.swift */ = {isa = PBXFileReference; lastKnownFileType = sourcecode.swift; path = MainTeamInfoTableViewCell.swift; sourceTree = "<group>"; };
		98FFE36B276BB6E200C3839D /* TeamButtonsInfoTableViewCell.swift */ = {isa = PBXFileReference; lastKnownFileType = sourcecode.swift; path = TeamButtonsInfoTableViewCell.swift; sourceTree = "<group>"; };
		98FFE36D276BB9F200C3839D /* TeamInfo.swift */ = {isa = PBXFileReference; lastKnownFileType = sourcecode.swift; path = TeamInfo.swift; sourceTree = "<group>"; };
		98FFE36F276BBB5700C3839D /* TeamInfoModuleConverter.swift */ = {isa = PBXFileReference; lastKnownFileType = sourcecode.swift; path = TeamInfoModuleConverter.swift; sourceTree = "<group>"; };
		98FFE371276BC6A800C3839D /* DetailedTeamInfoCellConfigurable.swift */ = {isa = PBXFileReference; lastKnownFileType = sourcecode.swift; path = DetailedTeamInfoCellConfigurable.swift; sourceTree = "<group>"; };
		98FFE373276C8D5800C3839D /* CurrentPlayersTableViewCell.swift */ = {isa = PBXFileReference; lastKnownFileType = sourcecode.swift; path = CurrentPlayersTableViewCell.swift; sourceTree = "<group>"; };
		98FFE375276C902300C3839D /* TeamsInfoMatchesHeader.swift */ = {isa = PBXFileReference; lastKnownFileType = sourcecode.swift; path = TeamsInfoMatchesHeader.swift; sourceTree = "<group>"; };
		98FFE379276CA96200C3839D /* CurrentPlayersInfo.swift */ = {isa = PBXFileReference; lastKnownFileType = sourcecode.swift; path = CurrentPlayersInfo.swift; sourceTree = "<group>"; };
		98FFE37B276CD57200C3839D /* CurrentHerousInfo.swift */ = {isa = PBXFileReference; lastKnownFileType = sourcecode.swift; path = CurrentHerousInfo.swift; sourceTree = "<group>"; };
		98FFE37D276D000900C3839D /* TeamMatchesInfo.swift */ = {isa = PBXFileReference; lastKnownFileType = sourcecode.swift; path = TeamMatchesInfo.swift; sourceTree = "<group>"; };
		98FFE37F276D007300C3839D /* TeamsInfoMatches.swift */ = {isa = PBXFileReference; lastKnownFileType = sourcecode.swift; path = TeamsInfoMatches.swift; sourceTree = "<group>"; };
		98FFE381276D3C8F00C3839D /* GamesInfoHeader.swift */ = {isa = PBXFileReference; lastKnownFileType = sourcecode.swift; path = GamesInfoHeader.swift; sourceTree = "<group>"; };
		B61F59452760A4FB00D08CEA /* DotaStats.app */ = {isa = PBXFileReference; explicitFileType = wrapper.application; includeInIndex = 0; path = DotaStats.app; sourceTree = BUILT_PRODUCTS_DIR; };
		B61F59482760A4FB00D08CEA /* AppDelegate.swift */ = {isa = PBXFileReference; lastKnownFileType = sourcecode.swift; path = AppDelegate.swift; sourceTree = "<group>"; };
		B61F59512760A4FD00D08CEA /* Assets.xcassets */ = {isa = PBXFileReference; lastKnownFileType = folder.assetcatalog; path = Assets.xcassets; sourceTree = "<group>"; };
		B61F59542760A4FD00D08CEA /* Base */ = {isa = PBXFileReference; lastKnownFileType = file.storyboard; name = Base; path = Base.lproj/LaunchScreen.storyboard; sourceTree = "<group>"; };
		CE72264C276CC21000ED1F95 /* ConstanceStorage.swift */ = {isa = PBXFileReference; lastKnownFileType = sourcecode.swift; path = ConstanceStorage.swift; sourceTree = "<group>"; };
		CEFEF68A276A28E800CAE93B /* MatchInfoConverter.swift */ = {isa = PBXFileReference; fileEncoding = 4; lastKnownFileType = sourcecode.swift; path = MatchInfoConverter.swift; sourceTree = "<group>"; };
		CEFEF68B276A28E800CAE93B /* MatchInfoModulePresenter.swift */ = {isa = PBXFileReference; fileEncoding = 4; lastKnownFileType = sourcecode.swift; path = MatchInfoModulePresenter.swift; sourceTree = "<group>"; };
		CEFEF68D276A28E800CAE93B /* PlayerList.swift */ = {isa = PBXFileReference; fileEncoding = 4; lastKnownFileType = sourcecode.swift; path = PlayerList.swift; sourceTree = "<group>"; };
		CEFEF68E276A28E800CAE93B /* AdditionalMatchInfo.swift */ = {isa = PBXFileReference; fileEncoding = 4; lastKnownFileType = sourcecode.swift; path = AdditionalMatchInfo.swift; sourceTree = "<group>"; };
		CEFEF68F276A28E800CAE93B /* MatchTableViewData.swift */ = {isa = PBXFileReference; fileEncoding = 4; lastKnownFileType = sourcecode.swift; path = MatchTableViewData.swift; sourceTree = "<group>"; };
		CEFEF690276A28E800CAE93B /* MatchesInfoModuleState.swift */ = {isa = PBXFileReference; fileEncoding = 4; lastKnownFileType = sourcecode.swift; path = MatchesInfoModuleState.swift; sourceTree = "<group>"; };
		CEFEF691276A28E800CAE93B /* MatchTableViewCellData.swift */ = {isa = PBXFileReference; fileEncoding = 4; lastKnownFileType = sourcecode.swift; path = MatchTableViewCellData.swift; sourceTree = "<group>"; };
		CEFEF692276A28E800CAE93B /* MainMatchInfo.swift */ = {isa = PBXFileReference; fileEncoding = 4; lastKnownFileType = sourcecode.swift; path = MainMatchInfo.swift; sourceTree = "<group>"; };
		CEFEF693276A28E800CAE93B /* TeamMatchInfo.swift */ = {isa = PBXFileReference; fileEncoding = 4; lastKnownFileType = sourcecode.swift; path = TeamMatchInfo.swift; sourceTree = "<group>"; };
		CEFEF694276A28E800CAE93B /* MatchTableViewCellType.swift */ = {isa = PBXFileReference; fileEncoding = 4; lastKnownFileType = sourcecode.swift; path = MatchTableViewCellType.swift; sourceTree = "<group>"; };
		CEFEF695276A28E800CAE93B /* MatchInfoModuleBuilder.swift */ = {isa = PBXFileReference; fileEncoding = 4; lastKnownFileType = sourcecode.swift; path = MatchInfoModuleBuilder.swift; sourceTree = "<group>"; };
		CEFEF6A3276A2B7B00CAE93B /* MatchInfoViewController.swift */ = {isa = PBXFileReference; fileEncoding = 4; lastKnownFileType = sourcecode.swift; path = MatchInfoViewController.swift; sourceTree = "<group>"; };
		CEFEF6A4276A2B7B00CAE93B /* DetailedMatchInfoCellConfigurable.swift */ = {isa = PBXFileReference; fileEncoding = 4; lastKnownFileType = sourcecode.swift; path = DetailedMatchInfoCellConfigurable.swift; sourceTree = "<group>"; };
		CEFEF6A5276A2B7B00CAE93B /* TeamMatchInfoTableViewCell.swift */ = {isa = PBXFileReference; fileEncoding = 4; lastKnownFileType = sourcecode.swift; path = TeamMatchInfoTableViewCell.swift; sourceTree = "<group>"; };
		CEFEF6A6276A2B7B00CAE93B /* PlayersTableHeaderCell.swift */ = {isa = PBXFileReference; fileEncoding = 4; lastKnownFileType = sourcecode.swift; path = PlayersTableHeaderCell.swift; sourceTree = "<group>"; };
		CEFEF6A7276A2B7B00CAE93B /* MatchPlayerCell.swift */ = {isa = PBXFileReference; fileEncoding = 4; lastKnownFileType = sourcecode.swift; path = MatchPlayerCell.swift; sourceTree = "<group>"; };
		CEFEF6A8276A2B7B00CAE93B /* CopyIdButton.swift */ = {isa = PBXFileReference; fileEncoding = 4; lastKnownFileType = sourcecode.swift; path = CopyIdButton.swift; sourceTree = "<group>"; };
		CEFEF6A9276A2B7B00CAE93B /* MainMatchInfoTableViewCell.swift */ = {isa = PBXFileReference; fileEncoding = 4; lastKnownFileType = sourcecode.swift; path = MainMatchInfoTableViewCell.swift; sourceTree = "<group>"; };
		CEFEF6AA276A2B7B00CAE93B /* AdditionalMatchInfoTableViewCell.swift */ = {isa = PBXFileReference; fileEncoding = 4; lastKnownFileType = sourcecode.swift; path = AdditionalMatchInfoTableViewCell.swift; sourceTree = "<group>"; };
		EA85264F7CF441C52C30E6D7 /* Players.swift */ = {isa = PBXFileReference; fileEncoding = 4; lastKnownFileType = sourcecode.swift; path = Players.swift; sourceTree = "<group>"; };
		EA85276324310C6574CACFC6 /* Match.swift */ = {isa = PBXFileReference; fileEncoding = 4; lastKnownFileType = sourcecode.swift; path = Match.swift; sourceTree = "<group>"; };
		EA852BF972642EE930F2680C /* MatchDetail.swift */ = {isa = PBXFileReference; fileEncoding = 4; lastKnownFileType = sourcecode.swift; path = MatchDetail.swift; sourceTree = "<group>"; };
		EC1415F3276749A200715D00 /* MatchDetailService.swift */ = {isa = PBXFileReference; lastKnownFileType = sourcecode.swift; path = MatchDetailService.swift; sourceTree = "<group>"; };
		EC1415F627674C2000715D00 /* MatchDetailServiceReceivingDataTest.swift */ = {isa = PBXFileReference; lastKnownFileType = sourcecode.swift; path = MatchDetailServiceReceivingDataTest.swift; sourceTree = "<group>"; };
		EC1415FB2767797400715D00 /* CachedImageView.swift */ = {isa = PBXFileReference; lastKnownFileType = sourcecode.swift; path = CachedImageView.swift; sourceTree = "<group>"; };
		EC1415FF27677E3600715D00 /* ImageService.swift */ = {isa = PBXFileReference; lastKnownFileType = sourcecode.swift; path = ImageService.swift; sourceTree = "<group>"; };
		EC4B5CA9276C8104008037CB /* WardsMapTableViewCell.swift */ = {isa = PBXFileReference; lastKnownFileType = sourcecode.swift; path = WardsMapTableViewCell.swift; sourceTree = "<group>"; };
		EC4E6F8C2764C8250085B61D /* ColorPalette.swift */ = {isa = PBXFileReference; fileEncoding = 4; lastKnownFileType = sourcecode.swift; path = ColorPalette.swift; sourceTree = "<group>"; };
		EC4E6F942764C8550085B61D /* TeamsModulePresenter.swift */ = {isa = PBXFileReference; fileEncoding = 4; lastKnownFileType = sourcecode.swift; path = TeamsModulePresenter.swift; sourceTree = "<group>"; };
		EC4E6F952764C8550085B61D /* TeamsModuleBuilder.swift */ = {isa = PBXFileReference; fileEncoding = 4; lastKnownFileType = sourcecode.swift; path = TeamsModuleBuilder.swift; sourceTree = "<group>"; };
		EC4E6F972764C8550085B61D /* TeamsModuleViewState.swift */ = {isa = PBXFileReference; fileEncoding = 4; lastKnownFileType = sourcecode.swift; path = TeamsModuleViewState.swift; sourceTree = "<group>"; };
		EC4E6F992764C8550085B61D /* TeamsModuleViewController.swift */ = {isa = PBXFileReference; fileEncoding = 4; lastKnownFileType = sourcecode.swift; path = TeamsModuleViewController.swift; sourceTree = "<group>"; };
		EC4E6FA82764C85E0085B61D /* NetworkService.swift */ = {isa = PBXFileReference; fileEncoding = 4; lastKnownFileType = sourcecode.swift; path = NetworkService.swift; sourceTree = "<group>"; };
		EC4E6FAA2764CCE10085B61D /* NetworkClientImp.swift */ = {isa = PBXFileReference; lastKnownFileType = sourcecode.swift; path = NetworkClientImp.swift; sourceTree = "<group>"; };
		ECAA0D042764ED8B00DF81ED /* MatchesService.swift */ = {isa = PBXFileReference; lastKnownFileType = sourcecode.swift; path = MatchesService.swift; sourceTree = "<group>"; };
		ECAA0D082764F6BF00DF81ED /* MatchesServiceReceivingDataTest.swift */ = {isa = PBXFileReference; lastKnownFileType = sourcecode.swift; path = MatchesServiceReceivingDataTest.swift; sourceTree = "<group>"; };
		F0153D8C276D206900D26E12 /* Extensions.swift */ = {isa = PBXFileReference; lastKnownFileType = sourcecode.swift; path = Extensions.swift; sourceTree = "<group>"; };
		F01B49062768C37200103100 /* SearchPlayerResult.swift */ = {isa = PBXFileReference; fileEncoding = 4; lastKnownFileType = sourcecode.swift; path = SearchPlayerResult.swift; sourceTree = "<group>"; };
		F01B49082768C3A700103100 /* ImageNetworkService.swift */ = {isa = PBXFileReference; fileEncoding = 4; lastKnownFileType = sourcecode.swift; path = ImageNetworkService.swift; sourceTree = "<group>"; };
		F01B490F2769390800103100 /* TeamsCell.swift */ = {isa = PBXFileReference; lastKnownFileType = sourcecode.swift; path = TeamsCell.swift; sourceTree = "<group>"; };
		F09C5B40276A2ED000413011 /* TeamsHeaderView.swift */ = {isa = PBXFileReference; lastKnownFileType = sourcecode.swift; path = TeamsHeaderView.swift; sourceTree = "<group>"; };
		F09C5B44276B29CD00413011 /* TeamShortInfo.swift */ = {isa = PBXFileReference; lastKnownFileType = sourcecode.swift; path = TeamShortInfo.swift; sourceTree = "<group>"; };
		F09C5B4A276B3DC100413011 /* TeamsService.swift */ = {isa = PBXFileReference; lastKnownFileType = sourcecode.swift; path = TeamsService.swift; sourceTree = "<group>"; };
		F09C5B4C276B3E5500413011 /* TeamResult.swift */ = {isa = PBXFileReference; lastKnownFileType = sourcecode.swift; path = TeamResult.swift; sourceTree = "<group>"; };
		F09C5B73276C820C00413011 /* SquareLoadingView.swift */ = {isa = PBXFileReference; lastKnownFileType = sourcecode.swift; path = SquareLoadingView.swift; sourceTree = "<group>"; };
		F09C5B75276CB55000413011 /* Converter.swift */ = {isa = PBXFileReference; lastKnownFileType = sourcecode.swift; path = Converter.swift; sourceTree = "<group>"; };
		F09C5B77276CDA4100413011 /* CustomNavigationController.swift */ = {isa = PBXFileReference; lastKnownFileType = sourcecode.swift; path = CustomNavigationController.swift; sourceTree = "<group>"; };
		F0DF329B27674C2E004670C0 /* SearchPlayerModuleBuilder.swift */ = {isa = PBXFileReference; lastKnownFileType = sourcecode.swift; path = SearchPlayerModuleBuilder.swift; sourceTree = "<group>"; };
		F0DF32A22767850C004670C0 /* PlayerInfoFromSearch.swift */ = {isa = PBXFileReference; lastKnownFileType = sourcecode.swift; path = PlayerInfoFromSearch.swift; sourceTree = "<group>"; };
		F0F2EE492764D06200EAB7E5 /* SearchPlayerModulePresenter.swift */ = {isa = PBXFileReference; lastKnownFileType = sourcecode.swift; path = SearchPlayerModulePresenter.swift; sourceTree = "<group>"; };
		F0F2EE4B2764D0CE00EAB7E5 /* SearchPlayerModuleViewController.swift */ = {isa = PBXFileReference; lastKnownFileType = sourcecode.swift; path = SearchPlayerModuleViewController.swift; sourceTree = "<group>"; };
/* End PBXFileReference section */

/* Begin PBXFrameworksBuildPhase section */
		300FCA0527625B8500A7A0EF /* Frameworks */ = {
			isa = PBXFrameworksBuildPhase;
			buildActionMask = 2147483647;
			files = (
			);
			runOnlyForDeploymentPostprocessing = 0;
		};
		B61F59422760A4FB00D08CEA /* Frameworks */ = {
			isa = PBXFrameworksBuildPhase;
			buildActionMask = 2147483647;
			files = (
			);
			runOnlyForDeploymentPostprocessing = 0;
		};
/* End PBXFrameworksBuildPhase section */

/* Begin PBXGroup section */
		300FC9EC27621E4200A7A0EF /* Data */ = {
			isa = PBXGroup;
			children = (
				30B40F20276A2B0100B22DCC /* MatchInfoProcessing */,
				300FC9EE27621E8800A7A0EF /* Networking */,
			);
			path = Data;
			sourceTree = "<group>";
		};
		300FC9EE27621E8800A7A0EF /* Networking */ = {
			isa = PBXGroup;
			children = (
				EC4E6FAD2764CEA80085B61D /* Implementations */,
				300FC9F22762236A00A7A0EF /* Interfaces */,
				300FC9EF2762225600A7A0EF /* Service */,
				EA852AD8CE2823342620362B /* NetworkingModels */,
				303AC4E62767933700A8C462 /* DateFormatterExtension.swift */,
			);
			path = Networking;
			sourceTree = "<group>";
		};
		300FC9EF2762225600A7A0EF /* Service */ = {
			isa = PBXGroup;
			children = (
				300FC9F527622FA500A7A0EF /* HTTPRequest.swift */,
				300FC9F72762304300A7A0EF /* HTTPMethod.swift */,
				300FC9F92762334900A7A0EF /* HTTPError.swift */,
				300FCA0027623F0A00A7A0EF /* HTTPNetworkResponse.swift */,
			);
			path = Service;
			sourceTree = "<group>";
		};
		300FC9F22762236A00A7A0EF /* Interfaces */ = {
			isa = PBXGroup;
			children = (
				300FC9F32762237900A7A0EF /* NetworkClient.swift */,
			);
			path = Interfaces;
			sourceTree = "<group>";
		};
		300FCA0927625B8500A7A0EF /* DotaStatsTests */ = {
			isa = PBXGroup;
			children = (
				ECAA0D072764F6A700DF81ED /* Services */,
				300FCA112762614700A7A0EF /* Networking */,
				300FCA0A27625B8500A7A0EF /* DotaStatsTests.swift */,
			);
			path = DotaStatsTests;
			sourceTree = "<group>";
		};
		300FCA112762614700A7A0EF /* Networking */ = {
			isa = PBXGroup;
			children = (
				303AC4CD276370CA00A8C462 /* Models */,
				303AC4DC27674C4000A8C462 /* NetworkServiceReceivingDataByPassingQueriesTest.swift */,
				300FCA122762618000A7A0EF /* NetworkClientReceivingDataTest.swift */,
			);
			path = Networking;
			sourceTree = "<group>";
		};
		303AC4CD276370CA00A8C462 /* Models */ = {
			isa = PBXGroup;
			children = (
				303AC4CE276370D400A8C462 /* Data */,
				303AC4CF276370F400A8C462 /* MatchesDecodingTest.swift */,
				3CF8F5242763C75700AC0DD4 /* PlayerDecodingTest.swift */,
				3CF8F5202763C55900AC0DD4 /* MatchDetailDecodingTest.swift */,
			);
			path = Models;
			sourceTree = "<group>";
		};
		303AC4CE276370D400A8C462 /* Data */ = {
			isa = PBXGroup;
			children = (
				303AC4D1276371A600A8C462 /* MockMatches.json */,
				3CF8F5222763C5C000AC0DD4 /* MockMatchDetail.json */,
				3CF8F5232763C72600AC0DD4 /* MockPlayer.json */,
			);
			path = Data;
			sourceTree = "<group>";
		};
		30B40F20276A2B0100B22DCC /* MatchInfoProcessing */ = {
			isa = PBXGroup;
			children = (
				30B40F25276A2FAA00B22DCC /* Model */,
				30B40F26276A2FC700B22DCC /* MatchDetailToEventsConverter.swift */,
			);
			path = MatchInfoProcessing;
			sourceTree = "<group>";
		};
		30B40F25276A2FAA00B22DCC /* Model */ = {
			isa = PBXGroup;
			children = (
				30B40F29276B2D9F00B22DCC /* MatchEventType.swift */,
				30B40F23276A2C8C00B22DCC /* MatchEvent.swift */,
			);
			path = Model;
			sourceTree = "<group>";
		};
		5D4C51622764DB8800BC6B30 /* View */ = {
			isa = PBXGroup;
			children = (
				5D2518642768BE8F0005374B /* ListMatchesCell.swift */,
				5D2518632768BE8F0005374B /* ListTournamentsCell.swift */,
				5D2518622768BE8F0005374B /* MatchesModuleViewController.swift */,
			);
			path = View;
			sourceTree = "<group>";
		};
		5D4C51632764DB9000BC6B30 /* Presenter */ = {
			isa = PBXGroup;
			children = (
				5D2518682768BE980005374B /* MatchesModulePresenter.swift */,
			);
			path = Presenter;
			sourceTree = "<group>";
		};
		5D9C6BD5276CC84400BAAEA6 /* View */ = {
			isa = PBXGroup;
			children = (
				5D9C6BCC276CC83900BAAEA6 /* PlayerInfoCellConfigurable.swift */,
				5D9C6BC5276CC83900BAAEA6 /* PlayerInfoModuleViewController.swift */,
				5D9C6BC6276CC83900BAAEA6 /* PlayerMainInfoCell.swift */,
				5D9C6BCA276CC83900BAAEA6 /* PlayerMatchCell.swift */,
				5D9C6BCB276CC83900BAAEA6 /* PlayerTableViewCellData.swift */,
				5D9C6BC7276CC83900BAAEA6 /* PlayerWLCell.swift */,
				5D9C6BC8276CC83900BAAEA6 /* RecentMatchesHeader.swift */,
				5D9C6BC9276CC83900BAAEA6 /* RecentMatchesTitle.swift */,
			);
			path = View;
			sourceTree = "<group>";
		};
		5D9C6BD6276CC87E00BAAEA6 /* Presenter */ = {
			isa = PBXGroup;
			children = (
				5D9C6BC3276CC82F00BAAEA6 /* PlayerInfoModulePresenter.swift */,
			);
			path = Presenter;
			sourceTree = "<group>";
		};
		5D9C6BD7276CC88500BAAEA6 /* Model */ = {
			isa = PBXGroup;
			children = (
				5D9C6BBA276CC82600BAAEA6 /* PlayerInfoModulePresenterState.swift */,
				5D9C6BBD276CC82700BAAEA6 /* PlayerInfoModuleViewState.swift */,
				5D9C6BB9276CC82600BAAEA6 /* PlayerMainInfoViewState.swift */,
				5D9C6BBB276CC82700BAAEA6 /* PlayerMatchViewState.swift */,
				5D9C6BBC276CC82700BAAEA6 /* PlayerWLViewState.swift */,
			);
			path = Model;
			sourceTree = "<group>";
		};
		98FFE355276B709F00C3839D /* TeamInfoModule */ = {
			isa = PBXGroup;
			children = (
				98FFE35A276B7A8D00C3839D /* TeamInfoModuleBuilder.swift */,
				98FFE35C276B7AA400C3839D /* View */,
				98FFE357276B72E200C3839D /* Model */,
				98FFE356276B70BE00C3839D /* Presenter */,
			);
			path = TeamInfoModule;
			sourceTree = "<group>";
		};
		98FFE356276B70BE00C3839D /* Presenter */ = {
			isa = PBXGroup;
			children = (
				98FFE358276B787700C3839D /* TeamInfoModulePresenter.swift */,
				98FFE36F276BBB5700C3839D /* TeamInfoModuleConverter.swift */,
			);
			path = Presenter;
			sourceTree = "<group>";
		};
		98FFE357276B72E200C3839D /* Model */ = {
			isa = PBXGroup;
			children = (
				98FFE361276BB1CE00C3839D /* TeamInfoModuleViewState.swift */,
				98FFE363276BB49C00C3839D /* TeamInfoTableViewCellType.swift */,
				98FFE379276CA96200C3839D /* CurrentPlayersInfo.swift */,
				98FFE37B276CD57200C3839D /* CurrentHerousInfo.swift */,
				98FFE37D276D000900C3839D /* TeamMatchesInfo.swift */,
				98FFE367276BB5D100C3839D /* TeamMainInfo.swift */,
				98FFE365276BB50200C3839D /* TeamInfoTableViewCellData.swift */,
			);
			path = Model;
			sourceTree = "<group>";
		};
		98FFE35C276B7AA400C3839D /* View */ = {
			isa = PBXGroup;
			children = (
				98FFE35D276B7AD900C3839D /* TeamInfoViewController.swift */,
				98FFE369276BB66D00C3839D /* MainTeamInfoTableViewCell.swift */,
				98FFE36B276BB6E200C3839D /* TeamButtonsInfoTableViewCell.swift */,
				98FFE375276C902300C3839D /* TeamsInfoMatchesHeader.swift */,
				98FFE37F276D007300C3839D /* TeamsInfoMatches.swift */,
				98FFE381276D3C8F00C3839D /* GamesInfoHeader.swift */,
				98FFE373276C8D5800C3839D /* CurrentPlayersTableViewCell.swift */,
				98FFE371276BC6A800C3839D /* DetailedTeamInfoCellConfigurable.swift */,
			);
			path = View;
			sourceTree = "<group>";
		};
		B61F593C2760A4FB00D08CEA = {
			isa = PBXGroup;
			children = (
				B61F59472760A4FB00D08CEA /* DotaStats */,
				300FCA0927625B8500A7A0EF /* DotaStatsTests */,
				B61F59462760A4FB00D08CEA /* Products */,
			);
			sourceTree = "<group>";
		};
		B61F59462760A4FB00D08CEA /* Products */ = {
			isa = PBXGroup;
			children = (
				B61F59452760A4FB00D08CEA /* DotaStats.app */,
				300FCA0827625B8500A7A0EF /* DotaStatsTests.xctest */,
			);
			name = Products;
			sourceTree = "<group>";
		};
		B61F59472760A4FB00D08CEA /* DotaStats */ = {
			isa = PBXGroup;
			children = (
				5D25187C2769029E0005374B /* AppCoordinator.swift */,
				5ED64A912764D57500E4CF5B /* MainTabBarController.swift */,
				300FC9EC27621E4200A7A0EF /* Data */,
				B61F59482760A4FB00D08CEA /* AppDelegate.swift */,
				EC4E6F8C2764C8250085B61D /* ColorPalette.swift */,
				EC1415F92767790F00715D00 /* Common */,
				EC4E6FA72764C85E0085B61D /* Services */,
				EC4E6F8E2764C8550085B61D /* Modules */,
				B61F595C2760A5B800D08CEA /* Resources */,
			);
			path = DotaStats;
			sourceTree = "<group>";
		};
		B61F595C2760A5B800D08CEA /* Resources */ = {
			isa = PBXGroup;
			children = (
				B61F59532760A4FD00D08CEA /* LaunchScreen.storyboard */,
				B61F59512760A4FD00D08CEA /* Assets.xcassets */,
			);
			path = Resources;
			sourceTree = "<group>";
		};
		CEFEF688276A28E800CAE93B /* MatchInfoModule */ = {
			isa = PBXGroup;
			children = (
				CEFEF6A2276A2B7B00CAE93B /* View */,
				CEFEF689276A28E800CAE93B /* Presenter */,
				CEFEF68C276A28E800CAE93B /* Model */,
				CEFEF695276A28E800CAE93B /* MatchInfoModuleBuilder.swift */,
			);
			path = MatchInfoModule;
			sourceTree = "<group>";
		};
		CEFEF689276A28E800CAE93B /* Presenter */ = {
			isa = PBXGroup;
			children = (
				CEFEF68A276A28E800CAE93B /* MatchInfoConverter.swift */,
				CEFEF68B276A28E800CAE93B /* MatchInfoModulePresenter.swift */,
			);
			path = Presenter;
			sourceTree = "<group>";
		};
		CEFEF68C276A28E800CAE93B /* Model */ = {
			isa = PBXGroup;
			children = (
				CEFEF68D276A28E800CAE93B /* PlayerList.swift */,
				CEFEF68E276A28E800CAE93B /* AdditionalMatchInfo.swift */,
				3CFB2997276D26D9002AAA54 /* PlotGpmInfo.swift */,
				CEFEF68F276A28E800CAE93B /* MatchTableViewData.swift */,
				CEFEF690276A28E800CAE93B /* MatchesInfoModuleState.swift */,
				CEFEF691276A28E800CAE93B /* MatchTableViewCellData.swift */,
				CEFEF692276A28E800CAE93B /* MainMatchInfo.swift */,
				CEFEF693276A28E800CAE93B /* TeamMatchInfo.swift */,
				CEFEF694276A28E800CAE93B /* MatchTableViewCellType.swift */,
				307F5CAC276D03F0000B6548 /* PickedDisplayingMode.swift */,
			);
			path = Model;
			sourceTree = "<group>";
		};
		CEFEF6A2276A2B7B00CAE93B /* View */ = {
			isa = PBXGroup;
			children = (
				CEFEF6A3276A2B7B00CAE93B /* MatchInfoViewController.swift */,
				CEFEF6A4276A2B7B00CAE93B /* DetailedMatchInfoCellConfigurable.swift */,
				CEFEF6A5276A2B7B00CAE93B /* TeamMatchInfoTableViewCell.swift */,
				CEFEF6A6276A2B7B00CAE93B /* PlayersTableHeaderCell.swift */,
				CEFEF6A7276A2B7B00CAE93B /* MatchPlayerCell.swift */,
				CEFEF6A8276A2B7B00CAE93B /* CopyIdButton.swift */,
				CEFEF6A9276A2B7B00CAE93B /* MainMatchInfoTableViewCell.swift */,
				CEFEF6AA276A2B7B00CAE93B /* AdditionalMatchInfoTableViewCell.swift */,
				307F5CAA276CB61B000B6548 /* PreferredDataViewModePickerCell.swift */,
				EC4B5CA9276C8104008037CB /* WardsMapTableViewCell.swift */,
				3CFB2995276D1FAE002AAA54 /* PlotGpmTableViewCell.swift */,
			);
			path = View;
			sourceTree = "<group>";
		};
		EA852AD8CE2823342620362B /* NetworkingModels */ = {
			isa = PBXGroup;
			children = (
				5D9C6BDA276CC8DE00BAAEA6 /* PlayerMainInfo.swift */,
				3C40C18A276D8E5400BE430F /* Heroes.swift */,
				5D9C6BDB276CC8DE00BAAEA6 /* PlayerMatch.swift */,
				5D9C6BDC276CC8DE00BAAEA6 /* PlayerWL.swift */,
				5D9C6B8E276CBF7500BAAEA6 /* GameMode.swift */,
				5D9C6B8C276CBF6200BAAEA6 /* HeroImage.swift */,
				F01B49062768C37200103100 /* SearchPlayerResult.swift */,
				EA852BF972642EE930F2680C /* MatchDetail.swift */,
				98FFE34F276B409800C3839D /* TeamMatches.swift */,
				98FFE36D276BB9F200C3839D /* TeamInfo.swift */,
				98FFE353276B6F1D00C3839D /* TeamHeroes.swift */,
				5E3988E3276B619B00A3E54C /* TeamPlayers.swift */,
				EA85264F7CF441C52C30E6D7 /* Players.swift */,
				EA85276324310C6574CACFC6 /* Match.swift */,
				F09C5B4C276B3E5500413011 /* TeamResult.swift */,
			);
			path = NetworkingModels;
			sourceTree = "<group>";
		};
		EC1415F92767790F00715D00 /* Common */ = {
			isa = PBXGroup;
			children = (
				F09C5B75276CB55000413011 /* Converter.swift */,
				F09C5B77276CDA4100413011 /* CustomNavigationController.swift */,
				F09C5B72276C81D400413011 /* SquareAnimationView */,
				EC1415FA2767793F00715D00 /* CachedImageView */,
				F0153D8C276D206900D26E12 /* Extensions.swift */,
			);
			path = Common;
			sourceTree = "<group>";
		};
		EC1415FA2767793F00715D00 /* CachedImageView */ = {
			isa = PBXGroup;
			children = (
				EC1415FB2767797400715D00 /* CachedImageView.swift */,
			);
			path = CachedImageView;
			sourceTree = "<group>";
		};
		EC4E6F8E2764C8550085B61D /* Modules */ = {
			isa = PBXGroup;
			children = (
				CEFEF688276A28E800CAE93B /* MatchInfoModule */,
				98FFE355276B709F00C3839D /* TeamInfoModule */,
				F0F2EE4D2764D0D400EAB7E5 /* SearchPlayerModule */,
				EC4E6F922764C8550085B61D /* TeamsModule */,
				EC4E6F9A2764C8550085B61D /* PlayerInfoModule */,
				EC4E6F9D2764C8550085B61D /* MatchesModule */,
			);
			path = Modules;
			sourceTree = "<group>";
		};
		EC4E6F922764C8550085B61D /* TeamsModule */ = {
			isa = PBXGroup;
			children = (
				EC4E6F932764C8550085B61D /* Presenter */,
				EC4E6F952764C8550085B61D /* TeamsModuleBuilder.swift */,
				EC4E6F962764C8550085B61D /* Model */,
				EC4E6F982764C8550085B61D /* View */,
			);
			path = TeamsModule;
			sourceTree = "<group>";
		};
		EC4E6F932764C8550085B61D /* Presenter */ = {
			isa = PBXGroup;
			children = (
				EC4E6F942764C8550085B61D /* TeamsModulePresenter.swift */,
			);
			path = Presenter;
			sourceTree = "<group>";
		};
		EC4E6F962764C8550085B61D /* Model */ = {
			isa = PBXGroup;
			children = (
				EC4E6F972764C8550085B61D /* TeamsModuleViewState.swift */,
				F09C5B44276B29CD00413011 /* TeamShortInfo.swift */,
			);
			path = Model;
			sourceTree = "<group>";
		};
		EC4E6F982764C8550085B61D /* View */ = {
			isa = PBXGroup;
			children = (
				EC4E6F992764C8550085B61D /* TeamsModuleViewController.swift */,
				F01B490F2769390800103100 /* TeamsCell.swift */,
				F09C5B40276A2ED000413011 /* TeamsHeaderView.swift */,
			);
			path = View;
			sourceTree = "<group>";
		};
		EC4E6F9A2764C8550085B61D /* PlayerInfoModule */ = {
			isa = PBXGroup;
			children = (
				5D9C6BB7276CC81400BAAEA6 /* PlayerInfoModuleBuilder.swift */,
				5D9C6BD5276CC84400BAAEA6 /* View */,
				5D9C6BD6276CC87E00BAAEA6 /* Presenter */,
				5D9C6BD7276CC88500BAAEA6 /* Model */,
			);
			path = PlayerInfoModule;
			sourceTree = "<group>";
		};
		EC4E6F9D2764C8550085B61D /* MatchesModule */ = {
			isa = PBXGroup;
			children = (
				5D2518602768BE7F0005374B /* MatchesModuleBuilder.swift */,
				5D4C51622764DB8800BC6B30 /* View */,
				5D4C51632764DB9000BC6B30 /* Presenter */,
				EC4E6F9E2764C8550085B61D /* Model */,
			);
			path = MatchesModule;
			sourceTree = "<group>";
		};
		EC4E6F9E2764C8550085B61D /* Model */ = {
			isa = PBXGroup;
			children = (
				5D25186B2768BEA70005374B /* MatchCollectionPresenterData.swift */,
				5D25186A2768BEA70005374B /* MatchesModulePresenterState.swift */,
				5D25186C2768BEA70005374B /* MatchesModuleViewState.swift */,
				5EE31DC227678EE200A3667B /* TournamentViewState.swift */,
			);
			path = Model;
			sourceTree = "<group>";
		};
		EC4E6FA72764C85E0085B61D /* Services */ = {
			isa = PBXGroup;
			children = (
				5D9C6BD8276CC8CF00BAAEA6 /* PlayerInfoService.swift */,
				3C40C18C276D8ECF00BE430F /* HeroesService.swift */,
				5D9C6B8A276CBF4000BAAEA6 /* GithubConstantsService.swift */,
				F01B49082768C3A700103100 /* ImageNetworkService.swift */,
				EC4E6FA82764C85E0085B61D /* NetworkService.swift */,
				ECAA0D042764ED8B00DF81ED /* MatchesService.swift */,
				F09C5B4A276B3DC100413011 /* TeamsService.swift */,
				EC1415FF27677E3600715D00 /* ImageService.swift */,
				303AC4E12767873E00A8C462 /* PlayerSearchService.swift */,
				EC1415F3276749A200715D00 /* MatchDetailService.swift */,
				307F5CA6276C9080000B6548 /* RegionsService.swift */,
				CE72264C276CC21000ED1F95 /* ConstanceStorage.swift */,
				98FFE34D276B3F4F00C3839D /* TeamInfoService.swift */,
			);
			path = Services;
			sourceTree = "<group>";
		};
		EC4E6FAD2764CEA80085B61D /* Implementations */ = {
			isa = PBXGroup;
			children = (
				EC4E6FAA2764CCE10085B61D /* NetworkClientImp.swift */,
			);
			path = Implementations;
			sourceTree = "<group>";
		};
		ECAA0D072764F6A700DF81ED /* Services */ = {
			isa = PBXGroup;
			children = (
				ECAA0D082764F6BF00DF81ED /* MatchesServiceReceivingDataTest.swift */,
				303AC4E42767888500A8C462 /* PlayerSearchServiceReceivingDataTest.swift */,
				EC1415F627674C2000715D00 /* MatchDetailServiceReceivingDataTest.swift */,
			);
			path = Services;
			sourceTree = "<group>";
		};
		F09C5B72276C81D400413011 /* SquareAnimationView */ = {
			isa = PBXGroup;
			children = (
				F09C5B73276C820C00413011 /* SquareLoadingView.swift */,
			);
			path = SquareAnimationView;
			sourceTree = "<group>";
		};
		F0DF329D27676492004670C0 /* Model */ = {
			isa = PBXGroup;
			children = (
				837AED9C27690ADB0009589E /* SearchPlayerModulePresenterState.swift */,
				837AED9B27690ADB0009589E /* SearchPlayerModuleViewState.swift */,
				F0DF32A22767850C004670C0 /* PlayerInfoFromSearch.swift */,
			);
			path = Model;
			sourceTree = "<group>";
		};
		F0F2EE4D2764D0D400EAB7E5 /* SearchPlayerModule */ = {
			isa = PBXGroup;
			children = (
				F0F2EE502764DFC800EAB7E5 /* View */,
				F0F2EE492764D06200EAB7E5 /* SearchPlayerModulePresenter.swift */,
				F0DF329D27676492004670C0 /* Model */,
				F0DF329B27674C2E004670C0 /* SearchPlayerModuleBuilder.swift */,
			);
			path = SearchPlayerModule;
			sourceTree = "<group>";
		};
		F0F2EE502764DFC800EAB7E5 /* View */ = {
			isa = PBXGroup;
			children = (
				603538392766619800CC32AD /* SearchPlayerTableViewCell.swift */,
				F0F2EE4B2764D0CE00EAB7E5 /* SearchPlayerModuleViewController.swift */,
				6035383E2767459500CC32AD /* ErrorView.swift */,
			);
			path = View;
			sourceTree = "<group>";
		};
/* End PBXGroup section */

/* Begin PBXNativeTarget section */
		300FCA0727625B8500A7A0EF /* DotaStatsTests */ = {
			isa = PBXNativeTarget;
			buildConfigurationList = 300FCA1027625B8500A7A0EF /* Build configuration list for PBXNativeTarget "DotaStatsTests" */;
			buildPhases = (
				300FCA0427625B8500A7A0EF /* Sources */,
				300FCA0527625B8500A7A0EF /* Frameworks */,
				300FCA0627625B8500A7A0EF /* Resources */,
			);
			buildRules = (
			);
			dependencies = (
				300FCA0D27625B8500A7A0EF /* PBXTargetDependency */,
			);
			name = DotaStatsTests;
			productName = DotaStatsTests;
			productReference = 300FCA0827625B8500A7A0EF /* DotaStatsTests.xctest */;
			productType = "com.apple.product-type.bundle.unit-test";
		};
		B61F59442760A4FB00D08CEA /* DotaStats */ = {
			isa = PBXNativeTarget;
			buildConfigurationList = B61F59592760A4FD00D08CEA /* Build configuration list for PBXNativeTarget "DotaStats" */;
			buildPhases = (
				B61F59412760A4FB00D08CEA /* Sources */,
				B61F59422760A4FB00D08CEA /* Frameworks */,
				B61F59432760A4FB00D08CEA /* Resources */,
				EC4978D42769D496005D2653 /* ShellScript */,
			);
			buildRules = (
			);
			dependencies = (
			);
			name = DotaStats;
			productName = DotaStats;
			productReference = B61F59452760A4FB00D08CEA /* DotaStats.app */;
			productType = "com.apple.product-type.application";
		};
/* End PBXNativeTarget section */

/* Begin PBXProject section */
		B61F593D2760A4FB00D08CEA /* Project object */ = {
			isa = PBXProject;
			attributes = {
				BuildIndependentTargetsInParallel = 1;
				LastSwiftUpdateCheck = 1310;
				LastUpgradeCheck = 1310;
				TargetAttributes = {
					300FCA0727625B8500A7A0EF = {
						CreatedOnToolsVersion = 13.1;
						TestTargetID = B61F59442760A4FB00D08CEA;
					};
					B61F59442760A4FB00D08CEA = {
						CreatedOnToolsVersion = 13.1;
					};
				};
			};
			buildConfigurationList = B61F59402760A4FB00D08CEA /* Build configuration list for PBXProject "DotaStats" */;
			compatibilityVersion = "Xcode 13.0";
			developmentRegion = en;
			hasScannedForEncodings = 0;
			knownRegions = (
				en,
				Base,
			);
			mainGroup = B61F593C2760A4FB00D08CEA;
			productRefGroup = B61F59462760A4FB00D08CEA /* Products */;
			projectDirPath = "";
			projectRoot = "";
			targets = (
				B61F59442760A4FB00D08CEA /* DotaStats */,
				300FCA0727625B8500A7A0EF /* DotaStatsTests */,
			);
		};
/* End PBXProject section */

/* Begin PBXResourcesBuildPhase section */
		300FCA0627625B8500A7A0EF /* Resources */ = {
			isa = PBXResourcesBuildPhase;
			buildActionMask = 2147483647;
			files = (
				303AC4D2276371A600A8C462 /* MockMatches.json in Resources */,
				3CF8F5262763C87C00AC0DD4 /* MockMatchDetail.json in Resources */,
				3CF8F5272763C87F00AC0DD4 /* MockPlayer.json in Resources */,
			);
			runOnlyForDeploymentPostprocessing = 0;
		};
		B61F59432760A4FB00D08CEA /* Resources */ = {
			isa = PBXResourcesBuildPhase;
			buildActionMask = 2147483647;
			files = (
				B61F59552760A4FD00D08CEA /* LaunchScreen.storyboard in Resources */,
				B61F59522760A4FD00D08CEA /* Assets.xcassets in Resources */,
			);
			runOnlyForDeploymentPostprocessing = 0;
		};
/* End PBXResourcesBuildPhase section */

/* Begin PBXShellScriptBuildPhase section */
		EC4978D42769D496005D2653 /* ShellScript */ = {
			isa = PBXShellScriptBuildPhase;
			buildActionMask = 2147483647;
			files = (
			);
			inputFileListPaths = (
			);
			inputPaths = (
			);
			outputFileListPaths = (
			);
			outputPaths = (
			);
			runOnlyForDeploymentPostprocessing = 0;
			shellPath = /bin/sh;
			shellScript = "if which swiftlint >/dev/null; then\n  swiftlint\nelse\n  echo \"warning: SwiftLint not installed, download from https://github.com/realm/SwiftLint\"\nfi\n";
		};
/* End PBXShellScriptBuildPhase section */

/* Begin PBXSourcesBuildPhase section */
		300FCA0427625B8500A7A0EF /* Sources */ = {
			isa = PBXSourcesBuildPhase;
			buildActionMask = 2147483647;
			files = (
				EC1415F827674C2000715D00 /* MatchDetailServiceReceivingDataTest.swift in Sources */,
				3CF8F5212763C55900AC0DD4 /* MatchDetailDecodingTest.swift in Sources */,
				ECAA0D0A2764F6BF00DF81ED /* MatchesServiceReceivingDataTest.swift in Sources */,
				303AC4D82764EFBA00A8C462 /* MatchDetail.swift in Sources */,
				30B40F1B2769E39100B22DCC /* SearchPlayerResult.swift in Sources */,
				EC1415F5276749A200715D00 /* MatchDetailService.swift in Sources */,
				303AC4D92764EFBC00A8C462 /* Players.swift in Sources */,
				303AC4E82767933700A8C462 /* DateFormatterExtension.swift in Sources */,
				300FCA0B27625B8500A7A0EF /* DotaStatsTests.swift in Sources */,
				3CF8F5252763C75700AC0DD4 /* PlayerDecodingTest.swift in Sources */,
				ECAA0D062764ED8B00DF81ED /* MatchesService.swift in Sources */,
				303AC4E32767873E00A8C462 /* PlayerSearchService.swift in Sources */,
				303AC4D0276370F400A8C462 /* MatchesDecodingTest.swift in Sources */,
				303AC4E52767888500A8C462 /* PlayerSearchServiceReceivingDataTest.swift in Sources */,
				EC1415E6276728E200715D00 /* NetworkClient.swift in Sources */,
				EC1415E8276728F200715D00 /* HTTPMethod.swift in Sources */,
				EC1415E7276728EA00715D00 /* HTTPRequest.swift in Sources */,
				EC4E6FAC2764CCE10085B61D /* NetworkClientImp.swift in Sources */,
				EC1415E9276728FE00715D00 /* HTTPError.swift in Sources */,
				300FCA132762618000A7A0EF /* NetworkClientReceivingDataTest.swift in Sources */,
				303AC4DD27674C4000A8C462 /* NetworkServiceReceivingDataByPassingQueriesTest.swift in Sources */,
				EC1415EA2767290800715D00 /* HTTPNetworkResponse.swift in Sources */,
				303AC4DB2767418A00A8C462 /* Match.swift in Sources */,
			);
			runOnlyForDeploymentPostprocessing = 0;
		};
		B61F59412760A4FB00D08CEA /* Sources */ = {
			isa = PBXSourcesBuildPhase;
			buildActionMask = 2147483647;
			files = (
				98FFE383276DD42000C3839D /* TeamsModuleViewController.swift in Sources */,
				F09C5B4F276BBD5600413011 /* TeamsModuleBuilder.swift in Sources */,
				5D9C6BDF276CC8DE00BAAEA6 /* PlayerWL.swift in Sources */,
				F09C5B4E276BB85B00413011 /* TeamsModuleViewState.swift in Sources */,
				98FFE37A276CA96200C3839D /* CurrentPlayersInfo.swift in Sources */,
				5D2518652768BE8F0005374B /* MatchesModuleViewController.swift in Sources */,
				5D9C6BD1276CC83900BAAEA6 /* RecentMatchesTitle.swift in Sources */,
				CEFEF6A1276A28E800CAE93B /* MatchInfoModuleBuilder.swift in Sources */,
				5D9C6BD9276CC8CF00BAAEA6 /* PlayerInfoService.swift in Sources */,
				5D2518672768BE8F0005374B /* ListMatchesCell.swift in Sources */,
				EC4B5CAA276C8104008037CB /* WardsMapTableViewCell.swift in Sources */,
				F09C5B76276CB55000413011 /* Converter.swift in Sources */,
				5D9C6BDD276CC8DE00BAAEA6 /* PlayerMainInfo.swift in Sources */,
				5D9C6BBE276CC82700BAAEA6 /* PlayerMainInfoViewState.swift in Sources */,
				98FFE382276D3C9000C3839D /* GamesInfoHeader.swift in Sources */,
				98FFE362276BB1CE00C3839D /* TeamInfoModuleViewState.swift in Sources */,
				98FFE354276B6F1D00C3839D /* TeamHeroes.swift in Sources */,
				98FFE37C276CD57300C3839D /* CurrentHerousInfo.swift in Sources */,
				98FFE36A276BB66D00C3839D /* MainTeamInfoTableViewCell.swift in Sources */,
				98FFE36E276BB9F200C3839D /* TeamInfo.swift in Sources */,
				5D2518692768BE980005374B /* MatchesModulePresenter.swift in Sources */,
				98FFE380276D007300C3839D /* TeamsInfoMatches.swift in Sources */,
				EC1415F4276749A200715D00 /* MatchDetailService.swift in Sources */,
				98FFE376276C902300C3839D /* TeamsInfoMatchesHeader.swift in Sources */,
				F0F2EE4C2764D0CE00EAB7E5 /* SearchPlayerModuleViewController.swift in Sources */,
				EC14160027677E3600715D00 /* ImageService.swift in Sources */,
				30B40F27276A2FC700B22DCC /* MatchDetailToEventsConverter.swift in Sources */,
				98FFE372276BC6A800C3839D /* DetailedTeamInfoCellConfigurable.swift in Sources */,
				300FC9F627622FA500A7A0EF /* HTTPRequest.swift in Sources */,
				CEFEF6B2276A2B7B00CAE93B /* AdditionalMatchInfoTableViewCell.swift in Sources */,
				5D9C6BCD276CC83900BAAEA6 /* PlayerInfoModuleViewController.swift in Sources */,
				5D9C6BDE276CC8DE00BAAEA6 /* PlayerMatch.swift in Sources */,
				CEFEF69F276A28E800CAE93B /* TeamMatchInfo.swift in Sources */,
				5D9C6BB8276CC81400BAAEA6 /* PlayerInfoModuleBuilder.swift in Sources */,
				5D9C6B8B276CBF4000BAAEA6 /* GithubConstantsService.swift in Sources */,
				5D9C6BC4276CC82F00BAAEA6 /* PlayerInfoModulePresenter.swift in Sources */,
				5D2518612768BE7F0005374B /* MatchesModuleBuilder.swift in Sources */,
				5EE31DC327678EE200A3667B /* TournamentViewState.swift in Sources */,
				F0F2EE4A2764D06200EAB7E5 /* SearchPlayerModulePresenter.swift in Sources */,
				3C40C18D276D8ECF00BE430F /* HeroesService.swift in Sources */,
				CEFEF6AE276A2B7B00CAE93B /* PlayersTableHeaderCell.swift in Sources */,
				307F5CAD276D03F0000B6548 /* PickedDisplayingMode.swift in Sources */,
				CEFEF699276A28E800CAE93B /* PlayerList.swift in Sources */,
				98FFE34E276B3F4F00C3839D /* TeamInfoService.swift in Sources */,
				98FFE35E276B7AD900C3839D /* TeamInfoViewController.swift in Sources */,
				F01B49092768C3A700103100 /* ImageNetworkService.swift in Sources */,
				5D9C6BCF276CC83900BAAEA6 /* PlayerWLCell.swift in Sources */,
				5D9C6BCE276CC83900BAAEA6 /* PlayerMainInfoCell.swift in Sources */,
				CE72264D276CC21000ED1F95 /* ConstanceStorage.swift in Sources */,
				98FFE37E276D000900C3839D /* TeamMatchesInfo.swift in Sources */,
				300FC9F42762237900A7A0EF /* NetworkClient.swift in Sources */,
				5E3988E4276B619B00A3E54C /* TeamPlayers.swift in Sources */,
				98FFE359276B787700C3839D /* TeamInfoModulePresenter.swift in Sources */,
				5D25187D2769029E0005374B /* AppCoordinator.swift in Sources */,
				5D25186F2768BEA70005374B /* MatchesModuleViewState.swift in Sources */,
				5D9C6BC1276CC82700BAAEA6 /* PlayerWLViewState.swift in Sources */,
				98FFE370276BBB5700C3839D /* TeamInfoModuleConverter.swift in Sources */,
				300FC9F82762304300A7A0EF /* HTTPMethod.swift in Sources */,
				6035383B2766619800CC32AD /* SearchPlayerTableViewCell.swift in Sources */,
				CEFEF69C276A28E800CAE93B /* MatchesInfoModuleState.swift in Sources */,
				98FFE366276BB50200C3839D /* TeamInfoTableViewCellData.swift in Sources */,
				98FFE364276BB49C00C3839D /* TeamInfoTableViewCellType.swift in Sources */,
				98FFE350276B409800C3839D /* TeamMatches.swift in Sources */,
				300FCA0127623F0A00A7A0EF /* HTTPNetworkResponse.swift in Sources */,
				307F5CA7276C9080000B6548 /* RegionsService.swift in Sources */,
				5D2518662768BE8F0005374B /* ListTournamentsCell.swift in Sources */,
				CEFEF6AD276A2B7B00CAE93B /* TeamMatchInfoTableViewCell.swift in Sources */,
				CEFEF6B1276A2B7B00CAE93B /* MainMatchInfoTableViewCell.swift in Sources */,
				CEFEF6AB276A2B7B00CAE93B /* MatchInfoViewController.swift in Sources */,
				5D9C6BBF276CC82700BAAEA6 /* PlayerInfoModulePresenterState.swift in Sources */,
				5D25186D2768BEA70005374B /* MatchesModulePresenterState.swift in Sources */,
				5D9C6BD3276CC83900BAAEA6 /* PlayerTableViewCellData.swift in Sources */,
				F09C5B4B276B3DC100413011 /* TeamsService.swift in Sources */,
				F09C5B4D276B3E5500413011 /* TeamResult.swift in Sources */,
				EC4E6FA92764C85E0085B61D /* NetworkService.swift in Sources */,
				CEFEF69B276A28E800CAE93B /* MatchTableViewData.swift in Sources */,
				30B40F2A276B2D9F00B22DCC /* MatchEventType.swift in Sources */,
				F01B49102769390800103100 /* TeamsCell.swift in Sources */,
				300FC9FA2762334900A7A0EF /* HTTPError.swift in Sources */,
				CEFEF698276A28E800CAE93B /* MatchInfoModulePresenter.swift in Sources */,
				837AED9D27690ADB0009589E /* SearchPlayerModuleViewState.swift in Sources */,
				5D9C6B8D276CBF6200BAAEA6 /* HeroImage.swift in Sources */,
				5D9C6BD0276CC83900BAAEA6 /* RecentMatchesHeader.swift in Sources */,
				3C40C18B276D8E5500BE430F /* Heroes.swift in Sources */,
				CEFEF6AC276A2B7B00CAE93B /* DetailedMatchInfoCellConfigurable.swift in Sources */,
				B61F59492760A4FB00D08CEA /* AppDelegate.swift in Sources */,
				F0153D8D276D206A00D26E12 /* Extensions.swift in Sources */,
				5D9C6BC2276CC82700BAAEA6 /* PlayerInfoModuleViewState.swift in Sources */,
				EC1415FC2767797400715D00 /* CachedImageView.swift in Sources */,
				EA852117FB5669A545C9F8B4 /* MatchDetail.swift in Sources */,
				CEFEF6AF276A2B7B00CAE93B /* MatchPlayerCell.swift in Sources */,
				CEFEF697276A28E800CAE93B /* MatchInfoConverter.swift in Sources */,
				EA8522C781197B1ACBBE601B /* Players.swift in Sources */,
				EC4E6FAB2764CCE10085B61D /* NetworkClientImp.swift in Sources */,
				303AC4E22767873E00A8C462 /* PlayerSearchService.swift in Sources */,
				98FFE374276C8D5900C3839D /* CurrentPlayersTableViewCell.swift in Sources */,
				5D25186E2768BEA70005374B /* MatchCollectionPresenterData.swift in Sources */,
				ECAA0D052764ED8B00DF81ED /* MatchesService.swift in Sources */,
				3CFB2998276D26DA002AAA54 /* PlotGpmInfo.swift in Sources */,
				5D9C6BC0276CC82700BAAEA6 /* PlayerMatchViewState.swift in Sources */,
				5D9C6BD2276CC83900BAAEA6 /* PlayerMatchCell.swift in Sources */,
				F09C5B45276B29CD00413011 /* TeamShortInfo.swift in Sources */,
				98FFE368276BB5D100C3839D /* TeamMainInfo.swift in Sources */,
				6035383F2767459500CC32AD /* ErrorView.swift in Sources */,
				3CFB2996276D1FAE002AAA54 /* PlotGpmTableViewCell.swift in Sources */,
				307F5CAB276CB61B000B6548 /* PreferredDataViewModePickerCell.swift in Sources */,
				CEFEF6A0276A28E800CAE93B /* MatchTableViewCellType.swift in Sources */,
				CEFEF69A276A28E800CAE93B /* AdditionalMatchInfo.swift in Sources */,
				5ED64A922764D57500E4CF5B /* MainTabBarController.swift in Sources */,
				CEFEF6B0276A2B7B00CAE93B /* CopyIdButton.swift in Sources */,
				F0DF32A32767850C004670C0 /* PlayerInfoFromSearch.swift in Sources */,
				EC4E6FA12764C8550085B61D /* TeamsModulePresenter.swift in Sources */,
				98FFE35B276B7A8D00C3839D /* TeamInfoModuleBuilder.swift in Sources */,
				837AED9E27690ADB0009589E /* SearchPlayerModulePresenterState.swift in Sources */,
				30B40F24276A2C8C00B22DCC /* MatchEvent.swift in Sources */,
				98FFE36C276BB6E200C3839D /* TeamButtonsInfoTableViewCell.swift in Sources */,
				F01B49072768C37200103100 /* SearchPlayerResult.swift in Sources */,
				5D9C6B8F276CBF7500BAAEA6 /* GameMode.swift in Sources */,
				F09C5B78276CDA4100413011 /* CustomNavigationController.swift in Sources */,
				CEFEF69D276A28E800CAE93B /* MatchTableViewCellData.swift in Sources */,
				303AC4E72767933700A8C462 /* DateFormatterExtension.swift in Sources */,
				F09C5B41276A2ED100413011 /* TeamsHeaderView.swift in Sources */,
				5D9C6BD4276CC83900BAAEA6 /* PlayerInfoCellConfigurable.swift in Sources */,
				CEFEF69E276A28E800CAE93B /* MainMatchInfo.swift in Sources */,
				F09C5B74276C820C00413011 /* SquareLoadingView.swift in Sources */,
				EA8525C10313780ABFC01843 /* Match.swift in Sources */,
				837AED9F27690C530009589E /* SearchPlayerModuleBuilder.swift in Sources */,
				EC4E6F8D2764C8250085B61D /* ColorPalette.swift in Sources */,
			);
			runOnlyForDeploymentPostprocessing = 0;
		};
/* End PBXSourcesBuildPhase section */

/* Begin PBXTargetDependency section */
		300FCA0D27625B8500A7A0EF /* PBXTargetDependency */ = {
			isa = PBXTargetDependency;
			target = B61F59442760A4FB00D08CEA /* DotaStats */;
			targetProxy = 300FCA0C27625B8500A7A0EF /* PBXContainerItemProxy */;
		};
/* End PBXTargetDependency section */

/* Begin PBXVariantGroup section */
		B61F59532760A4FD00D08CEA /* LaunchScreen.storyboard */ = {
			isa = PBXVariantGroup;
			children = (
				B61F59542760A4FD00D08CEA /* Base */,
			);
			name = LaunchScreen.storyboard;
			sourceTree = "<group>";
		};
/* End PBXVariantGroup section */

/* Begin XCBuildConfiguration section */
		300FCA0E27625B8500A7A0EF /* Debug */ = {
			isa = XCBuildConfiguration;
			buildSettings = {
				BUNDLE_LOADER = "$(TEST_HOST)";
				CODE_SIGN_STYLE = Automatic;
				CURRENT_PROJECT_VERSION = 1;
				GENERATE_INFOPLIST_FILE = YES;
				LD_RUNPATH_SEARCH_PATHS = (
					"$(inherited)",
					"@executable_path/Frameworks",
					"@loader_path/Frameworks",
				);
				MARKETING_VERSION = 1.0;
				PRODUCT_BUNDLE_IDENTIFIER = "com.delet-dis.DotaStatsTests";
				PRODUCT_NAME = "$(TARGET_NAME)";
				SWIFT_EMIT_LOC_STRINGS = NO;
				SWIFT_VERSION = 5.0;
				TARGETED_DEVICE_FAMILY = "1,2";
				TEST_HOST = "$(BUILT_PRODUCTS_DIR)/DotaStats.app/DotaStats";
			};
			name = Debug;
		};
		300FCA0F27625B8500A7A0EF /* Release */ = {
			isa = XCBuildConfiguration;
			buildSettings = {
				BUNDLE_LOADER = "$(TEST_HOST)";
				CODE_SIGN_STYLE = Automatic;
				CURRENT_PROJECT_VERSION = 1;
				GENERATE_INFOPLIST_FILE = YES;
				LD_RUNPATH_SEARCH_PATHS = (
					"$(inherited)",
					"@executable_path/Frameworks",
					"@loader_path/Frameworks",
				);
				MARKETING_VERSION = 1.0;
				PRODUCT_BUNDLE_IDENTIFIER = "com.delet-dis.DotaStatsTests";
				PRODUCT_NAME = "$(TARGET_NAME)";
				SWIFT_EMIT_LOC_STRINGS = NO;
				SWIFT_VERSION = 5.0;
				TARGETED_DEVICE_FAMILY = "1,2";
				TEST_HOST = "$(BUILT_PRODUCTS_DIR)/DotaStats.app/DotaStats";
			};
			name = Release;
		};
		B61F59572760A4FD00D08CEA /* Debug */ = {
			isa = XCBuildConfiguration;
			buildSettings = {
				ALWAYS_SEARCH_USER_PATHS = NO;
				CLANG_ANALYZER_NONNULL = YES;
				CLANG_ANALYZER_NUMBER_OBJECT_CONVERSION = YES_AGGRESSIVE;
				CLANG_CXX_LANGUAGE_STANDARD = "gnu++17";
				CLANG_CXX_LIBRARY = "libc++";
				CLANG_ENABLE_MODULES = YES;
				CLANG_ENABLE_OBJC_ARC = YES;
				CLANG_ENABLE_OBJC_WEAK = YES;
				CLANG_WARN_BLOCK_CAPTURE_AUTORELEASING = YES;
				CLANG_WARN_BOOL_CONVERSION = YES;
				CLANG_WARN_COMMA = YES;
				CLANG_WARN_CONSTANT_CONVERSION = YES;
				CLANG_WARN_DEPRECATED_OBJC_IMPLEMENTATIONS = YES;
				CLANG_WARN_DIRECT_OBJC_ISA_USAGE = YES_ERROR;
				CLANG_WARN_DOCUMENTATION_COMMENTS = YES;
				CLANG_WARN_EMPTY_BODY = YES;
				CLANG_WARN_ENUM_CONVERSION = YES;
				CLANG_WARN_INFINITE_RECURSION = YES;
				CLANG_WARN_INT_CONVERSION = YES;
				CLANG_WARN_NON_LITERAL_NULL_CONVERSION = YES;
				CLANG_WARN_OBJC_IMPLICIT_RETAIN_SELF = YES;
				CLANG_WARN_OBJC_LITERAL_CONVERSION = YES;
				CLANG_WARN_OBJC_ROOT_CLASS = YES_ERROR;
				CLANG_WARN_QUOTED_INCLUDE_IN_FRAMEWORK_HEADER = YES;
				CLANG_WARN_RANGE_LOOP_ANALYSIS = YES;
				CLANG_WARN_STRICT_PROTOTYPES = YES;
				CLANG_WARN_SUSPICIOUS_MOVE = YES;
				CLANG_WARN_UNGUARDED_AVAILABILITY = YES_AGGRESSIVE;
				CLANG_WARN_UNREACHABLE_CODE = YES;
				CLANG_WARN__DUPLICATE_METHOD_MATCH = YES;
				COPY_PHASE_STRIP = NO;
				DEBUG_INFORMATION_FORMAT = dwarf;
				ENABLE_STRICT_OBJC_MSGSEND = YES;
				ENABLE_TESTABILITY = YES;
				GCC_C_LANGUAGE_STANDARD = gnu11;
				GCC_DYNAMIC_NO_PIC = NO;
				GCC_NO_COMMON_BLOCKS = YES;
				GCC_OPTIMIZATION_LEVEL = 0;
				GCC_PREPROCESSOR_DEFINITIONS = (
					"DEBUG=1",
					"$(inherited)",
				);
				GCC_WARN_64_TO_32_BIT_CONVERSION = YES;
				GCC_WARN_ABOUT_RETURN_TYPE = YES_ERROR;
				GCC_WARN_UNDECLARED_SELECTOR = YES;
				GCC_WARN_UNINITIALIZED_AUTOS = YES_AGGRESSIVE;
				GCC_WARN_UNUSED_FUNCTION = YES;
				GCC_WARN_UNUSED_VARIABLE = YES;
				IPHONEOS_DEPLOYMENT_TARGET = 15.0;
				MTL_ENABLE_DEBUG_INFO = INCLUDE_SOURCE;
				MTL_FAST_MATH = YES;
				ONLY_ACTIVE_ARCH = YES;
				SDKROOT = iphoneos;
				SWIFT_ACTIVE_COMPILATION_CONDITIONS = DEBUG;
				SWIFT_OPTIMIZATION_LEVEL = "-Onone";
			};
			name = Debug;
		};
		B61F59582760A4FD00D08CEA /* Release */ = {
			isa = XCBuildConfiguration;
			buildSettings = {
				ALWAYS_SEARCH_USER_PATHS = NO;
				CLANG_ANALYZER_NONNULL = YES;
				CLANG_ANALYZER_NUMBER_OBJECT_CONVERSION = YES_AGGRESSIVE;
				CLANG_CXX_LANGUAGE_STANDARD = "gnu++17";
				CLANG_CXX_LIBRARY = "libc++";
				CLANG_ENABLE_MODULES = YES;
				CLANG_ENABLE_OBJC_ARC = YES;
				CLANG_ENABLE_OBJC_WEAK = YES;
				CLANG_WARN_BLOCK_CAPTURE_AUTORELEASING = YES;
				CLANG_WARN_BOOL_CONVERSION = YES;
				CLANG_WARN_COMMA = YES;
				CLANG_WARN_CONSTANT_CONVERSION = YES;
				CLANG_WARN_DEPRECATED_OBJC_IMPLEMENTATIONS = YES;
				CLANG_WARN_DIRECT_OBJC_ISA_USAGE = YES_ERROR;
				CLANG_WARN_DOCUMENTATION_COMMENTS = YES;
				CLANG_WARN_EMPTY_BODY = YES;
				CLANG_WARN_ENUM_CONVERSION = YES;
				CLANG_WARN_INFINITE_RECURSION = YES;
				CLANG_WARN_INT_CONVERSION = YES;
				CLANG_WARN_NON_LITERAL_NULL_CONVERSION = YES;
				CLANG_WARN_OBJC_IMPLICIT_RETAIN_SELF = YES;
				CLANG_WARN_OBJC_LITERAL_CONVERSION = YES;
				CLANG_WARN_OBJC_ROOT_CLASS = YES_ERROR;
				CLANG_WARN_QUOTED_INCLUDE_IN_FRAMEWORK_HEADER = YES;
				CLANG_WARN_RANGE_LOOP_ANALYSIS = YES;
				CLANG_WARN_STRICT_PROTOTYPES = YES;
				CLANG_WARN_SUSPICIOUS_MOVE = YES;
				CLANG_WARN_UNGUARDED_AVAILABILITY = YES_AGGRESSIVE;
				CLANG_WARN_UNREACHABLE_CODE = YES;
				CLANG_WARN__DUPLICATE_METHOD_MATCH = YES;
				COPY_PHASE_STRIP = NO;
				DEBUG_INFORMATION_FORMAT = "dwarf-with-dsym";
				ENABLE_NS_ASSERTIONS = NO;
				ENABLE_STRICT_OBJC_MSGSEND = YES;
				GCC_C_LANGUAGE_STANDARD = gnu11;
				GCC_NO_COMMON_BLOCKS = YES;
				GCC_WARN_64_TO_32_BIT_CONVERSION = YES;
				GCC_WARN_ABOUT_RETURN_TYPE = YES_ERROR;
				GCC_WARN_UNDECLARED_SELECTOR = YES;
				GCC_WARN_UNINITIALIZED_AUTOS = YES_AGGRESSIVE;
				GCC_WARN_UNUSED_FUNCTION = YES;
				GCC_WARN_UNUSED_VARIABLE = YES;
				IPHONEOS_DEPLOYMENT_TARGET = 15.0;
				MTL_ENABLE_DEBUG_INFO = NO;
				MTL_FAST_MATH = YES;
				SDKROOT = iphoneos;
				SWIFT_COMPILATION_MODE = wholemodule;
				SWIFT_OPTIMIZATION_LEVEL = "-O";
				VALIDATE_PRODUCT = YES;
			};
			name = Release;
		};
		B61F595A2760A4FD00D08CEA /* Debug */ = {
			isa = XCBuildConfiguration;
			buildSettings = {
				ASSETCATALOG_COMPILER_APPICON_NAME = AppIcon;
				ASSETCATALOG_COMPILER_GLOBAL_ACCENT_COLOR_NAME = AccentColor;
				CODE_SIGN_STYLE = Automatic;
				CURRENT_PROJECT_VERSION = 1;
				DEVELOPMENT_TEAM = NY38MY3TDQ;
				GENERATE_INFOPLIST_FILE = YES;
				INFOPLIST_FILE = DotaStats/Info.plist;
				INFOPLIST_KEY_UIApplicationSupportsIndirectInputEvents = YES;
				INFOPLIST_KEY_UILaunchStoryboardName = LaunchScreen;
				INFOPLIST_KEY_UISupportedInterfaceOrientations = UIInterfaceOrientationPortrait;
				INFOPLIST_KEY_UISupportedInterfaceOrientations_iPad = "UIInterfaceOrientationPortrait UIInterfaceOrientationPortraitUpsideDown UIInterfaceOrientationLandscapeLeft UIInterfaceOrientationLandscapeRight";
				INFOPLIST_KEY_UISupportedInterfaceOrientations_iPhone = "UIInterfaceOrientationPortrait UIInterfaceOrientationLandscapeLeft UIInterfaceOrientationLandscapeRight";
				IPHONEOS_DEPLOYMENT_TARGET = 15.0;
				LD_RUNPATH_SEARCH_PATHS = (
					"$(inherited)",
					"@executable_path/Frameworks",
				);
				MARKETING_VERSION = 1.0;
				PRODUCT_BUNDLE_IDENTIFIER = "just-evseev.DotaStats";
				PRODUCT_NAME = "$(TARGET_NAME)";
				SWIFT_EMIT_LOC_STRINGS = YES;
				SWIFT_VERSION = 5.0;
				TARGETED_DEVICE_FAMILY = 1;
			};
			name = Debug;
		};
		B61F595B2760A4FD00D08CEA /* Release */ = {
			isa = XCBuildConfiguration;
			buildSettings = {
				ASSETCATALOG_COMPILER_APPICON_NAME = AppIcon;
				ASSETCATALOG_COMPILER_GLOBAL_ACCENT_COLOR_NAME = AccentColor;
				CODE_SIGN_STYLE = Automatic;
				CURRENT_PROJECT_VERSION = 1;
				DEVELOPMENT_TEAM = NY38MY3TDQ;
				GENERATE_INFOPLIST_FILE = YES;
				INFOPLIST_FILE = DotaStats/Info.plist;
				INFOPLIST_KEY_UIApplicationSupportsIndirectInputEvents = YES;
				INFOPLIST_KEY_UILaunchStoryboardName = LaunchScreen;
				INFOPLIST_KEY_UISupportedInterfaceOrientations = UIInterfaceOrientationPortrait;
				INFOPLIST_KEY_UISupportedInterfaceOrientations_iPad = "UIInterfaceOrientationPortrait UIInterfaceOrientationPortraitUpsideDown UIInterfaceOrientationLandscapeLeft UIInterfaceOrientationLandscapeRight";
				INFOPLIST_KEY_UISupportedInterfaceOrientations_iPhone = "UIInterfaceOrientationPortrait UIInterfaceOrientationLandscapeLeft UIInterfaceOrientationLandscapeRight";
				IPHONEOS_DEPLOYMENT_TARGET = 15.0;
				LD_RUNPATH_SEARCH_PATHS = (
					"$(inherited)",
					"@executable_path/Frameworks",
				);
				MARKETING_VERSION = 1.0;
				PRODUCT_BUNDLE_IDENTIFIER = "just-evseev.DotaStats";
				PRODUCT_NAME = "$(TARGET_NAME)";
				SWIFT_EMIT_LOC_STRINGS = YES;
				SWIFT_VERSION = 5.0;
				TARGETED_DEVICE_FAMILY = 1;
			};
			name = Release;
		};
/* End XCBuildConfiguration section */

/* Begin XCConfigurationList section */
		300FCA1027625B8500A7A0EF /* Build configuration list for PBXNativeTarget "DotaStatsTests" */ = {
			isa = XCConfigurationList;
			buildConfigurations = (
				300FCA0E27625B8500A7A0EF /* Debug */,
				300FCA0F27625B8500A7A0EF /* Release */,
			);
			defaultConfigurationIsVisible = 0;
			defaultConfigurationName = Release;
		};
		B61F59402760A4FB00D08CEA /* Build configuration list for PBXProject "DotaStats" */ = {
			isa = XCConfigurationList;
			buildConfigurations = (
				B61F59572760A4FD00D08CEA /* Debug */,
				B61F59582760A4FD00D08CEA /* Release */,
			);
			defaultConfigurationIsVisible = 0;
			defaultConfigurationName = Release;
		};
		B61F59592760A4FD00D08CEA /* Build configuration list for PBXNativeTarget "DotaStats" */ = {
			isa = XCConfigurationList;
			buildConfigurations = (
				B61F595A2760A4FD00D08CEA /* Debug */,
				B61F595B2760A4FD00D08CEA /* Release */,
			);
			defaultConfigurationIsVisible = 0;
			defaultConfigurationName = Release;
		};
/* End XCConfigurationList section */
	};
	rootObject = B61F593D2760A4FB00D08CEA /* Project object */;
}
